// !$*UTF8*$!
{
	archiveVersion = 1;
	classes = {
	};
	objectVersion = 46;
	objects = {

/* Begin PBXBuildFile section */
		4C35E3D51BE1532300A603AF /* Core_DetectionTests.m in Sources */ = {isa = PBXBuildFile; fileRef = 4C35E3D41BE1532300A603AF /* Core_DetectionTests.m */; };
		4C35E4051BE153B800A603AF /* AppDelegate.m in Sources */ = {isa = PBXBuildFile; fileRef = 4C35E3FB1BE153B800A603AF /* AppDelegate.m */; };
		4C35E4061BE153B800A603AF /* AppDelegate.m in Sources */ = {isa = PBXBuildFile; fileRef = 4C35E3FB1BE153B800A603AF /* AppDelegate.m */; };
		4C35E4071BE153B800A603AF /* Assets.xcassets in Resources */ = {isa = PBXBuildFile; fileRef = 4C35E3FC1BE153B800A603AF /* Assets.xcassets */; };
		4C35E4081BE153B800A603AF /* Assets.xcassets in Resources */ = {isa = PBXBuildFile; fileRef = 4C35E3FC1BE153B800A603AF /* Assets.xcassets */; };
		4C35E4091BE153B800A603AF /* LaunchScreen.storyboard in Resources */ = {isa = PBXBuildFile; fileRef = 4C35E3FD1BE153B800A603AF /* LaunchScreen.storyboard */; };
		4C35E40A1BE153B800A603AF /* LaunchScreen.storyboard in Resources */ = {isa = PBXBuildFile; fileRef = 4C35E3FD1BE153B800A603AF /* LaunchScreen.storyboard */; };
		4C35E40B1BE153B800A603AF /* Main.storyboard in Resources */ = {isa = PBXBuildFile; fileRef = 4C35E3FF1BE153B800A603AF /* Main.storyboard */; };
		4C35E40C1BE153B800A603AF /* Main.storyboard in Resources */ = {isa = PBXBuildFile; fileRef = 4C35E3FF1BE153B800A603AF /* Main.storyboard */; };
		4C35E40E1BE153B800A603AF /* Info.plist in Resources */ = {isa = PBXBuildFile; fileRef = 4C35E4011BE153B800A603AF /* Info.plist */; };
		4C35E40F1BE153B800A603AF /* main.m in Sources */ = {isa = PBXBuildFile; fileRef = 4C35E4021BE153B800A603AF /* main.m */; };
		4C35E4101BE153B800A603AF /* main.m in Sources */ = {isa = PBXBuildFile; fileRef = 4C35E4021BE153B800A603AF /* main.m */; };
		4C35E4111BE153B800A603AF /* ViewController.m in Sources */ = {isa = PBXBuildFile; fileRef = 4C35E4041BE153B800A603AF /* ViewController.m */; };
		4C35E4121BE153B800A603AF /* ViewController.m in Sources */ = {isa = PBXBuildFile; fileRef = 4C35E4041BE153B800A603AF /* ViewController.m */; };
		4C35E4C31BE153C600A603AF /* Sentegrity_Assertion_Store+Helper.m in Sources */ = {isa = PBXBuildFile; fileRef = 4C35E4161BE153C600A603AF /* Sentegrity_Assertion_Store+Helper.m */; };
		4C35E4C41BE153C600A603AF /* Sentegrity_Assertion_Store+Helper.m in Sources */ = {isa = PBXBuildFile; fileRef = 4C35E4161BE153C600A603AF /* Sentegrity_Assertion_Store+Helper.m */; };
		4C35E4C51BE153C600A603AF /* Sentegrity_Assertion_Store.m in Sources */ = {isa = PBXBuildFile; fileRef = 4C35E4181BE153C600A603AF /* Sentegrity_Assertion_Store.m */; };
		4C35E4C61BE153C600A603AF /* Sentegrity_Assertion_Store.m in Sources */ = {isa = PBXBuildFile; fileRef = 4C35E4181BE153C600A603AF /* Sentegrity_Assertion_Store.m */; };
		4C35E4C71BE153C600A603AF /* Sentegrity_Stored_Assertion.m in Sources */ = {isa = PBXBuildFile; fileRef = 4C35E41A1BE153C600A603AF /* Sentegrity_Stored_Assertion.m */; };
		4C35E4C81BE153C600A603AF /* Sentegrity_Stored_Assertion.m in Sources */ = {isa = PBXBuildFile; fileRef = 4C35E41A1BE153C600A603AF /* Sentegrity_Stored_Assertion.m */; };
		4C35E4C91BE153C600A603AF /* Sentegrity_Stored_TrustFactor_Object.m in Sources */ = {isa = PBXBuildFile; fileRef = 4C35E41C1BE153C600A603AF /* Sentegrity_Stored_TrustFactor_Object.m */; };
		4C35E4CA1BE153C600A603AF /* Sentegrity_Stored_TrustFactor_Object.m in Sources */ = {isa = PBXBuildFile; fileRef = 4C35E41C1BE153C600A603AF /* Sentegrity_Stored_TrustFactor_Object.m */; };
		4C35E4CB1BE153C600A603AF /* Sentegrity_TrustFactor_Output_Object.m in Sources */ = {isa = PBXBuildFile; fileRef = 4C35E41E1BE153C600A603AF /* Sentegrity_TrustFactor_Output_Object.m */; };
		4C35E4CC1BE153C600A603AF /* Sentegrity_TrustFactor_Output_Object.m in Sources */ = {isa = PBXBuildFile; fileRef = 4C35E41E1BE153C600A603AF /* Sentegrity_TrustFactor_Output_Object.m */; };
		4C35E4CD1BE153C600A603AF /* Sentegrity_TrustFactor_Storage.m in Sources */ = {isa = PBXBuildFile; fileRef = 4C35E4201BE153C600A603AF /* Sentegrity_TrustFactor_Storage.m */; };
		4C35E4CE1BE153C600A603AF /* Sentegrity_TrustFactor_Storage.m in Sources */ = {isa = PBXBuildFile; fileRef = 4C35E4201BE153C600A603AF /* Sentegrity_TrustFactor_Storage.m */; };
		4C35E4CF1BE153C600A603AF /* Sentegrity_Baseline_Analysis.m in Sources */ = {isa = PBXBuildFile; fileRef = 4C35E4231BE153C600A603AF /* Sentegrity_Baseline_Analysis.m */; };
		4C35E4D01BE153C600A603AF /* Sentegrity_Baseline_Analysis.m in Sources */ = {isa = PBXBuildFile; fileRef = 4C35E4231BE153C600A603AF /* Sentegrity_Baseline_Analysis.m */; };
		4C35E4D11BE153C600A603AF /* CoreDetection.m in Sources */ = {isa = PBXBuildFile; fileRef = 4C35E4251BE153C600A603AF /* CoreDetection.m */; };
		4C35E4D21BE153C600A603AF /* CoreDetection.m in Sources */ = {isa = PBXBuildFile; fileRef = 4C35E4251BE153C600A603AF /* CoreDetection.m */; };
		4C35E4D31BE153C600A603AF /* Sentegrity_TrustFactor_Dispatcher.m in Sources */ = {isa = PBXBuildFile; fileRef = 4C35E4281BE153C600A603AF /* Sentegrity_TrustFactor_Dispatcher.m */; };
		4C35E4D41BE153C600A603AF /* Sentegrity_TrustFactor_Dispatcher.m in Sources */ = {isa = PBXBuildFile; fileRef = 4C35E4281BE153C600A603AF /* Sentegrity_TrustFactor_Dispatcher.m */; };
		4C35E4D51BE153C600A603AF /* MDBluetoothDevice.m in Sources */ = {isa = PBXBuildFile; fileRef = 4C35E45A1BE153C600A603AF /* MDBluetoothDevice.m */; };
		4C35E4D61BE153C600A603AF /* MDBluetoothDevice.m in Sources */ = {isa = PBXBuildFile; fileRef = 4C35E45A1BE153C600A603AF /* MDBluetoothDevice.m */; };
		4C35E4D71BE153C600A603AF /* MDBluetoothManager.m in Sources */ = {isa = PBXBuildFile; fileRef = 4C35E45C1BE153C600A603AF /* MDBluetoothManager.m */; };
		4C35E4D81BE153C600A603AF /* MDBluetoothManager.m in Sources */ = {isa = PBXBuildFile; fileRef = 4C35E45C1BE153C600A603AF /* MDBluetoothManager.m */; };
		4C35E4D91BE153C600A603AF /* ActiveConnection.m in Sources */ = {isa = PBXBuildFile; fileRef = 4C35E4601BE153C600A603AF /* ActiveConnection.m */; };
		4C35E4DA1BE153C600A603AF /* ActiveConnection.m in Sources */ = {isa = PBXBuildFile; fileRef = 4C35E4601BE153C600A603AF /* ActiveConnection.m */; };
		4C35E4DB1BE153C600A603AF /* ActiveProcess.m in Sources */ = {isa = PBXBuildFile; fileRef = 4C35E4621BE153C600A603AF /* ActiveProcess.m */; };
		4C35E4DC1BE153C600A603AF /* ActiveProcess.m in Sources */ = {isa = PBXBuildFile; fileRef = 4C35E4621BE153C600A603AF /* ActiveProcess.m */; };
		4C35E4DD1BE153C600A603AF /* ActiveRoute.m in Sources */ = {isa = PBXBuildFile; fileRef = 4C35E4641BE153C600A603AF /* ActiveRoute.m */; };
		4C35E4DE1BE153C600A603AF /* ActiveRoute.m in Sources */ = {isa = PBXBuildFile; fileRef = 4C35E4641BE153C600A603AF /* ActiveRoute.m */; };
		4C35E4DF1BE153C600A603AF /* Sentegrity_TrustFactor_Dataset_Application.m in Sources */ = {isa = PBXBuildFile; fileRef = 4C35E4661BE153C600A603AF /* Sentegrity_TrustFactor_Dataset_Application.m */; };
		4C35E4E01BE153C600A603AF /* Sentegrity_TrustFactor_Dataset_Application.m in Sources */ = {isa = PBXBuildFile; fileRef = 4C35E4661BE153C600A603AF /* Sentegrity_TrustFactor_Dataset_Application.m */; };
		4C35E4E11BE153C600A603AF /* Sentegrity_TrustFactor_Dataset_Cell.m in Sources */ = {isa = PBXBuildFile; fileRef = 4C35E4681BE153C600A603AF /* Sentegrity_TrustFactor_Dataset_Cell.m */; };
		4C35E4E21BE153C600A603AF /* Sentegrity_TrustFactor_Dataset_Cell.m in Sources */ = {isa = PBXBuildFile; fileRef = 4C35E4681BE153C600A603AF /* Sentegrity_TrustFactor_Dataset_Cell.m */; };
		4C35E4E31BE153C600A603AF /* Sentegrity_TrustFactor_Dataset_CPU.m in Sources */ = {isa = PBXBuildFile; fileRef = 4C35E46A1BE153C600A603AF /* Sentegrity_TrustFactor_Dataset_CPU.m */; };
		4C35E4E41BE153C600A603AF /* Sentegrity_TrustFactor_Dataset_CPU.m in Sources */ = {isa = PBXBuildFile; fileRef = 4C35E46A1BE153C600A603AF /* Sentegrity_TrustFactor_Dataset_CPU.m */; };
		4C35E4E51BE153C600A603AF /* Sentegrity_TrustFactor_Dataset_Location.m in Sources */ = {isa = PBXBuildFile; fileRef = 4C35E46C1BE153C600A603AF /* Sentegrity_TrustFactor_Dataset_Location.m */; };
		4C35E4E61BE153C600A603AF /* Sentegrity_TrustFactor_Dataset_Location.m in Sources */ = {isa = PBXBuildFile; fileRef = 4C35E46C1BE153C600A603AF /* Sentegrity_TrustFactor_Dataset_Location.m */; };
		4C35E4E71BE153C600A603AF /* Sentegrity_TrustFactor_Dataset_Motion.m in Sources */ = {isa = PBXBuildFile; fileRef = 4C35E46E1BE153C600A603AF /* Sentegrity_TrustFactor_Dataset_Motion.m */; };
		4C35E4E81BE153C600A603AF /* Sentegrity_TrustFactor_Dataset_Motion.m in Sources */ = {isa = PBXBuildFile; fileRef = 4C35E46E1BE153C600A603AF /* Sentegrity_TrustFactor_Dataset_Motion.m */; };
		4C35E4E91BE153C600A603AF /* Sentegrity_TrustFactor_Dataset_Netstat.m in Sources */ = {isa = PBXBuildFile; fileRef = 4C35E4701BE153C600A603AF /* Sentegrity_TrustFactor_Dataset_Netstat.m */; };
		4C35E4EA1BE153C600A603AF /* Sentegrity_TrustFactor_Dataset_Netstat.m in Sources */ = {isa = PBXBuildFile; fileRef = 4C35E4701BE153C600A603AF /* Sentegrity_TrustFactor_Dataset_Netstat.m */; };
		4C35E4EB1BE153C600A603AF /* Sentegrity_TrustFactor_Dataset_Process.m in Sources */ = {isa = PBXBuildFile; fileRef = 4C35E4721BE153C600A603AF /* Sentegrity_TrustFactor_Dataset_Process.m */; };
		4C35E4EC1BE153C600A603AF /* Sentegrity_TrustFactor_Dataset_Process.m in Sources */ = {isa = PBXBuildFile; fileRef = 4C35E4721BE153C600A603AF /* Sentegrity_TrustFactor_Dataset_Process.m */; };
		4C35E4ED1BE153C600A603AF /* Sentegrity_TrustFactor_Dataset_Routes.m in Sources */ = {isa = PBXBuildFile; fileRef = 4C35E4741BE153C600A603AF /* Sentegrity_TrustFactor_Dataset_Routes.m */; };
		4C35E4EE1BE153C600A603AF /* Sentegrity_TrustFactor_Dataset_Routes.m in Sources */ = {isa = PBXBuildFile; fileRef = 4C35E4741BE153C600A603AF /* Sentegrity_TrustFactor_Dataset_Routes.m */; };
		4C35E4EF1BE153C600A603AF /* Sentegrity_TrustFactor_Dataset_Wifi.m in Sources */ = {isa = PBXBuildFile; fileRef = 4C35E4761BE153C600A603AF /* Sentegrity_TrustFactor_Dataset_Wifi.m */; };
		4C35E4F01BE153C600A603AF /* Sentegrity_TrustFactor_Dataset_Wifi.m in Sources */ = {isa = PBXBuildFile; fileRef = 4C35E4761BE153C600A603AF /* Sentegrity_TrustFactor_Dataset_Wifi.m */; };
		4C35E4F11BE153C600A603AF /* TrustFactor_Dispatch_Activity.m in Sources */ = {isa = PBXBuildFile; fileRef = 4C35E4791BE153C600A603AF /* TrustFactor_Dispatch_Activity.m */; };
		4C35E4F21BE153C600A603AF /* TrustFactor_Dispatch_Activity.m in Sources */ = {isa = PBXBuildFile; fileRef = 4C35E4791BE153C600A603AF /* TrustFactor_Dispatch_Activity.m */; };
		4C35E4F31BE153C600A603AF /* TrustFactor_Dispatch_Application.m in Sources */ = {isa = PBXBuildFile; fileRef = 4C35E47B1BE153C600A603AF /* TrustFactor_Dispatch_Application.m */; };
		4C35E4F41BE153C600A603AF /* TrustFactor_Dispatch_Application.m in Sources */ = {isa = PBXBuildFile; fileRef = 4C35E47B1BE153C600A603AF /* TrustFactor_Dispatch_Application.m */; };
		4C35E4F51BE153C600A603AF /* TrustFactor_Dispatch_Bluetooth.m in Sources */ = {isa = PBXBuildFile; fileRef = 4C35E47D1BE153C600A603AF /* TrustFactor_Dispatch_Bluetooth.m */; };
		4C35E4F61BE153C600A603AF /* TrustFactor_Dispatch_Bluetooth.m in Sources */ = {isa = PBXBuildFile; fileRef = 4C35E47D1BE153C600A603AF /* TrustFactor_Dispatch_Bluetooth.m */; };
		4C35E4F71BE153C600A603AF /* TrustFactor_Dispatch_Celluar.m in Sources */ = {isa = PBXBuildFile; fileRef = 4C35E47F1BE153C600A603AF /* TrustFactor_Dispatch_Celluar.m */; };
		4C35E4F81BE153C600A603AF /* TrustFactor_Dispatch_Celluar.m in Sources */ = {isa = PBXBuildFile; fileRef = 4C35E47F1BE153C600A603AF /* TrustFactor_Dispatch_Celluar.m */; };
		4C35E4F91BE153C600A603AF /* TrustFactor_Dispatch_Configuration.m in Sources */ = {isa = PBXBuildFile; fileRef = 4C35E4811BE153C600A603AF /* TrustFactor_Dispatch_Configuration.m */; };
		4C35E4FA1BE153C600A603AF /* TrustFactor_Dispatch_Configuration.m in Sources */ = {isa = PBXBuildFile; fileRef = 4C35E4811BE153C600A603AF /* TrustFactor_Dispatch_Configuration.m */; };
		4C35E4FB1BE153C600A603AF /* TrustFactor_Dispatch_File.m in Sources */ = {isa = PBXBuildFile; fileRef = 4C35E4831BE153C600A603AF /* TrustFactor_Dispatch_File.m */; };
		4C35E4FC1BE153C600A603AF /* TrustFactor_Dispatch_File.m in Sources */ = {isa = PBXBuildFile; fileRef = 4C35E4831BE153C600A603AF /* TrustFactor_Dispatch_File.m */; };
		4C35E4FD1BE153C600A603AF /* TrustFactor_Dispatch_Location.m in Sources */ = {isa = PBXBuildFile; fileRef = 4C35E4851BE153C600A603AF /* TrustFactor_Dispatch_Location.m */; };
		4C35E4FE1BE153C600A603AF /* TrustFactor_Dispatch_Location.m in Sources */ = {isa = PBXBuildFile; fileRef = 4C35E4851BE153C600A603AF /* TrustFactor_Dispatch_Location.m */; };
		4C35E4FF1BE153C600A603AF /* TrustFactor_Dispatch_Motion.m in Sources */ = {isa = PBXBuildFile; fileRef = 4C35E4871BE153C600A603AF /* TrustFactor_Dispatch_Motion.m */; };
		4C35E5001BE153C600A603AF /* TrustFactor_Dispatch_Motion.m in Sources */ = {isa = PBXBuildFile; fileRef = 4C35E4871BE153C600A603AF /* TrustFactor_Dispatch_Motion.m */; };
		4C35E5011BE153C600A603AF /* TrustFactor_Dispatch_Netstat.m in Sources */ = {isa = PBXBuildFile; fileRef = 4C35E4891BE153C600A603AF /* TrustFactor_Dispatch_Netstat.m */; };
		4C35E5021BE153C600A603AF /* TrustFactor_Dispatch_Netstat.m in Sources */ = {isa = PBXBuildFile; fileRef = 4C35E4891BE153C600A603AF /* TrustFactor_Dispatch_Netstat.m */; };
		4C35E5031BE153C600A603AF /* TrustFactor_Dispatch_Platform.m in Sources */ = {isa = PBXBuildFile; fileRef = 4C35E48B1BE153C600A603AF /* TrustFactor_Dispatch_Platform.m */; };
		4C35E5041BE153C600A603AF /* TrustFactor_Dispatch_Platform.m in Sources */ = {isa = PBXBuildFile; fileRef = 4C35E48B1BE153C600A603AF /* TrustFactor_Dispatch_Platform.m */; };
		4C35E5051BE153C600A603AF /* TrustFactor_Dispatch_Power.m in Sources */ = {isa = PBXBuildFile; fileRef = 4C35E48D1BE153C600A603AF /* TrustFactor_Dispatch_Power.m */; };
		4C35E5061BE153C600A603AF /* TrustFactor_Dispatch_Power.m in Sources */ = {isa = PBXBuildFile; fileRef = 4C35E48D1BE153C600A603AF /* TrustFactor_Dispatch_Power.m */; };
		4C35E5071BE153C600A603AF /* TrustFactor_Dispatch_Process.m in Sources */ = {isa = PBXBuildFile; fileRef = 4C35E48F1BE153C600A603AF /* TrustFactor_Dispatch_Process.m */; };
		4C35E5081BE153C600A603AF /* TrustFactor_Dispatch_Process.m in Sources */ = {isa = PBXBuildFile; fileRef = 4C35E48F1BE153C600A603AF /* TrustFactor_Dispatch_Process.m */; };
		4C35E5091BE153C600A603AF /* TrustFactor_Dispatch_Route.m in Sources */ = {isa = PBXBuildFile; fileRef = 4C35E4911BE153C600A603AF /* TrustFactor_Dispatch_Route.m */; };
		4C35E50A1BE153C600A603AF /* TrustFactor_Dispatch_Route.m in Sources */ = {isa = PBXBuildFile; fileRef = 4C35E4911BE153C600A603AF /* TrustFactor_Dispatch_Route.m */; };
		4C35E50B1BE153C600A603AF /* TrustFactor_Dispatch_Sandbox.m in Sources */ = {isa = PBXBuildFile; fileRef = 4C35E4931BE153C600A603AF /* TrustFactor_Dispatch_Sandbox.m */; };
		4C35E50C1BE153C600A603AF /* TrustFactor_Dispatch_Sandbox.m in Sources */ = {isa = PBXBuildFile; fileRef = 4C35E4931BE153C600A603AF /* TrustFactor_Dispatch_Sandbox.m */; };
		4C35E50D1BE153C600A603AF /* TrustFactor_Dispatch_Sentegrity.m in Sources */ = {isa = PBXBuildFile; fileRef = 4C35E4951BE153C600A603AF /* TrustFactor_Dispatch_Sentegrity.m */; };
		4C35E50E1BE153C600A603AF /* TrustFactor_Dispatch_Sentegrity.m in Sources */ = {isa = PBXBuildFile; fileRef = 4C35E4951BE153C600A603AF /* TrustFactor_Dispatch_Sentegrity.m */; };
		4C35E50F1BE153C600A603AF /* TrustFactor_Dispatch_Time.m in Sources */ = {isa = PBXBuildFile; fileRef = 4C35E4971BE153C600A603AF /* TrustFactor_Dispatch_Time.m */; };
		4C35E5101BE153C600A603AF /* TrustFactor_Dispatch_Time.m in Sources */ = {isa = PBXBuildFile; fileRef = 4C35E4971BE153C600A603AF /* TrustFactor_Dispatch_Time.m */; };
		4C35E5111BE153C600A603AF /* TrustFactor_Dispatch_Wifi.m in Sources */ = {isa = PBXBuildFile; fileRef = 4C35E4991BE153C600A603AF /* TrustFactor_Dispatch_Wifi.m */; };
		4C35E5121BE153C600A603AF /* TrustFactor_Dispatch_Wifi.m in Sources */ = {isa = PBXBuildFile; fileRef = 4C35E4991BE153C600A603AF /* TrustFactor_Dispatch_Wifi.m */; };
		4C35E5131BE153C600A603AF /* Sentegrity_TrustFactor_Datasets.m in Sources */ = {isa = PBXBuildFile; fileRef = 4C35E49B1BE153C600A603AF /* Sentegrity_TrustFactor_Datasets.m */; };
		4C35E5141BE153C600A603AF /* Sentegrity_TrustFactor_Datasets.m in Sources */ = {isa = PBXBuildFile; fileRef = 4C35E49B1BE153C600A603AF /* Sentegrity_TrustFactor_Datasets.m */; };
		4C35E5151BE153C600A603AF /* Sentegrity_History_Store.m in Sources */ = {isa = PBXBuildFile; fileRef = 4C35E49E1BE153C600A603AF /* Sentegrity_History_Store.m */; };
		4C35E5161BE153C600A603AF /* Sentegrity_History_Store.m in Sources */ = {isa = PBXBuildFile; fileRef = 4C35E49E1BE153C600A603AF /* Sentegrity_History_Store.m */; };
		4C35E5171BE153C600A603AF /* Sentegrity_Parser.m in Sources */ = {isa = PBXBuildFile; fileRef = 4C35E4A11BE153C600A603AF /* Sentegrity_Parser.m */; };
		4C35E5181BE153C600A603AF /* Sentegrity_Parser.m in Sources */ = {isa = PBXBuildFile; fileRef = 4C35E4A11BE153C600A603AF /* Sentegrity_Parser.m */; };
		4C35E5191BE153C600A603AF /* ProtectMode.m in Sources */ = {isa = PBXBuildFile; fileRef = 4C35E4A41BE153C600A603AF /* ProtectMode.m */; };
		4C35E51A1BE153C600A603AF /* ProtectMode.m in Sources */ = {isa = PBXBuildFile; fileRef = 4C35E4A41BE153C600A603AF /* ProtectMode.m */; };
		4C35E51B1BE153C600A603AF /* default.policy in Resources */ = {isa = PBXBuildFile; fileRef = 4C35E4A61BE153C600A603AF /* default.policy */; };
		4C35E51C1BE153C600A603AF /* default.policy in Resources */ = {isa = PBXBuildFile; fileRef = 4C35E4A61BE153C600A603AF /* default.policy */; };
		4C35E51D1BE153C600A603AF /* Default_Policy.plist in Resources */ = {isa = PBXBuildFile; fileRef = 4C35E4A81BE153C600A603AF /* Default_Policy.plist */; };
		4C35E51E1BE153C600A603AF /* Default_Policy.plist in Resources */ = {isa = PBXBuildFile; fileRef = 4C35E4A81BE153C600A603AF /* Default_Policy.plist */; };
		4C35E51F1BE153C600A603AF /* oui.list in Resources */ = {isa = PBXBuildFile; fileRef = 4C35E4A91BE153C600A603AF /* oui.list */; };
		4C35E5201BE153C600A603AF /* oui.list in Resources */ = {isa = PBXBuildFile; fileRef = 4C35E4A91BE153C600A603AF /* oui.list */; };
		4C35E5211BE153C600A603AF /* oui_all.list in Resources */ = {isa = PBXBuildFile; fileRef = 4C35E4AA1BE153C600A603AF /* oui_all.list */; };
		4C35E5221BE153C600A603AF /* oui_all.list in Resources */ = {isa = PBXBuildFile; fileRef = 4C35E4AA1BE153C600A603AF /* oui_all.list */; };
		4C35E5231BE153C600A603AF /* Sentegrity_Classification.m in Sources */ = {isa = PBXBuildFile; fileRef = 4C35E4AE1BE153C600A603AF /* Sentegrity_Classification.m */; };
		4C35E5241BE153C600A603AF /* Sentegrity_Classification.m in Sources */ = {isa = PBXBuildFile; fileRef = 4C35E4AE1BE153C600A603AF /* Sentegrity_Classification.m */; };
		4C35E5251BE153C600A603AF /* Sentegrity_DNEModifiers.m in Sources */ = {isa = PBXBuildFile; fileRef = 4C35E4B11BE153C600A603AF /* Sentegrity_DNEModifiers.m */; };
		4C35E5261BE153C600A603AF /* Sentegrity_DNEModifiers.m in Sources */ = {isa = PBXBuildFile; fileRef = 4C35E4B11BE153C600A603AF /* Sentegrity_DNEModifiers.m */; };
		4C35E5271BE153C600A603AF /* Sentegrity_Policy.m in Sources */ = {isa = PBXBuildFile; fileRef = 4C35E4B31BE153C600A603AF /* Sentegrity_Policy.m */; };
		4C35E5281BE153C600A603AF /* Sentegrity_Policy.m in Sources */ = {isa = PBXBuildFile; fileRef = 4C35E4B31BE153C600A603AF /* Sentegrity_Policy.m */; };
		4C35E5291BE153C600A603AF /* Sentegrity_Subclassification.m in Sources */ = {isa = PBXBuildFile; fileRef = 4C35E4B61BE153C600A603AF /* Sentegrity_Subclassification.m */; };
		4C35E52A1BE153C600A603AF /* Sentegrity_Subclassification.m in Sources */ = {isa = PBXBuildFile; fileRef = 4C35E4B61BE153C600A603AF /* Sentegrity_Subclassification.m */; };
		4C35E52B1BE153C600A603AF /* Sentegrity_TrustFactor.m in Sources */ = {isa = PBXBuildFile; fileRef = 4C35E4B91BE153C600A603AF /* Sentegrity_TrustFactor.m */; };
		4C35E52C1BE153C600A603AF /* Sentegrity_TrustFactor.m in Sources */ = {isa = PBXBuildFile; fileRef = 4C35E4B91BE153C600A603AF /* Sentegrity_TrustFactor.m */; };
		4C35E52D1BE153C600A603AF /* Sentegrity_Classification+Computation.m in Sources */ = {isa = PBXBuildFile; fileRef = 4C35E4BE1BE153C600A603AF /* Sentegrity_Classification+Computation.m */; };
		4C35E52E1BE153C600A603AF /* Sentegrity_Classification+Computation.m in Sources */ = {isa = PBXBuildFile; fileRef = 4C35E4BE1BE153C600A603AF /* Sentegrity_Classification+Computation.m */; };
		4C35E52F1BE153C600A603AF /* Sentegrity_Subclassification+Computation.m in Sources */ = {isa = PBXBuildFile; fileRef = 4C35E4C01BE153C600A603AF /* Sentegrity_Subclassification+Computation.m */; };
		4C35E5301BE153C600A603AF /* Sentegrity_Subclassification+Computation.m in Sources */ = {isa = PBXBuildFile; fileRef = 4C35E4C01BE153C600A603AF /* Sentegrity_Subclassification+Computation.m */; };
		4C35E5311BE153C600A603AF /* Sentegrity_TrustScore_Computation.m in Sources */ = {isa = PBXBuildFile; fileRef = 4C35E4C21BE153C600A603AF /* Sentegrity_TrustScore_Computation.m */; };
		4C35E5321BE153C600A603AF /* Sentegrity_TrustScore_Computation.m in Sources */ = {isa = PBXBuildFile; fileRef = 4C35E4C21BE153C600A603AF /* Sentegrity_TrustScore_Computation.m */; };
		4C46AA731C46EC9F0091D7AB /* Sentegrity_History.m in Sources */ = {isa = PBXBuildFile; fileRef = 4C46AA701C46EC9F0091D7AB /* Sentegrity_History.m */; };
		4C46AA741C46EC9F0091D7AB /* Sentegrity_Startup.m in Sources */ = {isa = PBXBuildFile; fileRef = 4C46AA721C46EC9F0091D7AB /* Sentegrity_Startup.m */; };
		4C81CC0B1BEE84FF0033441B /* Sentegrity_Activity_Dispatcher.m in Sources */ = {isa = PBXBuildFile; fileRef = 4C81CC0A1BEE84FF0033441B /* Sentegrity_Activity_Dispatcher.m */; };
		4C97D2DB1BE159A2009F3779 /* BluetoothManager.framework in Frameworks */ = {isa = PBXBuildFile; fileRef = 4C97D2D91BE159A2009F3779 /* BluetoothManager.framework */; };
		7A232A0B3582EFBBD2EA0C74 /* libPods.a in Frameworks */ = {isa = PBXBuildFile; fileRef = FD4CA745EE9C90A8421F9D43 /* libPods.a */; };
/* End PBXBuildFile section */

/* Begin PBXContainerItemProxy section */
		4C35E3D11BE1532300A603AF /* PBXContainerItemProxy */ = {
			isa = PBXContainerItemProxy;
			containerPortal = 4C35E3AF1BE1532300A603AF /* Project object */;
			proxyType = 1;
			remoteGlobalIDString = 4C35E3B61BE1532300A603AF;
			remoteInfo = "Core Detection";
		};
/* End PBXContainerItemProxy section */

/* Begin PBXFileReference section */
		11B615EE97A818F7D2C13128 /* Pods.release.xcconfig */ = {isa = PBXFileReference; includeInIndex = 1; lastKnownFileType = text.xcconfig; name = Pods.release.xcconfig; path = "Pods/Target Support Files/Pods/Pods.release.xcconfig"; sourceTree = "<group>"; };
		4C35E3B71BE1532300A603AF /* Core Detection.app */ = {isa = PBXFileReference; explicitFileType = wrapper.application; includeInIndex = 0; path = "Core Detection.app"; sourceTree = BUILT_PRODUCTS_DIR; };
		4C35E3D01BE1532300A603AF /* Core DetectionTests.xctest */ = {isa = PBXFileReference; explicitFileType = wrapper.cfbundle; includeInIndex = 0; path = "Core DetectionTests.xctest"; sourceTree = BUILT_PRODUCTS_DIR; };
		4C35E3D41BE1532300A603AF /* Core_DetectionTests.m */ = {isa = PBXFileReference; lastKnownFileType = sourcecode.c.objc; path = Core_DetectionTests.m; sourceTree = "<group>"; };
		4C35E3D61BE1532300A603AF /* Info.plist */ = {isa = PBXFileReference; lastKnownFileType = text.plist.xml; path = Info.plist; sourceTree = "<group>"; };
		4C35E3FA1BE153B800A603AF /* AppDelegate.h */ = {isa = PBXFileReference; fileEncoding = 4; lastKnownFileType = sourcecode.c.h; path = AppDelegate.h; sourceTree = "<group>"; };
		4C35E3FB1BE153B800A603AF /* AppDelegate.m */ = {isa = PBXFileReference; fileEncoding = 4; lastKnownFileType = sourcecode.c.objc; path = AppDelegate.m; sourceTree = "<group>"; };
		4C35E3FC1BE153B800A603AF /* Assets.xcassets */ = {isa = PBXFileReference; lastKnownFileType = folder.assetcatalog; path = Assets.xcassets; sourceTree = "<group>"; };
		4C35E3FE1BE153B800A603AF /* Base */ = {isa = PBXFileReference; lastKnownFileType = file.storyboard; name = Base; path = Base.lproj/LaunchScreen.storyboard; sourceTree = "<group>"; };
		4C35E4001BE153B800A603AF /* Base */ = {isa = PBXFileReference; lastKnownFileType = file.storyboard; name = Base; path = Base.lproj/Main.storyboard; sourceTree = "<group>"; };
		4C35E4011BE153B800A603AF /* Info.plist */ = {isa = PBXFileReference; fileEncoding = 4; lastKnownFileType = text.plist.xml; path = Info.plist; sourceTree = "<group>"; };
		4C35E4021BE153B800A603AF /* main.m */ = {isa = PBXFileReference; fileEncoding = 4; lastKnownFileType = sourcecode.c.objc; path = main.m; sourceTree = "<group>"; };
		4C35E4031BE153B800A603AF /* ViewController.h */ = {isa = PBXFileReference; fileEncoding = 4; lastKnownFileType = sourcecode.c.h; path = ViewController.h; sourceTree = "<group>"; };
		4C35E4041BE153B800A603AF /* ViewController.m */ = {isa = PBXFileReference; fileEncoding = 4; lastKnownFileType = sourcecode.c.objc; path = ViewController.m; sourceTree = "<group>"; };
		4C35E4151BE153C600A603AF /* Sentegrity_Assertion_Store+Helper.h */ = {isa = PBXFileReference; fileEncoding = 4; lastKnownFileType = sourcecode.c.h; path = "Sentegrity_Assertion_Store+Helper.h"; sourceTree = "<group>"; };
		4C35E4161BE153C600A603AF /* Sentegrity_Assertion_Store+Helper.m */ = {isa = PBXFileReference; fileEncoding = 4; lastKnownFileType = sourcecode.c.objc; path = "Sentegrity_Assertion_Store+Helper.m"; sourceTree = "<group>"; };
		4C35E4171BE153C600A603AF /* Sentegrity_Assertion_Store.h */ = {isa = PBXFileReference; fileEncoding = 4; lastKnownFileType = sourcecode.c.h; path = Sentegrity_Assertion_Store.h; sourceTree = "<group>"; };
		4C35E4181BE153C600A603AF /* Sentegrity_Assertion_Store.m */ = {isa = PBXFileReference; fileEncoding = 4; lastKnownFileType = sourcecode.c.objc; path = Sentegrity_Assertion_Store.m; sourceTree = "<group>"; };
		4C35E4191BE153C600A603AF /* Sentegrity_Stored_Assertion.h */ = {isa = PBXFileReference; fileEncoding = 4; lastKnownFileType = sourcecode.c.h; path = Sentegrity_Stored_Assertion.h; sourceTree = "<group>"; };
		4C35E41A1BE153C600A603AF /* Sentegrity_Stored_Assertion.m */ = {isa = PBXFileReference; fileEncoding = 4; lastKnownFileType = sourcecode.c.objc; path = Sentegrity_Stored_Assertion.m; sourceTree = "<group>"; };
		4C35E41B1BE153C600A603AF /* Sentegrity_Stored_TrustFactor_Object.h */ = {isa = PBXFileReference; fileEncoding = 4; lastKnownFileType = sourcecode.c.h; path = Sentegrity_Stored_TrustFactor_Object.h; sourceTree = "<group>"; };
		4C35E41C1BE153C600A603AF /* Sentegrity_Stored_TrustFactor_Object.m */ = {isa = PBXFileReference; fileEncoding = 4; lastKnownFileType = sourcecode.c.objc; path = Sentegrity_Stored_TrustFactor_Object.m; sourceTree = "<group>"; };
		4C35E41D1BE153C600A603AF /* Sentegrity_TrustFactor_Output_Object.h */ = {isa = PBXFileReference; fileEncoding = 4; lastKnownFileType = sourcecode.c.h; path = Sentegrity_TrustFactor_Output_Object.h; sourceTree = "<group>"; };
		4C35E41E1BE153C600A603AF /* Sentegrity_TrustFactor_Output_Object.m */ = {isa = PBXFileReference; fileEncoding = 4; lastKnownFileType = sourcecode.c.objc; path = Sentegrity_TrustFactor_Output_Object.m; sourceTree = "<group>"; };
		4C35E41F1BE153C600A603AF /* Sentegrity_TrustFactor_Storage.h */ = {isa = PBXFileReference; fileEncoding = 4; lastKnownFileType = sourcecode.c.h; path = Sentegrity_TrustFactor_Storage.h; sourceTree = "<group>"; };
		4C35E4201BE153C600A603AF /* Sentegrity_TrustFactor_Storage.m */ = {isa = PBXFileReference; fileEncoding = 4; lastKnownFileType = sourcecode.c.objc; path = Sentegrity_TrustFactor_Storage.m; sourceTree = "<group>"; };
		4C35E4221BE153C600A603AF /* Sentegrity_Baseline_Analysis.h */ = {isa = PBXFileReference; fileEncoding = 4; lastKnownFileType = sourcecode.c.h; path = Sentegrity_Baseline_Analysis.h; sourceTree = "<group>"; };
		4C35E4231BE153C600A603AF /* Sentegrity_Baseline_Analysis.m */ = {isa = PBXFileReference; fileEncoding = 4; lastKnownFileType = sourcecode.c.objc; path = Sentegrity_Baseline_Analysis.m; sourceTree = "<group>"; };
		4C35E4241BE153C600A603AF /* CoreDetection.h */ = {isa = PBXFileReference; fileEncoding = 4; lastKnownFileType = sourcecode.c.h; path = CoreDetection.h; sourceTree = "<group>"; };
		4C35E4251BE153C600A603AF /* CoreDetection.m */ = {isa = PBXFileReference; fileEncoding = 4; lastKnownFileType = sourcecode.c.objc; path = CoreDetection.m; sourceTree = "<group>"; };
		4C35E4271BE153C600A603AF /* Sentegrity_TrustFactor_Dispatcher.h */ = {isa = PBXFileReference; fileEncoding = 4; lastKnownFileType = sourcecode.c.h; path = Sentegrity_TrustFactor_Dispatcher.h; sourceTree = "<group>"; };
		4C35E4281BE153C600A603AF /* Sentegrity_TrustFactor_Dispatcher.m */ = {isa = PBXFileReference; fileEncoding = 4; lastKnownFileType = sourcecode.c.objc; path = Sentegrity_TrustFactor_Dispatcher.m; sourceTree = "<group>"; };
		4C35E42F1BE153C600A603AF /* bsd_var.h */ = {isa = PBXFileReference; fileEncoding = 4; lastKnownFileType = sourcecode.c.h; path = bsd_var.h; sourceTree = "<group>"; };
		4C35E4311BE153C600A603AF /* clock.h */ = {isa = PBXFileReference; fileEncoding = 4; lastKnownFileType = sourcecode.c.h; path = clock.h; sourceTree = "<group>"; };
		4C35E4321BE153C600A603AF /* ev.h */ = {isa = PBXFileReference; fileEncoding = 4; lastKnownFileType = sourcecode.c.h; path = ev.h; sourceTree = "<group>"; };
		4C35E4331BE153C600A603AF /* kern_types.h */ = {isa = PBXFileReference; fileEncoding = 4; lastKnownFileType = sourcecode.c.h; path = kern_types.h; sourceTree = "<group>"; };
		4C35E4341BE153C600A603AF /* kext_net.h */ = {isa = PBXFileReference; fileEncoding = 4; lastKnownFileType = sourcecode.c.h; path = kext_net.h; sourceTree = "<group>"; };
		4C35E4361BE153C600A603AF /* bootp.h */ = {isa = PBXFileReference; fileEncoding = 4; lastKnownFileType = sourcecode.c.h; path = bootp.h; sourceTree = "<group>"; };
		4C35E4371BE153C600A603AF /* icmp6.h */ = {isa = PBXFileReference; fileEncoding = 4; lastKnownFileType = sourcecode.c.h; path = icmp6.h; sourceTree = "<group>"; };
		4C35E4381BE153C600A603AF /* icmp_var.h */ = {isa = PBXFileReference; fileEncoding = 4; lastKnownFileType = sourcecode.c.h; path = icmp_var.h; sourceTree = "<group>"; };
		4C35E4391BE153C600A603AF /* if_ether.h */ = {isa = PBXFileReference; fileEncoding = 4; lastKnownFileType = sourcecode.c.h; path = if_ether.h; sourceTree = "<group>"; };
		4C35E43A1BE153C600A603AF /* igmp.h */ = {isa = PBXFileReference; fileEncoding = 4; lastKnownFileType = sourcecode.c.h; path = igmp.h; sourceTree = "<group>"; };
		4C35E43B1BE153C600A603AF /* igmp_var.h */ = {isa = PBXFileReference; fileEncoding = 4; lastKnownFileType = sourcecode.c.h; path = igmp_var.h; sourceTree = "<group>"; };
		4C35E43C1BE153C600A603AF /* in.h */ = {isa = PBXFileReference; fileEncoding = 4; lastKnownFileType = sourcecode.c.h; path = in.h; sourceTree = "<group>"; };
		4C35E43D1BE153C600A603AF /* in_arp.h */ = {isa = PBXFileReference; fileEncoding = 4; lastKnownFileType = sourcecode.c.h; path = in_arp.h; sourceTree = "<group>"; };
		4C35E43E1BE153C600A603AF /* in_pcb.h */ = {isa = PBXFileReference; fileEncoding = 4; lastKnownFileType = sourcecode.c.h; path = in_pcb.h; sourceTree = "<group>"; };
		4C35E43F1BE153C600A603AF /* in_systm.h */ = {isa = PBXFileReference; fileEncoding = 4; lastKnownFileType = sourcecode.c.h; path = in_systm.h; sourceTree = "<group>"; };
		4C35E4401BE153C600A603AF /* in_var.h */ = {isa = PBXFileReference; fileEncoding = 4; lastKnownFileType = sourcecode.c.h; path = in_var.h; sourceTree = "<group>"; };
		4C35E4411BE153C600A603AF /* ip.h */ = {isa = PBXFileReference; fileEncoding = 4; lastKnownFileType = sourcecode.c.h; path = ip.h; sourceTree = "<group>"; };
		4C35E4421BE153C600A603AF /* ip6.h */ = {isa = PBXFileReference; fileEncoding = 4; lastKnownFileType = sourcecode.c.h; path = ip6.h; sourceTree = "<group>"; };
		4C35E4431BE153C600A603AF /* ip_icmp.h */ = {isa = PBXFileReference; fileEncoding = 4; lastKnownFileType = sourcecode.c.h; path = ip_icmp.h; sourceTree = "<group>"; };
		4C35E4441BE153C600A603AF /* ip_mroute.h */ = {isa = PBXFileReference; fileEncoding = 4; lastKnownFileType = sourcecode.c.h; path = ip_mroute.h; sourceTree = "<group>"; };
		4C35E4451BE153C600A603AF /* ip_var.h */ = {isa = PBXFileReference; fileEncoding = 4; lastKnownFileType = sourcecode.c.h; path = ip_var.h; sourceTree = "<group>"; };
		4C35E4461BE153C600A603AF /* kpi_ipfilter.h */ = {isa = PBXFileReference; fileEncoding = 4; lastKnownFileType = sourcecode.c.h; path = kpi_ipfilter.h; sourceTree = "<group>"; };
		4C35E4471BE153C600A603AF /* tcp.h */ = {isa = PBXFileReference; fileEncoding = 4; lastKnownFileType = sourcecode.c.h; path = tcp.h; sourceTree = "<group>"; };
		4C35E4481BE153C600A603AF /* tcp_fsm.h */ = {isa = PBXFileReference; fileEncoding = 4; lastKnownFileType = sourcecode.c.h; path = tcp_fsm.h; sourceTree = "<group>"; };
		4C35E4491BE153C600A603AF /* tcp_seq.h */ = {isa = PBXFileReference; fileEncoding = 4; lastKnownFileType = sourcecode.c.h; path = tcp_seq.h; sourceTree = "<group>"; };
		4C35E44A1BE153C600A603AF /* tcp_timer.h */ = {isa = PBXFileReference; fileEncoding = 4; lastKnownFileType = sourcecode.c.h; path = tcp_timer.h; sourceTree = "<group>"; };
		4C35E44B1BE153C600A603AF /* tcp_var.h */ = {isa = PBXFileReference; fileEncoding = 4; lastKnownFileType = sourcecode.c.h; path = tcp_var.h; sourceTree = "<group>"; };
		4C35E44C1BE153C600A603AF /* tcpip.h */ = {isa = PBXFileReference; fileEncoding = 4; lastKnownFileType = sourcecode.c.h; path = tcpip.h; sourceTree = "<group>"; };
		4C35E44D1BE153C600A603AF /* udp.h */ = {isa = PBXFileReference; fileEncoding = 4; lastKnownFileType = sourcecode.c.h; path = udp.h; sourceTree = "<group>"; };
		4C35E44E1BE153C600A603AF /* udp_var.h */ = {isa = PBXFileReference; fileEncoding = 4; lastKnownFileType = sourcecode.c.h; path = udp_var.h; sourceTree = "<group>"; };
		4C35E44F1BE153C600A603AF /* netstat.h */ = {isa = PBXFileReference; fileEncoding = 4; lastKnownFileType = sourcecode.c.h; path = netstat.h; sourceTree = "<group>"; };
		4C35E4501BE153C600A603AF /* route.h */ = {isa = PBXFileReference; fileEncoding = 4; lastKnownFileType = sourcecode.c.h; path = route.h; sourceTree = "<group>"; };
		4C35E4511BE153C600A603AF /* socketvar.h */ = {isa = PBXFileReference; fileEncoding = 4; lastKnownFileType = sourcecode.c.h; path = socketvar.h; sourceTree = "<group>"; };
		4C35E4521BE153C600A603AF /* thread_call.h */ = {isa = PBXFileReference; fileEncoding = 4; lastKnownFileType = sourcecode.c.h; path = thread_call.h; sourceTree = "<group>"; };
		4C35E4531BE153C600A603AF /* otherConnectionHeaders.h */ = {isa = PBXFileReference; fileEncoding = 4; lastKnownFileType = sourcecode.c.h; path = otherConnectionHeaders.h; sourceTree = "<group>"; };
		4C35E4551BE153C600A603AF /* LSApplicationProxy.h */ = {isa = PBXFileReference; fileEncoding = 4; lastKnownFileType = sourcecode.c.h; path = LSApplicationProxy.h; sourceTree = "<group>"; };
		4C35E4561BE153C600A603AF /* LSApplicationWorkspace.h */ = {isa = PBXFileReference; fileEncoding = 4; lastKnownFileType = sourcecode.c.h; path = LSApplicationWorkspace.h; sourceTree = "<group>"; };
		4C35E4591BE153C600A603AF /* MDBluetoothDevice.h */ = {isa = PBXFileReference; fileEncoding = 4; lastKnownFileType = sourcecode.c.h; path = MDBluetoothDevice.h; sourceTree = "<group>"; };
		4C35E45A1BE153C600A603AF /* MDBluetoothDevice.m */ = {isa = PBXFileReference; fileEncoding = 4; lastKnownFileType = sourcecode.c.objc; path = MDBluetoothDevice.m; sourceTree = "<group>"; };
		4C35E45B1BE153C600A603AF /* MDBluetoothManager.h */ = {isa = PBXFileReference; fileEncoding = 4; lastKnownFileType = sourcecode.c.h; path = MDBluetoothManager.h; sourceTree = "<group>"; };
		4C35E45C1BE153C600A603AF /* MDBluetoothManager.m */ = {isa = PBXFileReference; fileEncoding = 4; lastKnownFileType = sourcecode.c.objc; path = MDBluetoothManager.m; sourceTree = "<group>"; };
		4C35E45D1BE153C600A603AF /* MDBluetoothObserver.h */ = {isa = PBXFileReference; fileEncoding = 4; lastKnownFileType = sourcecode.c.h; path = MDBluetoothObserver.h; sourceTree = "<group>"; };
		4C35E45F1BE153C600A603AF /* ActiveConnection.h */ = {isa = PBXFileReference; fileEncoding = 4; lastKnownFileType = sourcecode.c.h; path = ActiveConnection.h; sourceTree = "<group>"; };
		4C35E4601BE153C600A603AF /* ActiveConnection.m */ = {isa = PBXFileReference; fileEncoding = 4; lastKnownFileType = sourcecode.c.objc; path = ActiveConnection.m; sourceTree = "<group>"; };
		4C35E4611BE153C600A603AF /* ActiveProcess.h */ = {isa = PBXFileReference; fileEncoding = 4; lastKnownFileType = sourcecode.c.h; path = ActiveProcess.h; sourceTree = "<group>"; };
		4C35E4621BE153C600A603AF /* ActiveProcess.m */ = {isa = PBXFileReference; fileEncoding = 4; lastKnownFileType = sourcecode.c.objc; path = ActiveProcess.m; sourceTree = "<group>"; };
		4C35E4631BE153C600A603AF /* ActiveRoute.h */ = {isa = PBXFileReference; fileEncoding = 4; lastKnownFileType = sourcecode.c.h; path = ActiveRoute.h; sourceTree = "<group>"; };
		4C35E4641BE153C600A603AF /* ActiveRoute.m */ = {isa = PBXFileReference; fileEncoding = 4; lastKnownFileType = sourcecode.c.objc; path = ActiveRoute.m; sourceTree = "<group>"; };
		4C35E4651BE153C600A603AF /* Sentegrity_TrustFactor_Dataset_Application.h */ = {isa = PBXFileReference; fileEncoding = 4; lastKnownFileType = sourcecode.c.h; path = Sentegrity_TrustFactor_Dataset_Application.h; sourceTree = "<group>"; };
		4C35E4661BE153C600A603AF /* Sentegrity_TrustFactor_Dataset_Application.m */ = {isa = PBXFileReference; fileEncoding = 4; lastKnownFileType = sourcecode.c.objc; path = Sentegrity_TrustFactor_Dataset_Application.m; sourceTree = "<group>"; };
		4C35E4671BE153C600A603AF /* Sentegrity_TrustFactor_Dataset_Cell.h */ = {isa = PBXFileReference; fileEncoding = 4; lastKnownFileType = sourcecode.c.h; path = Sentegrity_TrustFactor_Dataset_Cell.h; sourceTree = "<group>"; };
		4C35E4681BE153C600A603AF /* Sentegrity_TrustFactor_Dataset_Cell.m */ = {isa = PBXFileReference; fileEncoding = 4; lastKnownFileType = sourcecode.c.objc; path = Sentegrity_TrustFactor_Dataset_Cell.m; sourceTree = "<group>"; };
		4C35E4691BE153C600A603AF /* Sentegrity_TrustFactor_Dataset_CPU.h */ = {isa = PBXFileReference; fileEncoding = 4; lastKnownFileType = sourcecode.c.h; path = Sentegrity_TrustFactor_Dataset_CPU.h; sourceTree = "<group>"; };
		4C35E46A1BE153C600A603AF /* Sentegrity_TrustFactor_Dataset_CPU.m */ = {isa = PBXFileReference; fileEncoding = 4; lastKnownFileType = sourcecode.c.objc; path = Sentegrity_TrustFactor_Dataset_CPU.m; sourceTree = "<group>"; };
		4C35E46B1BE153C600A603AF /* Sentegrity_TrustFactor_Dataset_Location.h */ = {isa = PBXFileReference; fileEncoding = 4; lastKnownFileType = sourcecode.c.h; path = Sentegrity_TrustFactor_Dataset_Location.h; sourceTree = "<group>"; };
		4C35E46C1BE153C600A603AF /* Sentegrity_TrustFactor_Dataset_Location.m */ = {isa = PBXFileReference; fileEncoding = 4; lastKnownFileType = sourcecode.c.objc; path = Sentegrity_TrustFactor_Dataset_Location.m; sourceTree = "<group>"; };
		4C35E46D1BE153C600A603AF /* Sentegrity_TrustFactor_Dataset_Motion.h */ = {isa = PBXFileReference; fileEncoding = 4; lastKnownFileType = sourcecode.c.h; path = Sentegrity_TrustFactor_Dataset_Motion.h; sourceTree = "<group>"; };
		4C35E46E1BE153C600A603AF /* Sentegrity_TrustFactor_Dataset_Motion.m */ = {isa = PBXFileReference; fileEncoding = 4; lastKnownFileType = sourcecode.c.objc; path = Sentegrity_TrustFactor_Dataset_Motion.m; sourceTree = "<group>"; };
		4C35E46F1BE153C600A603AF /* Sentegrity_TrustFactor_Dataset_Netstat.h */ = {isa = PBXFileReference; fileEncoding = 4; lastKnownFileType = sourcecode.c.h; path = Sentegrity_TrustFactor_Dataset_Netstat.h; sourceTree = "<group>"; };
		4C35E4701BE153C600A603AF /* Sentegrity_TrustFactor_Dataset_Netstat.m */ = {isa = PBXFileReference; fileEncoding = 4; lastKnownFileType = sourcecode.c.objc; path = Sentegrity_TrustFactor_Dataset_Netstat.m; sourceTree = "<group>"; };
		4C35E4711BE153C600A603AF /* Sentegrity_TrustFactor_Dataset_Process.h */ = {isa = PBXFileReference; fileEncoding = 4; lastKnownFileType = sourcecode.c.h; path = Sentegrity_TrustFactor_Dataset_Process.h; sourceTree = "<group>"; };
		4C35E4721BE153C600A603AF /* Sentegrity_TrustFactor_Dataset_Process.m */ = {isa = PBXFileReference; fileEncoding = 4; lastKnownFileType = sourcecode.c.objc; path = Sentegrity_TrustFactor_Dataset_Process.m; sourceTree = "<group>"; };
		4C35E4731BE153C600A603AF /* Sentegrity_TrustFactor_Dataset_Routes.h */ = {isa = PBXFileReference; fileEncoding = 4; lastKnownFileType = sourcecode.c.h; path = Sentegrity_TrustFactor_Dataset_Routes.h; sourceTree = "<group>"; };
		4C35E4741BE153C600A603AF /* Sentegrity_TrustFactor_Dataset_Routes.m */ = {isa = PBXFileReference; fileEncoding = 4; lastKnownFileType = sourcecode.c.objc; path = Sentegrity_TrustFactor_Dataset_Routes.m; sourceTree = "<group>"; };
		4C35E4751BE153C600A603AF /* Sentegrity_TrustFactor_Dataset_Wifi.h */ = {isa = PBXFileReference; fileEncoding = 4; lastKnownFileType = sourcecode.c.h; path = Sentegrity_TrustFactor_Dataset_Wifi.h; sourceTree = "<group>"; };
		4C35E4761BE153C600A603AF /* Sentegrity_TrustFactor_Dataset_Wifi.m */ = {isa = PBXFileReference; fileEncoding = 4; lastKnownFileType = sourcecode.c.objc; path = Sentegrity_TrustFactor_Dataset_Wifi.m; sourceTree = "<group>"; };
		4C35E4781BE153C600A603AF /* TrustFactor_Dispatch_Activity.h */ = {isa = PBXFileReference; fileEncoding = 4; lastKnownFileType = sourcecode.c.h; path = TrustFactor_Dispatch_Activity.h; sourceTree = "<group>"; };
		4C35E4791BE153C600A603AF /* TrustFactor_Dispatch_Activity.m */ = {isa = PBXFileReference; fileEncoding = 4; lastKnownFileType = sourcecode.c.objc; path = TrustFactor_Dispatch_Activity.m; sourceTree = "<group>"; };
		4C35E47A1BE153C600A603AF /* TrustFactor_Dispatch_Application.h */ = {isa = PBXFileReference; fileEncoding = 4; lastKnownFileType = sourcecode.c.h; path = TrustFactor_Dispatch_Application.h; sourceTree = "<group>"; };
		4C35E47B1BE153C600A603AF /* TrustFactor_Dispatch_Application.m */ = {isa = PBXFileReference; fileEncoding = 4; lastKnownFileType = sourcecode.c.objc; path = TrustFactor_Dispatch_Application.m; sourceTree = "<group>"; };
		4C35E47C1BE153C600A603AF /* TrustFactor_Dispatch_Bluetooth.h */ = {isa = PBXFileReference; fileEncoding = 4; lastKnownFileType = sourcecode.c.h; path = TrustFactor_Dispatch_Bluetooth.h; sourceTree = "<group>"; };
		4C35E47D1BE153C600A603AF /* TrustFactor_Dispatch_Bluetooth.m */ = {isa = PBXFileReference; fileEncoding = 4; lastKnownFileType = sourcecode.c.objc; path = TrustFactor_Dispatch_Bluetooth.m; sourceTree = "<group>"; };
		4C35E47E1BE153C600A603AF /* TrustFactor_Dispatch_Celluar.h */ = {isa = PBXFileReference; fileEncoding = 4; lastKnownFileType = sourcecode.c.h; path = TrustFactor_Dispatch_Celluar.h; sourceTree = "<group>"; };
		4C35E47F1BE153C600A603AF /* TrustFactor_Dispatch_Celluar.m */ = {isa = PBXFileReference; fileEncoding = 4; lastKnownFileType = sourcecode.c.objc; path = TrustFactor_Dispatch_Celluar.m; sourceTree = "<group>"; };
		4C35E4801BE153C600A603AF /* TrustFactor_Dispatch_Configuration.h */ = {isa = PBXFileReference; fileEncoding = 4; lastKnownFileType = sourcecode.c.h; path = TrustFactor_Dispatch_Configuration.h; sourceTree = "<group>"; };
		4C35E4811BE153C600A603AF /* TrustFactor_Dispatch_Configuration.m */ = {isa = PBXFileReference; fileEncoding = 4; lastKnownFileType = sourcecode.c.objc; path = TrustFactor_Dispatch_Configuration.m; sourceTree = "<group>"; };
		4C35E4821BE153C600A603AF /* TrustFactor_Dispatch_File.h */ = {isa = PBXFileReference; fileEncoding = 4; lastKnownFileType = sourcecode.c.h; path = TrustFactor_Dispatch_File.h; sourceTree = "<group>"; };
		4C35E4831BE153C600A603AF /* TrustFactor_Dispatch_File.m */ = {isa = PBXFileReference; fileEncoding = 4; lastKnownFileType = sourcecode.c.objc; path = TrustFactor_Dispatch_File.m; sourceTree = "<group>"; };
		4C35E4841BE153C600A603AF /* TrustFactor_Dispatch_Location.h */ = {isa = PBXFileReference; fileEncoding = 4; lastKnownFileType = sourcecode.c.h; path = TrustFactor_Dispatch_Location.h; sourceTree = "<group>"; };
		4C35E4851BE153C600A603AF /* TrustFactor_Dispatch_Location.m */ = {isa = PBXFileReference; fileEncoding = 4; lastKnownFileType = sourcecode.c.objc; path = TrustFactor_Dispatch_Location.m; sourceTree = "<group>"; };
		4C35E4861BE153C600A603AF /* TrustFactor_Dispatch_Motion.h */ = {isa = PBXFileReference; fileEncoding = 4; lastKnownFileType = sourcecode.c.h; path = TrustFactor_Dispatch_Motion.h; sourceTree = "<group>"; };
		4C35E4871BE153C600A603AF /* TrustFactor_Dispatch_Motion.m */ = {isa = PBXFileReference; fileEncoding = 4; lastKnownFileType = sourcecode.c.objc; path = TrustFactor_Dispatch_Motion.m; sourceTree = "<group>"; };
		4C35E4881BE153C600A603AF /* TrustFactor_Dispatch_Netstat.h */ = {isa = PBXFileReference; fileEncoding = 4; lastKnownFileType = sourcecode.c.h; path = TrustFactor_Dispatch_Netstat.h; sourceTree = "<group>"; };
		4C35E4891BE153C600A603AF /* TrustFactor_Dispatch_Netstat.m */ = {isa = PBXFileReference; fileEncoding = 4; lastKnownFileType = sourcecode.c.objc; path = TrustFactor_Dispatch_Netstat.m; sourceTree = "<group>"; };
		4C35E48A1BE153C600A603AF /* TrustFactor_Dispatch_Platform.h */ = {isa = PBXFileReference; fileEncoding = 4; lastKnownFileType = sourcecode.c.h; path = TrustFactor_Dispatch_Platform.h; sourceTree = "<group>"; };
		4C35E48B1BE153C600A603AF /* TrustFactor_Dispatch_Platform.m */ = {isa = PBXFileReference; fileEncoding = 4; lastKnownFileType = sourcecode.c.objc; path = TrustFactor_Dispatch_Platform.m; sourceTree = "<group>"; };
		4C35E48C1BE153C600A603AF /* TrustFactor_Dispatch_Power.h */ = {isa = PBXFileReference; fileEncoding = 4; lastKnownFileType = sourcecode.c.h; path = TrustFactor_Dispatch_Power.h; sourceTree = "<group>"; };
		4C35E48D1BE153C600A603AF /* TrustFactor_Dispatch_Power.m */ = {isa = PBXFileReference; fileEncoding = 4; lastKnownFileType = sourcecode.c.objc; path = TrustFactor_Dispatch_Power.m; sourceTree = "<group>"; };
		4C35E48E1BE153C600A603AF /* TrustFactor_Dispatch_Process.h */ = {isa = PBXFileReference; fileEncoding = 4; lastKnownFileType = sourcecode.c.h; path = TrustFactor_Dispatch_Process.h; sourceTree = "<group>"; };
		4C35E48F1BE153C600A603AF /* TrustFactor_Dispatch_Process.m */ = {isa = PBXFileReference; fileEncoding = 4; lastKnownFileType = sourcecode.c.objc; path = TrustFactor_Dispatch_Process.m; sourceTree = "<group>"; };
		4C35E4901BE153C600A603AF /* TrustFactor_Dispatch_Route.h */ = {isa = PBXFileReference; fileEncoding = 4; lastKnownFileType = sourcecode.c.h; path = TrustFactor_Dispatch_Route.h; sourceTree = "<group>"; };
		4C35E4911BE153C600A603AF /* TrustFactor_Dispatch_Route.m */ = {isa = PBXFileReference; fileEncoding = 4; lastKnownFileType = sourcecode.c.objc; path = TrustFactor_Dispatch_Route.m; sourceTree = "<group>"; };
		4C35E4921BE153C600A603AF /* TrustFactor_Dispatch_Sandbox.h */ = {isa = PBXFileReference; fileEncoding = 4; lastKnownFileType = sourcecode.c.h; path = TrustFactor_Dispatch_Sandbox.h; sourceTree = "<group>"; };
		4C35E4931BE153C600A603AF /* TrustFactor_Dispatch_Sandbox.m */ = {isa = PBXFileReference; fileEncoding = 4; lastKnownFileType = sourcecode.c.objc; path = TrustFactor_Dispatch_Sandbox.m; sourceTree = "<group>"; };
		4C35E4941BE153C600A603AF /* TrustFactor_Dispatch_Sentegrity.h */ = {isa = PBXFileReference; fileEncoding = 4; lastKnownFileType = sourcecode.c.h; path = TrustFactor_Dispatch_Sentegrity.h; sourceTree = "<group>"; };
		4C35E4951BE153C600A603AF /* TrustFactor_Dispatch_Sentegrity.m */ = {isa = PBXFileReference; fileEncoding = 4; lastKnownFileType = sourcecode.c.objc; path = TrustFactor_Dispatch_Sentegrity.m; sourceTree = "<group>"; };
		4C35E4961BE153C600A603AF /* TrustFactor_Dispatch_Time.h */ = {isa = PBXFileReference; fileEncoding = 4; lastKnownFileType = sourcecode.c.h; path = TrustFactor_Dispatch_Time.h; sourceTree = "<group>"; };
		4C35E4971BE153C600A603AF /* TrustFactor_Dispatch_Time.m */ = {isa = PBXFileReference; fileEncoding = 4; lastKnownFileType = sourcecode.c.objc; path = TrustFactor_Dispatch_Time.m; sourceTree = "<group>"; };
		4C35E4981BE153C600A603AF /* TrustFactor_Dispatch_Wifi.h */ = {isa = PBXFileReference; fileEncoding = 4; lastKnownFileType = sourcecode.c.h; path = TrustFactor_Dispatch_Wifi.h; sourceTree = "<group>"; };
		4C35E4991BE153C600A603AF /* TrustFactor_Dispatch_Wifi.m */ = {isa = PBXFileReference; fileEncoding = 4; lastKnownFileType = sourcecode.c.objc; path = TrustFactor_Dispatch_Wifi.m; sourceTree = "<group>"; };
		4C35E49A1BE153C600A603AF /* Sentegrity_TrustFactor_Datasets.h */ = {isa = PBXFileReference; fileEncoding = 4; lastKnownFileType = sourcecode.c.h; path = Sentegrity_TrustFactor_Datasets.h; sourceTree = "<group>"; };
		4C35E49B1BE153C600A603AF /* Sentegrity_TrustFactor_Datasets.m */ = {isa = PBXFileReference; fileEncoding = 4; lastKnownFileType = sourcecode.c.objc; path = Sentegrity_TrustFactor_Datasets.m; sourceTree = "<group>"; };
		4C35E49D1BE153C600A603AF /* Sentegrity_History_Store.h */ = {isa = PBXFileReference; fileEncoding = 4; lastKnownFileType = sourcecode.c.h; path = Sentegrity_History_Store.h; sourceTree = "<group>"; };
		4C35E49E1BE153C600A603AF /* Sentegrity_History_Store.m */ = {isa = PBXFileReference; fileEncoding = 4; lastKnownFileType = sourcecode.c.objc; path = Sentegrity_History_Store.m; sourceTree = "<group>"; };
		4C35E4A01BE153C600A603AF /* Sentegrity_Parser.h */ = {isa = PBXFileReference; fileEncoding = 4; lastKnownFileType = sourcecode.c.h; path = Sentegrity_Parser.h; sourceTree = "<group>"; };
		4C35E4A11BE153C600A603AF /* Sentegrity_Parser.m */ = {isa = PBXFileReference; fileEncoding = 4; lastKnownFileType = sourcecode.c.objc; path = Sentegrity_Parser.m; sourceTree = "<group>"; };
		4C35E4A31BE153C600A603AF /* ProtectMode.h */ = {isa = PBXFileReference; fileEncoding = 4; lastKnownFileType = sourcecode.c.h; path = ProtectMode.h; sourceTree = "<group>"; };
		4C35E4A41BE153C600A603AF /* ProtectMode.m */ = {isa = PBXFileReference; fileEncoding = 4; lastKnownFileType = sourcecode.c.objc; path = ProtectMode.m; sourceTree = "<group>"; };
		4C35E4A61BE153C600A603AF /* default.policy */ = {isa = PBXFileReference; fileEncoding = 4; lastKnownFileType = text; path = default.policy; sourceTree = "<group>"; };
		4C35E4A81BE153C600A603AF /* Default_Policy.plist */ = {isa = PBXFileReference; fileEncoding = 4; lastKnownFileType = text.plist.xml; path = Default_Policy.plist; sourceTree = "<group>"; };
		4C35E4A91BE153C600A603AF /* oui.list */ = {isa = PBXFileReference; fileEncoding = 4; lastKnownFileType = text; path = oui.list; sourceTree = "<group>"; };
		4C35E4AA1BE153C600A603AF /* oui_all.list */ = {isa = PBXFileReference; fileEncoding = 4; lastKnownFileType = text; path = oui_all.list; sourceTree = "<group>"; };
		4C35E4AD1BE153C600A603AF /* Sentegrity_Classification.h */ = {isa = PBXFileReference; fileEncoding = 4; lastKnownFileType = sourcecode.c.h; path = Sentegrity_Classification.h; sourceTree = "<group>"; };
		4C35E4AE1BE153C600A603AF /* Sentegrity_Classification.m */ = {isa = PBXFileReference; fileEncoding = 4; lastKnownFileType = sourcecode.c.objc; path = Sentegrity_Classification.m; sourceTree = "<group>"; };
		4C35E4B01BE153C600A603AF /* Sentegrity_DNEModifiers.h */ = {isa = PBXFileReference; fileEncoding = 4; lastKnownFileType = sourcecode.c.h; path = Sentegrity_DNEModifiers.h; sourceTree = "<group>"; };
		4C35E4B11BE153C600A603AF /* Sentegrity_DNEModifiers.m */ = {isa = PBXFileReference; fileEncoding = 4; lastKnownFileType = sourcecode.c.objc; path = Sentegrity_DNEModifiers.m; sourceTree = "<group>"; };
		4C35E4B21BE153C600A603AF /* Sentegrity_Policy.h */ = {isa = PBXFileReference; fileEncoding = 4; lastKnownFileType = sourcecode.c.h; path = Sentegrity_Policy.h; sourceTree = "<group>"; };
		4C35E4B31BE153C600A603AF /* Sentegrity_Policy.m */ = {isa = PBXFileReference; fileEncoding = 4; lastKnownFileType = sourcecode.c.objc; path = Sentegrity_Policy.m; sourceTree = "<group>"; };
		4C35E4B51BE153C600A603AF /* Sentegrity_Subclassification.h */ = {isa = PBXFileReference; fileEncoding = 4; lastKnownFileType = sourcecode.c.h; path = Sentegrity_Subclassification.h; sourceTree = "<group>"; };
		4C35E4B61BE153C600A603AF /* Sentegrity_Subclassification.m */ = {isa = PBXFileReference; fileEncoding = 4; lastKnownFileType = sourcecode.c.objc; path = Sentegrity_Subclassification.m; sourceTree = "<group>"; };
		4C35E4B81BE153C600A603AF /* Sentegrity_TrustFactor.h */ = {isa = PBXFileReference; fileEncoding = 4; lastKnownFileType = sourcecode.c.h; path = Sentegrity_TrustFactor.h; sourceTree = "<group>"; };
		4C35E4B91BE153C600A603AF /* Sentegrity_TrustFactor.m */ = {isa = PBXFileReference; fileEncoding = 4; lastKnownFileType = sourcecode.c.objc; path = Sentegrity_TrustFactor.m; sourceTree = "<group>"; };
		4C35E4BA1BE153C600A603AF /* Sentegrity.h */ = {isa = PBXFileReference; fileEncoding = 4; lastKnownFileType = sourcecode.c.h; path = Sentegrity.h; sourceTree = "<group>"; };
		4C35E4BB1BE153C600A603AF /* Sentegrity_Constants.h */ = {isa = PBXFileReference; fileEncoding = 4; lastKnownFileType = sourcecode.c.h; path = Sentegrity_Constants.h; sourceTree = "<group>"; };
		4C35E4BD1BE153C600A603AF /* Sentegrity_Classification+Computation.h */ = {isa = PBXFileReference; fileEncoding = 4; lastKnownFileType = sourcecode.c.h; path = "Sentegrity_Classification+Computation.h"; sourceTree = "<group>"; };
		4C35E4BE1BE153C600A603AF /* Sentegrity_Classification+Computation.m */ = {isa = PBXFileReference; fileEncoding = 4; lastKnownFileType = sourcecode.c.objc; path = "Sentegrity_Classification+Computation.m"; sourceTree = "<group>"; };
		4C35E4BF1BE153C600A603AF /* Sentegrity_Subclassification+Computation.h */ = {isa = PBXFileReference; fileEncoding = 4; lastKnownFileType = sourcecode.c.h; path = "Sentegrity_Subclassification+Computation.h"; sourceTree = "<group>"; };
		4C35E4C01BE153C600A603AF /* Sentegrity_Subclassification+Computation.m */ = {isa = PBXFileReference; fileEncoding = 4; lastKnownFileType = sourcecode.c.objc; path = "Sentegrity_Subclassification+Computation.m"; sourceTree = "<group>"; };
		4C35E4C11BE153C600A603AF /* Sentegrity_TrustScore_Computation.h */ = {isa = PBXFileReference; fileEncoding = 4; lastKnownFileType = sourcecode.c.h; path = Sentegrity_TrustScore_Computation.h; sourceTree = "<group>"; };
		4C35E4C21BE153C600A603AF /* Sentegrity_TrustScore_Computation.m */ = {isa = PBXFileReference; fileEncoding = 4; lastKnownFileType = sourcecode.c.objc; path = Sentegrity_TrustScore_Computation.m; sourceTree = "<group>"; };
		4C46AA6F1C46EC9F0091D7AB /* Sentegrity_History.h */ = {isa = PBXFileReference; fileEncoding = 4; lastKnownFileType = sourcecode.c.h; path = Sentegrity_History.h; sourceTree = "<group>"; };
		4C46AA701C46EC9F0091D7AB /* Sentegrity_History.m */ = {isa = PBXFileReference; fileEncoding = 4; lastKnownFileType = sourcecode.c.objc; path = Sentegrity_History.m; sourceTree = "<group>"; };
		4C46AA711C46EC9F0091D7AB /* Sentegrity_Startup.h */ = {isa = PBXFileReference; fileEncoding = 4; lastKnownFileType = sourcecode.c.h; path = Sentegrity_Startup.h; sourceTree = "<group>"; };
		4C46AA721C46EC9F0091D7AB /* Sentegrity_Startup.m */ = {isa = PBXFileReference; fileEncoding = 4; lastKnownFileType = sourcecode.c.objc; path = Sentegrity_Startup.m; sourceTree = "<group>"; };
		4C81CC091BEE84FF0033441B /* Sentegrity_Activity_Dispatcher.h */ = {isa = PBXFileReference; fileEncoding = 4; lastKnownFileType = sourcecode.c.h; path = Sentegrity_Activity_Dispatcher.h; sourceTree = "<group>"; };
		4C81CC0A1BEE84FF0033441B /* Sentegrity_Activity_Dispatcher.m */ = {isa = PBXFileReference; fileEncoding = 4; lastKnownFileType = sourcecode.c.objc; path = Sentegrity_Activity_Dispatcher.m; sourceTree = "<group>"; };
		4C97D2CD1BE1550F009F3779 /* CoreBluetooth.framework */ = {isa = PBXFileReference; lastKnownFileType = wrapper.framework; name = CoreBluetooth.framework; path = System/Library/Frameworks/CoreBluetooth.framework; sourceTree = SDKROOT; };
		4C97D2D91BE159A2009F3779 /* BluetoothManager.framework */ = {isa = PBXFileReference; lastKnownFileType = wrapper.framework; path = BluetoothManager.framework; sourceTree = "<group>"; };
		A12EFBCFFAFED486333FFE1A /* Pods.debug.xcconfig */ = {isa = PBXFileReference; includeInIndex = 1; lastKnownFileType = text.xcconfig; name = Pods.debug.xcconfig; path = "Pods/Target Support Files/Pods/Pods.debug.xcconfig"; sourceTree = "<group>"; };
		FD4CA745EE9C90A8421F9D43 /* libPods.a */ = {isa = PBXFileReference; explicitFileType = archive.ar; includeInIndex = 0; path = libPods.a; sourceTree = BUILT_PRODUCTS_DIR; };
/* End PBXFileReference section */

/* Begin PBXFrameworksBuildPhase section */
		4C35E3B41BE1532300A603AF /* Frameworks */ = {
			isa = PBXFrameworksBuildPhase;
			buildActionMask = 2147483647;
			files = (
				7A232A0B3582EFBBD2EA0C74 /* libPods.a in Frameworks */,
			);
			runOnlyForDeploymentPostprocessing = 0;
		};
		4C35E3CD1BE1532300A603AF /* Frameworks */ = {
			isa = PBXFrameworksBuildPhase;
			buildActionMask = 2147483647;
			files = (
				4C97D2DB1BE159A2009F3779 /* BluetoothManager.framework in Frameworks */,
			);
			runOnlyForDeploymentPostprocessing = 0;
		};
/* End PBXFrameworksBuildPhase section */

/* Begin PBXGroup section */
		1651CDDD91C2C8346E6EFE6A /* Frameworks */ = {
			isa = PBXGroup;
			children = (
				4C97D2D91BE159A2009F3779 /* BluetoothManager.framework */,
				4C97D2CD1BE1550F009F3779 /* CoreBluetooth.framework */,
				FD4CA745EE9C90A8421F9D43 /* libPods.a */,
			);
			name = Frameworks;
			sourceTree = "<group>";
		};
		4C35E3AE1BE1532300A603AF = {
			isa = PBXGroup;
			children = (
				4C35E4131BE153C600A603AF /* Core Detection */,
				4C35E3D31BE1532300A603AF /* Core DetectionTests */,
				4C35E3F91BE153B800A603AF /* Example Core Detection */,
				1651CDDD91C2C8346E6EFE6A /* Frameworks */,
				C0919C20A2CD212A4EA5C388 /* Pods */,
				4C35E3B81BE1532300A603AF /* Products */,
			);
			sourceTree = "<group>";
		};
		4C35E3B81BE1532300A603AF /* Products */ = {
			isa = PBXGroup;
			children = (
				4C35E3B71BE1532300A603AF /* Core Detection.app */,
				4C35E3D01BE1532300A603AF /* Core DetectionTests.xctest */,
			);
			name = Products;
			sourceTree = "<group>";
		};
		4C35E3D31BE1532300A603AF /* Core DetectionTests */ = {
			isa = PBXGroup;
			children = (
				4C35E3D41BE1532300A603AF /* Core_DetectionTests.m */,
				4C35E3D61BE1532300A603AF /* Info.plist */,
			);
			path = "Core DetectionTests";
			sourceTree = "<group>";
		};
		4C35E3F91BE153B800A603AF /* Example Core Detection */ = {
			isa = PBXGroup;
			children = (
				4C35E3FA1BE153B800A603AF /* AppDelegate.h */,
				4C35E3FB1BE153B800A603AF /* AppDelegate.m */,
				4C35E3FC1BE153B800A603AF /* Assets.xcassets */,
				4C35E4011BE153B800A603AF /* Info.plist */,
				4C35E3FD1BE153B800A603AF /* LaunchScreen.storyboard */,
				4C35E3FF1BE153B800A603AF /* Main.storyboard */,
				4C35E4031BE153B800A603AF /* ViewController.h */,
				4C35E4041BE153B800A603AF /* ViewController.m */,
				4C35E4021BE153B800A603AF /* main.m */,
			);
			path = "Example Core Detection";
			sourceTree = "<group>";
		};
		4C35E4131BE153C600A603AF /* Core Detection */ = {
			isa = PBXGroup;
			children = (
				4C35E4141BE153C600A603AF /* Assertion Storage */,
				4C35E4211BE153C600A603AF /* Baseline Analysis */,
				4C35E4261BE153C600A603AF /* Dispatch */,
				4C35E49C1BE153C600A603AF /* History */,
				4C35E49F1BE153C600A603AF /* Parser */,
				4C46AA6E1C46EC9F0091D7AB /* Startup */,
				4C35E4A21BE153C600A603AF /* Protect Mode */,
				4C35E4A51BE153C600A603AF /* Sample Policies */,
				4C35E4AB1BE153C600A603AF /* Sentegrity Policy */,
				4C35E4BC1BE153C600A603AF /* TrustScore Computation */,
				4C35E4241BE153C600A603AF /* CoreDetection.h */,
				4C35E4251BE153C600A603AF /* CoreDetection.m */,
				4C35E4BA1BE153C600A603AF /* Sentegrity.h */,
				4C35E4BB1BE153C600A603AF /* Sentegrity_Constants.h */,
			);
			path = "Core Detection";
			sourceTree = "<group>";
		};
		4C35E4141BE153C600A603AF /* Assertion Storage */ = {
			isa = PBXGroup;
			children = (
				4C35E4151BE153C600A603AF /* Sentegrity_Assertion_Store+Helper.h */,
				4C35E4161BE153C600A603AF /* Sentegrity_Assertion_Store+Helper.m */,
				4C35E4171BE153C600A603AF /* Sentegrity_Assertion_Store.h */,
				4C35E4181BE153C600A603AF /* Sentegrity_Assertion_Store.m */,
				4C35E4191BE153C600A603AF /* Sentegrity_Stored_Assertion.h */,
				4C35E41A1BE153C600A603AF /* Sentegrity_Stored_Assertion.m */,
				4C35E41B1BE153C600A603AF /* Sentegrity_Stored_TrustFactor_Object.h */,
				4C35E41C1BE153C600A603AF /* Sentegrity_Stored_TrustFactor_Object.m */,
				4C35E41D1BE153C600A603AF /* Sentegrity_TrustFactor_Output_Object.h */,
				4C35E41E1BE153C600A603AF /* Sentegrity_TrustFactor_Output_Object.m */,
				4C35E41F1BE153C600A603AF /* Sentegrity_TrustFactor_Storage.h */,
				4C35E4201BE153C600A603AF /* Sentegrity_TrustFactor_Storage.m */,
			);
			path = "Assertion Storage";
			sourceTree = "<group>";
		};
		4C35E4211BE153C600A603AF /* Baseline Analysis */ = {
			isa = PBXGroup;
			children = (
				4C35E4221BE153C600A603AF /* Sentegrity_Baseline_Analysis.h */,
				4C35E4231BE153C600A603AF /* Sentegrity_Baseline_Analysis.m */,
			);
			path = "Baseline Analysis";
			sourceTree = "<group>";
		};
		4C35E4261BE153C600A603AF /* Dispatch */ = {
			isa = PBXGroup;
			children = (
				4C35E4291BE153C600A603AF /* TrustFactors */,
				4C35E4271BE153C600A603AF /* Sentegrity_TrustFactor_Dispatcher.h */,
				4C35E4281BE153C600A603AF /* Sentegrity_TrustFactor_Dispatcher.m */,
			);
			path = Dispatch;
			sourceTree = "<group>";
		};
		4C35E4291BE153C600A603AF /* TrustFactors */ = {
			isa = PBXGroup;
			children = (
				4C81CC0C1BEE852A0033441B /* Activity Dispatcher */,
				4C35E42A1BE153C600A603AF /* Headers */,
				4C35E4571BE153C600A603AF /* Helpers */,
				4C35E4771BE153C600A603AF /* Rules */,
				4C35E49A1BE153C600A603AF /* Sentegrity_TrustFactor_Datasets.h */,
				4C35E49B1BE153C600A603AF /* Sentegrity_TrustFactor_Datasets.m */,
			);
			path = TrustFactors;
			sourceTree = "<group>";
		};
		4C35E42A1BE153C600A603AF /* Headers */ = {
			isa = PBXGroup;
			children = (
				4C35E4301BE153C600A603AF /* kernel includes */,
				4C35E4541BE153C600A603AF /* private */,
				4C35E42F1BE153C600A603AF /* bsd_var.h */,
				4C35E4531BE153C600A603AF /* otherConnectionHeaders.h */,
			);
			path = Headers;
			sourceTree = "<group>";
		};
		4C35E4301BE153C600A603AF /* kernel includes */ = {
			isa = PBXGroup;
			children = (
				4C35E4351BE153C600A603AF /* netinet */,
				4C35E4311BE153C600A603AF /* clock.h */,
				4C35E4321BE153C600A603AF /* ev.h */,
				4C35E4331BE153C600A603AF /* kern_types.h */,
				4C35E4341BE153C600A603AF /* kext_net.h */,
				4C35E44F1BE153C600A603AF /* netstat.h */,
				4C35E4501BE153C600A603AF /* route.h */,
				4C35E4511BE153C600A603AF /* socketvar.h */,
				4C35E4521BE153C600A603AF /* thread_call.h */,
			);
			path = "kernel includes";
			sourceTree = "<group>";
		};
		4C35E4351BE153C600A603AF /* netinet */ = {
			isa = PBXGroup;
			children = (
				4C35E4361BE153C600A603AF /* bootp.h */,
				4C35E4371BE153C600A603AF /* icmp6.h */,
				4C35E4381BE153C600A603AF /* icmp_var.h */,
				4C35E4391BE153C600A603AF /* if_ether.h */,
				4C35E43A1BE153C600A603AF /* igmp.h */,
				4C35E43B1BE153C600A603AF /* igmp_var.h */,
				4C35E43C1BE153C600A603AF /* in.h */,
				4C35E43D1BE153C600A603AF /* in_arp.h */,
				4C35E43E1BE153C600A603AF /* in_pcb.h */,
				4C35E43F1BE153C600A603AF /* in_systm.h */,
				4C35E4401BE153C600A603AF /* in_var.h */,
				4C35E4411BE153C600A603AF /* ip.h */,
				4C35E4421BE153C600A603AF /* ip6.h */,
				4C35E4431BE153C600A603AF /* ip_icmp.h */,
				4C35E4441BE153C600A603AF /* ip_mroute.h */,
				4C35E4451BE153C600A603AF /* ip_var.h */,
				4C35E4461BE153C600A603AF /* kpi_ipfilter.h */,
				4C35E4471BE153C600A603AF /* tcp.h */,
				4C35E4481BE153C600A603AF /* tcp_fsm.h */,
				4C35E4491BE153C600A603AF /* tcp_seq.h */,
				4C35E44A1BE153C600A603AF /* tcp_timer.h */,
				4C35E44B1BE153C600A603AF /* tcp_var.h */,
				4C35E44C1BE153C600A603AF /* tcpip.h */,
				4C35E44D1BE153C600A603AF /* udp.h */,
				4C35E44E1BE153C600A603AF /* udp_var.h */,
			);
			path = netinet;
			sourceTree = "<group>";
		};
		4C35E4541BE153C600A603AF /* private */ = {
			isa = PBXGroup;
			children = (
				4C35E4551BE153C600A603AF /* LSApplicationProxy.h */,
				4C35E4561BE153C600A603AF /* LSApplicationWorkspace.h */,
			);
			path = private;
			sourceTree = "<group>";
		};
		4C35E4571BE153C600A603AF /* Helpers */ = {
			isa = PBXGroup;
			children = (
				4C35E4581BE153C600A603AF /* Bluetooth */,
				4C35E45E1BE153C600A603AF /* Objects */,
				4C35E4651BE153C600A603AF /* Sentegrity_TrustFactor_Dataset_Application.h */,
				4C35E4661BE153C600A603AF /* Sentegrity_TrustFactor_Dataset_Application.m */,
				4C35E4691BE153C600A603AF /* Sentegrity_TrustFactor_Dataset_CPU.h */,
				4C35E46A1BE153C600A603AF /* Sentegrity_TrustFactor_Dataset_CPU.m */,
				4C35E4671BE153C600A603AF /* Sentegrity_TrustFactor_Dataset_Cell.h */,
				4C35E4681BE153C600A603AF /* Sentegrity_TrustFactor_Dataset_Cell.m */,
				4C35E46B1BE153C600A603AF /* Sentegrity_TrustFactor_Dataset_Location.h */,
				4C35E46C1BE153C600A603AF /* Sentegrity_TrustFactor_Dataset_Location.m */,
				4C35E46D1BE153C600A603AF /* Sentegrity_TrustFactor_Dataset_Motion.h */,
				4C35E46E1BE153C600A603AF /* Sentegrity_TrustFactor_Dataset_Motion.m */,
				4C35E46F1BE153C600A603AF /* Sentegrity_TrustFactor_Dataset_Netstat.h */,
				4C35E4701BE153C600A603AF /* Sentegrity_TrustFactor_Dataset_Netstat.m */,
				4C35E4711BE153C600A603AF /* Sentegrity_TrustFactor_Dataset_Process.h */,
				4C35E4721BE153C600A603AF /* Sentegrity_TrustFactor_Dataset_Process.m */,
				4C35E4731BE153C600A603AF /* Sentegrity_TrustFactor_Dataset_Routes.h */,
				4C35E4741BE153C600A603AF /* Sentegrity_TrustFactor_Dataset_Routes.m */,
				4C35E4751BE153C600A603AF /* Sentegrity_TrustFactor_Dataset_Wifi.h */,
				4C35E4761BE153C600A603AF /* Sentegrity_TrustFactor_Dataset_Wifi.m */,
			);
			path = Helpers;
			sourceTree = "<group>";
		};
		4C35E4581BE153C600A603AF /* Bluetooth */ = {
			isa = PBXGroup;
			children = (
				4C35E4591BE153C600A603AF /* MDBluetoothDevice.h */,
				4C35E45A1BE153C600A603AF /* MDBluetoothDevice.m */,
				4C35E45B1BE153C600A603AF /* MDBluetoothManager.h */,
				4C35E45C1BE153C600A603AF /* MDBluetoothManager.m */,
				4C35E45D1BE153C600A603AF /* MDBluetoothObserver.h */,
			);
			path = Bluetooth;
			sourceTree = "<group>";
		};
		4C35E45E1BE153C600A603AF /* Objects */ = {
			isa = PBXGroup;
			children = (
				4C35E45F1BE153C600A603AF /* ActiveConnection.h */,
				4C35E4601BE153C600A603AF /* ActiveConnection.m */,
				4C35E4611BE153C600A603AF /* ActiveProcess.h */,
				4C35E4621BE153C600A603AF /* ActiveProcess.m */,
				4C35E4631BE153C600A603AF /* ActiveRoute.h */,
				4C35E4641BE153C600A603AF /* ActiveRoute.m */,
			);
			path = Objects;
			sourceTree = "<group>";
		};
		4C35E4771BE153C600A603AF /* Rules */ = {
			isa = PBXGroup;
			children = (
				4C35E4781BE153C600A603AF /* TrustFactor_Dispatch_Activity.h */,
				4C35E4791BE153C600A603AF /* TrustFactor_Dispatch_Activity.m */,
				4C35E47A1BE153C600A603AF /* TrustFactor_Dispatch_Application.h */,
				4C35E47B1BE153C600A603AF /* TrustFactor_Dispatch_Application.m */,
				4C35E47C1BE153C600A603AF /* TrustFactor_Dispatch_Bluetooth.h */,
				4C35E47D1BE153C600A603AF /* TrustFactor_Dispatch_Bluetooth.m */,
				4C35E47E1BE153C600A603AF /* TrustFactor_Dispatch_Celluar.h */,
				4C35E47F1BE153C600A603AF /* TrustFactor_Dispatch_Celluar.m */,
				4C35E4801BE153C600A603AF /* TrustFactor_Dispatch_Configuration.h */,
				4C35E4811BE153C600A603AF /* TrustFactor_Dispatch_Configuration.m */,
				4C35E4821BE153C600A603AF /* TrustFactor_Dispatch_File.h */,
				4C35E4831BE153C600A603AF /* TrustFactor_Dispatch_File.m */,
				4C35E4841BE153C600A603AF /* TrustFactor_Dispatch_Location.h */,
				4C35E4851BE153C600A603AF /* TrustFactor_Dispatch_Location.m */,
				4C35E4861BE153C600A603AF /* TrustFactor_Dispatch_Motion.h */,
				4C35E4871BE153C600A603AF /* TrustFactor_Dispatch_Motion.m */,
				4C35E4881BE153C600A603AF /* TrustFactor_Dispatch_Netstat.h */,
				4C35E4891BE153C600A603AF /* TrustFactor_Dispatch_Netstat.m */,
				4C35E48A1BE153C600A603AF /* TrustFactor_Dispatch_Platform.h */,
				4C35E48B1BE153C600A603AF /* TrustFactor_Dispatch_Platform.m */,
				4C35E48C1BE153C600A603AF /* TrustFactor_Dispatch_Power.h */,
				4C35E48D1BE153C600A603AF /* TrustFactor_Dispatch_Power.m */,
				4C35E48E1BE153C600A603AF /* TrustFactor_Dispatch_Process.h */,
				4C35E48F1BE153C600A603AF /* TrustFactor_Dispatch_Process.m */,
				4C35E4901BE153C600A603AF /* TrustFactor_Dispatch_Route.h */,
				4C35E4911BE153C600A603AF /* TrustFactor_Dispatch_Route.m */,
				4C35E4921BE153C600A603AF /* TrustFactor_Dispatch_Sandbox.h */,
				4C35E4931BE153C600A603AF /* TrustFactor_Dispatch_Sandbox.m */,
				4C35E4941BE153C600A603AF /* TrustFactor_Dispatch_Sentegrity.h */,
				4C35E4951BE153C600A603AF /* TrustFactor_Dispatch_Sentegrity.m */,
				4C35E4961BE153C600A603AF /* TrustFactor_Dispatch_Time.h */,
				4C35E4971BE153C600A603AF /* TrustFactor_Dispatch_Time.m */,
				4C35E4981BE153C600A603AF /* TrustFactor_Dispatch_Wifi.h */,
				4C35E4991BE153C600A603AF /* TrustFactor_Dispatch_Wifi.m */,
			);
			path = Rules;
			sourceTree = "<group>";
		};
		4C35E49C1BE153C600A603AF /* History */ = {
			isa = PBXGroup;
			children = (
				4C35E49D1BE153C600A603AF /* Sentegrity_History_Store.h */,
				4C35E49E1BE153C600A603AF /* Sentegrity_History_Store.m */,
			);
			path = History;
			sourceTree = "<group>";
		};
		4C35E49F1BE153C600A603AF /* Parser */ = {
			isa = PBXGroup;
			children = (
				4C35E4A01BE153C600A603AF /* Sentegrity_Parser.h */,
				4C35E4A11BE153C600A603AF /* Sentegrity_Parser.m */,
			);
			path = Parser;
			sourceTree = "<group>";
		};
		4C35E4A21BE153C600A603AF /* Protect Mode */ = {
			isa = PBXGroup;
			children = (
				4C35E4A31BE153C600A603AF /* ProtectMode.h */,
				4C35E4A41BE153C600A603AF /* ProtectMode.m */,
			);
			path = "Protect Mode";
			sourceTree = "<group>";
		};
		4C35E4A51BE153C600A603AF /* Sample Policies */ = {
			isa = PBXGroup;
			children = (
				4C35E4A71BE153C600A603AF /* Old */,
				4C35E4A61BE153C600A603AF /* default.policy */,
				4C35E4A91BE153C600A603AF /* oui.list */,
				4C35E4AA1BE153C600A603AF /* oui_all.list */,
			);
			path = "Sample Policies";
			sourceTree = "<group>";
		};
		4C35E4A71BE153C600A603AF /* Old */ = {
			isa = PBXGroup;
			children = (
				4C35E4A81BE153C600A603AF /* Default_Policy.plist */,
			);
			path = Old;
			sourceTree = "<group>";
		};
		4C35E4AB1BE153C600A603AF /* Sentegrity Policy */ = {
			isa = PBXGroup;
			children = (
				4C35E4AC1BE153C600A603AF /* Classification */,
				4C35E4AF1BE153C600A603AF /* DNE Modifiers */,
				4C35E4B41BE153C600A603AF /* Subclassification */,
				4C35E4B71BE153C600A603AF /* TrustFactor */,
				4C35E4B21BE153C600A603AF /* Sentegrity_Policy.h */,
				4C35E4B31BE153C600A603AF /* Sentegrity_Policy.m */,
			);
			path = "Sentegrity Policy";
			sourceTree = "<group>";
		};
		4C35E4AC1BE153C600A603AF /* Classification */ = {
			isa = PBXGroup;
			children = (
				4C35E4AD1BE153C600A603AF /* Sentegrity_Classification.h */,
				4C35E4AE1BE153C600A603AF /* Sentegrity_Classification.m */,
			);
			path = Classification;
			sourceTree = "<group>";
		};
		4C35E4AF1BE153C600A603AF /* DNE Modifiers */ = {
			isa = PBXGroup;
			children = (
				4C35E4B01BE153C600A603AF /* Sentegrity_DNEModifiers.h */,
				4C35E4B11BE153C600A603AF /* Sentegrity_DNEModifiers.m */,
			);
			path = "DNE Modifiers";
			sourceTree = "<group>";
		};
		4C35E4B41BE153C600A603AF /* Subclassification */ = {
			isa = PBXGroup;
			children = (
				4C35E4B51BE153C600A603AF /* Sentegrity_Subclassification.h */,
				4C35E4B61BE153C600A603AF /* Sentegrity_Subclassification.m */,
			);
			path = Subclassification;
			sourceTree = "<group>";
		};
		4C35E4B71BE153C600A603AF /* TrustFactor */ = {
			isa = PBXGroup;
			children = (
				4C35E4B81BE153C600A603AF /* Sentegrity_TrustFactor.h */,
				4C35E4B91BE153C600A603AF /* Sentegrity_TrustFactor.m */,
			);
			path = TrustFactor;
			sourceTree = "<group>";
		};
		4C35E4BC1BE153C600A603AF /* TrustScore Computation */ = {
			isa = PBXGroup;
			children = (
				4C35E4BD1BE153C600A603AF /* Sentegrity_Classification+Computation.h */,
				4C35E4BE1BE153C600A603AF /* Sentegrity_Classification+Computation.m */,
				4C35E4BF1BE153C600A603AF /* Sentegrity_Subclassification+Computation.h */,
				4C35E4C01BE153C600A603AF /* Sentegrity_Subclassification+Computation.m */,
				4C35E4C11BE153C600A603AF /* Sentegrity_TrustScore_Computation.h */,
				4C35E4C21BE153C600A603AF /* Sentegrity_TrustScore_Computation.m */,
			);
			path = "TrustScore Computation";
			sourceTree = "<group>";
		};
		4C46AA6E1C46EC9F0091D7AB /* Startup */ = {
			isa = PBXGroup;
			children = (
				4C46AA6F1C46EC9F0091D7AB /* Sentegrity_History.h */,
				4C46AA701C46EC9F0091D7AB /* Sentegrity_History.m */,
				4C46AA711C46EC9F0091D7AB /* Sentegrity_Startup.h */,
				4C46AA721C46EC9F0091D7AB /* Sentegrity_Startup.m */,
			);
			path = Startup;
			sourceTree = "<group>";
		};
		4C81CC0C1BEE852A0033441B /* Activity Dispatcher */ = {
			isa = PBXGroup;
			children = (
				4C81CC091BEE84FF0033441B /* Sentegrity_Activity_Dispatcher.h */,
				4C81CC0A1BEE84FF0033441B /* Sentegrity_Activity_Dispatcher.m */,
			);
			path = "Activity Dispatcher";
			sourceTree = "<group>";
		};
		C0919C20A2CD212A4EA5C388 /* Pods */ = {
			isa = PBXGroup;
			children = (
				A12EFBCFFAFED486333FFE1A /* Pods.debug.xcconfig */,
				11B615EE97A818F7D2C13128 /* Pods.release.xcconfig */,
			);
			name = Pods;
			sourceTree = "<group>";
		};
/* End PBXGroup section */

/* Begin PBXNativeTarget section */
		4C35E3B61BE1532300A603AF /* Core Detection */ = {
			isa = PBXNativeTarget;
			buildConfigurationList = 4C35E3D91BE1532300A603AF /* Build configuration list for PBXNativeTarget "Core Detection" */;
			buildPhases = (
				927E7109AAF14A538155FAA1 /* Check Pods Manifest.lock */,
				4C35E3B31BE1532300A603AF /* Sources */,
				4C35E3B41BE1532300A603AF /* Frameworks */,
				4C35E3B51BE1532300A603AF /* Resources */,
				0703FD52AA653D18796CEC46 /* Embed Pods Frameworks */,
				B9C7DFB33DBFEBEA52D97833 /* Copy Pods Resources */,
			);
			buildRules = (
			);
			dependencies = (
			);
			name = "Core Detection";
			productName = "Core Detection";
			productReference = 4C35E3B71BE1532300A603AF /* Core Detection.app */;
			productType = "com.apple.product-type.application";
		};
		4C35E3CF1BE1532300A603AF /* Core DetectionTests */ = {
			isa = PBXNativeTarget;
			buildConfigurationList = 4C35E3DC1BE1532300A603AF /* Build configuration list for PBXNativeTarget "Core DetectionTests" */;
			buildPhases = (
				4C35E3CC1BE1532300A603AF /* Sources */,
				4C35E3CD1BE1532300A603AF /* Frameworks */,
				4C35E3CE1BE1532300A603AF /* Resources */,
			);
			buildRules = (
			);
			dependencies = (
				4C35E3D21BE1532300A603AF /* PBXTargetDependency */,
			);
			name = "Core DetectionTests";
			productName = "Core DetectionTests";
			productReference = 4C35E3D01BE1532300A603AF /* Core DetectionTests.xctest */;
			productType = "com.apple.product-type.bundle.unit-test";
		};
/* End PBXNativeTarget section */

/* Begin PBXProject section */
		4C35E3AF1BE1532300A603AF /* Project object */ = {
			isa = PBXProject;
			attributes = {
				LastUpgradeCheck = 0710;
				ORGANIZATIONNAME = Sentegrity;
				TargetAttributes = {
					4C35E3B61BE1532300A603AF = {
						CreatedOnToolsVersion = 7.1;
					};
					4C35E3CF1BE1532300A603AF = {
						CreatedOnToolsVersion = 7.1;
						TestTargetID = 4C35E3B61BE1532300A603AF;
					};
				};
			};
			buildConfigurationList = 4C35E3B21BE1532300A603AF /* Build configuration list for PBXProject "Core Detection" */;
			compatibilityVersion = "Xcode 3.2";
			developmentRegion = English;
			hasScannedForEncodings = 0;
			knownRegions = (
				en,
				Base,
			);
			mainGroup = 4C35E3AE1BE1532300A603AF;
			productRefGroup = 4C35E3B81BE1532300A603AF /* Products */;
			projectDirPath = "";
			projectRoot = "";
			targets = (
				4C35E3B61BE1532300A603AF /* Core Detection */,
				4C35E3CF1BE1532300A603AF /* Core DetectionTests */,
			);
		};
/* End PBXProject section */

/* Begin PBXResourcesBuildPhase section */
		4C35E3B51BE1532300A603AF /* Resources */ = {
			isa = PBXResourcesBuildPhase;
			buildActionMask = 2147483647;
			files = (
				4C35E51F1BE153C600A603AF /* oui.list in Resources */,
				4C35E51D1BE153C600A603AF /* Default_Policy.plist in Resources */,
				4C35E5211BE153C600A603AF /* oui_all.list in Resources */,
				4C35E40B1BE153B800A603AF /* Main.storyboard in Resources */,
				4C35E51B1BE153C600A603AF /* default.policy in Resources */,
				4C35E4071BE153B800A603AF /* Assets.xcassets in Resources */,
				4C35E4091BE153B800A603AF /* LaunchScreen.storyboard in Resources */,
			);
			runOnlyForDeploymentPostprocessing = 0;
		};
		4C35E3CE1BE1532300A603AF /* Resources */ = {
			isa = PBXResourcesBuildPhase;
			buildActionMask = 2147483647;
			files = (
				4C35E5201BE153C600A603AF /* oui.list in Resources */,
				4C35E51E1BE153C600A603AF /* Default_Policy.plist in Resources */,
				4C35E40E1BE153B800A603AF /* Info.plist in Resources */,
				4C35E5221BE153C600A603AF /* oui_all.list in Resources */,
				4C35E40C1BE153B800A603AF /* Main.storyboard in Resources */,
				4C35E51C1BE153C600A603AF /* default.policy in Resources */,
				4C35E4081BE153B800A603AF /* Assets.xcassets in Resources */,
				4C35E40A1BE153B800A603AF /* LaunchScreen.storyboard in Resources */,
			);
			runOnlyForDeploymentPostprocessing = 0;
		};
/* End PBXResourcesBuildPhase section */

/* Begin PBXShellScriptBuildPhase section */
		0703FD52AA653D18796CEC46 /* Embed Pods Frameworks */ = {
			isa = PBXShellScriptBuildPhase;
			buildActionMask = 2147483647;
			files = (
			);
			inputPaths = (
			);
			name = "Embed Pods Frameworks";
			outputPaths = (
			);
			runOnlyForDeploymentPostprocessing = 0;
			shellPath = /bin/sh;
			shellScript = "\"${SRCROOT}/Pods/Target Support Files/Pods/Pods-frameworks.sh\"\n";
			showEnvVarsInLog = 0;
		};
		927E7109AAF14A538155FAA1 /* Check Pods Manifest.lock */ = {
			isa = PBXShellScriptBuildPhase;
			buildActionMask = 2147483647;
			files = (
			);
			inputPaths = (
			);
			name = "Check Pods Manifest.lock";
			outputPaths = (
			);
			runOnlyForDeploymentPostprocessing = 0;
			shellPath = /bin/sh;
			shellScript = "diff \"${PODS_ROOT}/../Podfile.lock\" \"${PODS_ROOT}/Manifest.lock\" > /dev/null\nif [[ $? != 0 ]] ; then\n    cat << EOM\nerror: The sandbox is not in sync with the Podfile.lock. Run 'pod install' or update your CocoaPods installation.\nEOM\n    exit 1\nfi\n";
			showEnvVarsInLog = 0;
		};
		B9C7DFB33DBFEBEA52D97833 /* Copy Pods Resources */ = {
			isa = PBXShellScriptBuildPhase;
			buildActionMask = 2147483647;
			files = (
			);
			inputPaths = (
			);
			name = "Copy Pods Resources";
			outputPaths = (
			);
			runOnlyForDeploymentPostprocessing = 0;
			shellPath = /bin/sh;
			shellScript = "\"${SRCROOT}/Pods/Target Support Files/Pods/Pods-resources.sh\"\n";
			showEnvVarsInLog = 0;
		};
/* End PBXShellScriptBuildPhase section */

/* Begin PBXSourcesBuildPhase section */
		4C35E3B31BE1532300A603AF /* Sources */ = {
			isa = PBXSourcesBuildPhase;
			buildActionMask = 2147483647;
			files = (
				4C35E5311BE153C600A603AF /* Sentegrity_TrustScore_Computation.m in Sources */,
				4C35E4111BE153B800A603AF /* ViewController.m in Sources */,
				4C35E5191BE153C600A603AF /* ProtectMode.m in Sources */,
				4C46AA741C46EC9F0091D7AB /* Sentegrity_Startup.m in Sources */,
				4C35E4DF1BE153C600A603AF /* Sentegrity_TrustFactor_Dataset_Application.m in Sources */,
				4C35E4D11BE153C600A603AF /* CoreDetection.m in Sources */,
				4C35E4EF1BE153C600A603AF /* Sentegrity_TrustFactor_Dataset_Wifi.m in Sources */,
				4C35E4C71BE153C600A603AF /* Sentegrity_Stored_Assertion.m in Sources */,
				4C35E4FB1BE153C600A603AF /* TrustFactor_Dispatch_File.m in Sources */,
				4C35E4D91BE153C600A603AF /* ActiveConnection.m in Sources */,
				4C35E5151BE153C600A603AF /* Sentegrity_History_Store.m in Sources */,
				4C35E4E31BE153C600A603AF /* Sentegrity_TrustFactor_Dataset_CPU.m in Sources */,
				4C35E52D1BE153C600A603AF /* Sentegrity_Classification+Computation.m in Sources */,
				4C35E4CF1BE153C600A603AF /* Sentegrity_Baseline_Analysis.m in Sources */,
				4C35E5111BE153C600A603AF /* TrustFactor_Dispatch_Wifi.m in Sources */,
				4C35E5051BE153C600A603AF /* TrustFactor_Dispatch_Power.m in Sources */,
				4C35E52F1BE153C600A603AF /* Sentegrity_Subclassification+Computation.m in Sources */,
				4C35E4F71BE153C600A603AF /* TrustFactor_Dispatch_Celluar.m in Sources */,
				4C35E4DB1BE153C600A603AF /* ActiveProcess.m in Sources */,
				4C35E4E51BE153C600A603AF /* Sentegrity_TrustFactor_Dataset_Location.m in Sources */,
				4C35E5131BE153C600A603AF /* Sentegrity_TrustFactor_Datasets.m in Sources */,
				4C35E5251BE153C600A603AF /* Sentegrity_DNEModifiers.m in Sources */,
				4C35E5011BE153C600A603AF /* TrustFactor_Dispatch_Netstat.m in Sources */,
				4C35E4C91BE153C600A603AF /* Sentegrity_Stored_TrustFactor_Object.m in Sources */,
				4C35E40F1BE153B800A603AF /* main.m in Sources */,
				4C35E4F31BE153C600A603AF /* TrustFactor_Dispatch_Application.m in Sources */,
				4C35E4D51BE153C600A603AF /* MDBluetoothDevice.m in Sources */,
				4C46AA731C46EC9F0091D7AB /* Sentegrity_History.m in Sources */,
				4C35E4E11BE153C600A603AF /* Sentegrity_TrustFactor_Dataset_Cell.m in Sources */,
				4C35E4CD1BE153C600A603AF /* Sentegrity_TrustFactor_Storage.m in Sources */,
				4C35E5091BE153C600A603AF /* TrustFactor_Dispatch_Route.m in Sources */,
				4C35E4ED1BE153C600A603AF /* Sentegrity_TrustFactor_Dataset_Routes.m in Sources */,
				4C35E4FF1BE153C600A603AF /* TrustFactor_Dispatch_Motion.m in Sources */,
				4C35E50B1BE153C600A603AF /* TrustFactor_Dispatch_Sandbox.m in Sources */,
				4C35E5291BE153C600A603AF /* Sentegrity_Subclassification.m in Sources */,
				4C35E4E71BE153C600A603AF /* Sentegrity_TrustFactor_Dataset_Motion.m in Sources */,
				4C35E4C51BE153C600A603AF /* Sentegrity_Assertion_Store.m in Sources */,
				4C35E4CB1BE153C600A603AF /* Sentegrity_TrustFactor_Output_Object.m in Sources */,
				4C35E5231BE153C600A603AF /* Sentegrity_Classification.m in Sources */,
				4C35E5271BE153C600A603AF /* Sentegrity_Policy.m in Sources */,
				4C35E4FD1BE153C600A603AF /* TrustFactor_Dispatch_Location.m in Sources */,
				4C35E4C31BE153C600A603AF /* Sentegrity_Assertion_Store+Helper.m in Sources */,
				4C35E4D71BE153C600A603AF /* MDBluetoothManager.m in Sources */,
				4C35E4D31BE153C600A603AF /* Sentegrity_TrustFactor_Dispatcher.m in Sources */,
				4C35E4EB1BE153C600A603AF /* Sentegrity_TrustFactor_Dataset_Process.m in Sources */,
				4C35E4DD1BE153C600A603AF /* ActiveRoute.m in Sources */,
				4C35E52B1BE153C600A603AF /* Sentegrity_TrustFactor.m in Sources */,
				4C35E5071BE153C600A603AF /* TrustFactor_Dispatch_Process.m in Sources */,
				4C35E50F1BE153C600A603AF /* TrustFactor_Dispatch_Time.m in Sources */,
				4C35E4F11BE153C600A603AF /* TrustFactor_Dispatch_Activity.m in Sources */,
				4C35E4F91BE153C600A603AF /* TrustFactor_Dispatch_Configuration.m in Sources */,
				4C35E4051BE153B800A603AF /* AppDelegate.m in Sources */,
				4C35E50D1BE153C600A603AF /* TrustFactor_Dispatch_Sentegrity.m in Sources */,
				4C35E4E91BE153C600A603AF /* Sentegrity_TrustFactor_Dataset_Netstat.m in Sources */,
				4C35E5031BE153C600A603AF /* TrustFactor_Dispatch_Platform.m in Sources */,
				4C35E5171BE153C600A603AF /* Sentegrity_Parser.m in Sources */,
				4C81CC0B1BEE84FF0033441B /* Sentegrity_Activity_Dispatcher.m in Sources */,
				4C35E4F51BE153C600A603AF /* TrustFactor_Dispatch_Bluetooth.m in Sources */,
			);
			runOnlyForDeploymentPostprocessing = 0;
		};
		4C35E3CC1BE1532300A603AF /* Sources */ = {
			isa = PBXSourcesBuildPhase;
			buildActionMask = 2147483647;
			files = (
				4C35E4E81BE153C600A603AF /* Sentegrity_TrustFactor_Dataset_Motion.m in Sources */,
				4C35E50E1BE153C600A603AF /* TrustFactor_Dispatch_Sentegrity.m in Sources */,
				4C35E4F41BE153C600A603AF /* TrustFactor_Dispatch_Application.m in Sources */,
				4C35E4F81BE153C600A603AF /* TrustFactor_Dispatch_Celluar.m in Sources */,
				4C35E5241BE153C600A603AF /* Sentegrity_Classification.m in Sources */,
				4C35E4D41BE153C600A603AF /* Sentegrity_TrustFactor_Dispatcher.m in Sources */,
				4C35E4FC1BE153C600A603AF /* TrustFactor_Dispatch_File.m in Sources */,
				4C35E52C1BE153C600A603AF /* Sentegrity_TrustFactor.m in Sources */,
				4C35E5001BE153C600A603AF /* TrustFactor_Dispatch_Motion.m in Sources */,
				4C35E52A1BE153C600A603AF /* Sentegrity_Subclassification.m in Sources */,
				4C35E4EE1BE153C600A603AF /* Sentegrity_TrustFactor_Dataset_Routes.m in Sources */,
				4C35E5321BE153C600A603AF /* Sentegrity_TrustScore_Computation.m in Sources */,
				4C35E4061BE153B800A603AF /* AppDelegate.m in Sources */,
				4C35E4FA1BE153C600A603AF /* TrustFactor_Dispatch_Configuration.m in Sources */,
				4C35E4101BE153B800A603AF /* main.m in Sources */,
				4C35E4D61BE153C600A603AF /* MDBluetoothDevice.m in Sources */,
				4C35E5081BE153C600A603AF /* TrustFactor_Dispatch_Process.m in Sources */,
				4C35E4C81BE153C600A603AF /* Sentegrity_Stored_Assertion.m in Sources */,
				4C35E50A1BE153C600A603AF /* TrustFactor_Dispatch_Route.m in Sources */,
				4C35E4121BE153B800A603AF /* ViewController.m in Sources */,
				4C35E4E21BE153C600A603AF /* Sentegrity_TrustFactor_Dataset_Cell.m in Sources */,
				4C35E5041BE153C600A603AF /* TrustFactor_Dispatch_Platform.m in Sources */,
				4C35E4F61BE153C600A603AF /* TrustFactor_Dispatch_Bluetooth.m in Sources */,
				4C35E4EC1BE153C600A603AF /* Sentegrity_TrustFactor_Dataset_Process.m in Sources */,
				4C35E5121BE153C600A603AF /* TrustFactor_Dispatch_Wifi.m in Sources */,
				4C35E4EA1BE153C600A603AF /* Sentegrity_TrustFactor_Dataset_Netstat.m in Sources */,
				4C35E4E61BE153C600A603AF /* Sentegrity_TrustFactor_Dataset_Location.m in Sources */,
				4C35E4E01BE153C600A603AF /* Sentegrity_TrustFactor_Dataset_Application.m in Sources */,
				4C35E4E41BE153C600A603AF /* Sentegrity_TrustFactor_Dataset_CPU.m in Sources */,
				4C35E5061BE153C600A603AF /* TrustFactor_Dispatch_Power.m in Sources */,
				4C35E5181BE153C600A603AF /* Sentegrity_Parser.m in Sources */,
				4C35E3D51BE1532300A603AF /* Core_DetectionTests.m in Sources */,
				4C35E4DE1BE153C600A603AF /* ActiveRoute.m in Sources */,
				4C35E50C1BE153C600A603AF /* TrustFactor_Dispatch_Sandbox.m in Sources */,
				4C35E51A1BE153C600A603AF /* ProtectMode.m in Sources */,
				4C35E5261BE153C600A603AF /* Sentegrity_DNEModifiers.m in Sources */,
				4C35E4CA1BE153C600A603AF /* Sentegrity_Stored_TrustFactor_Object.m in Sources */,
				4C35E5021BE153C600A603AF /* TrustFactor_Dispatch_Netstat.m in Sources */,
				4C35E4D21BE153C600A603AF /* CoreDetection.m in Sources */,
				4C35E5301BE153C600A603AF /* Sentegrity_Subclassification+Computation.m in Sources */,
				4C35E4DA1BE153C600A603AF /* ActiveConnection.m in Sources */,
				4C35E5281BE153C600A603AF /* Sentegrity_Policy.m in Sources */,
				4C35E4C61BE153C600A603AF /* Sentegrity_Assertion_Store.m in Sources */,
				4C35E52E1BE153C600A603AF /* Sentegrity_Classification+Computation.m in Sources */,
				4C35E5101BE153C600A603AF /* TrustFactor_Dispatch_Time.m in Sources */,
				4C35E4F01BE153C600A603AF /* Sentegrity_TrustFactor_Dataset_Wifi.m in Sources */,
				4C35E4DC1BE153C600A603AF /* ActiveProcess.m in Sources */,
				4C35E4F21BE153C600A603AF /* TrustFactor_Dispatch_Activity.m in Sources */,
				4C35E4D01BE153C600A603AF /* Sentegrity_Baseline_Analysis.m in Sources */,
				4C35E4C41BE153C600A603AF /* Sentegrity_Assertion_Store+Helper.m in Sources */,
				4C35E5161BE153C600A603AF /* Sentegrity_History_Store.m in Sources */,
				4C35E4CE1BE153C600A603AF /* Sentegrity_TrustFactor_Storage.m in Sources */,
				4C35E4CC1BE153C600A603AF /* Sentegrity_TrustFactor_Output_Object.m in Sources */,
				4C35E4FE1BE153C600A603AF /* TrustFactor_Dispatch_Location.m in Sources */,
				4C35E5141BE153C600A603AF /* Sentegrity_TrustFactor_Datasets.m in Sources */,
				4C35E4D81BE153C600A603AF /* MDBluetoothManager.m in Sources */,
			);
			runOnlyForDeploymentPostprocessing = 0;
		};
/* End PBXSourcesBuildPhase section */

/* Begin PBXTargetDependency section */
		4C35E3D21BE1532300A603AF /* PBXTargetDependency */ = {
			isa = PBXTargetDependency;
			target = 4C35E3B61BE1532300A603AF /* Core Detection */;
			targetProxy = 4C35E3D11BE1532300A603AF /* PBXContainerItemProxy */;
		};
/* End PBXTargetDependency section */

/* Begin PBXVariantGroup section */
		4C35E3FD1BE153B800A603AF /* LaunchScreen.storyboard */ = {
			isa = PBXVariantGroup;
			children = (
				4C35E3FE1BE153B800A603AF /* Base */,
			);
			name = LaunchScreen.storyboard;
			path = .;
			sourceTree = "<group>";
		};
		4C35E3FF1BE153B800A603AF /* Main.storyboard */ = {
			isa = PBXVariantGroup;
			children = (
				4C35E4001BE153B800A603AF /* Base */,
			);
			name = Main.storyboard;
			path = .;
			sourceTree = "<group>";
		};
/* End PBXVariantGroup section */

/* Begin XCBuildConfiguration section */
		4C35E3D71BE1532300A603AF /* Debug */ = {
			isa = XCBuildConfiguration;
			buildSettings = {
				ALWAYS_SEARCH_USER_PATHS = NO;
				CLANG_CXX_LANGUAGE_STANDARD = "gnu++0x";
				CLANG_CXX_LIBRARY = "libc++";
				CLANG_ENABLE_MODULES = YES;
				CLANG_ENABLE_OBJC_ARC = YES;
				CLANG_WARN_BOOL_CONVERSION = YES;
				CLANG_WARN_CONSTANT_CONVERSION = YES;
				CLANG_WARN_DIRECT_OBJC_ISA_USAGE = YES_ERROR;
				CLANG_WARN_EMPTY_BODY = YES;
				CLANG_WARN_ENUM_CONVERSION = YES;
				CLANG_WARN_INT_CONVERSION = YES;
				CLANG_WARN_OBJC_ROOT_CLASS = YES_ERROR;
				CLANG_WARN_UNREACHABLE_CODE = YES;
				CLANG_WARN__DUPLICATE_METHOD_MATCH = YES;
				"CODE_SIGN_IDENTITY[sdk=iphoneos*]" = "iPhone Developer";
				COPY_PHASE_STRIP = NO;
				DEBUG_INFORMATION_FORMAT = dwarf;
				ENABLE_STRICT_OBJC_MSGSEND = YES;
				ENABLE_TESTABILITY = YES;
				GCC_C_LANGUAGE_STANDARD = gnu99;
				GCC_DYNAMIC_NO_PIC = NO;
				GCC_NO_COMMON_BLOCKS = YES;
				GCC_OPTIMIZATION_LEVEL = 0;
				GCC_PREPROCESSOR_DEFINITIONS = (
					"DEBUG=1",
					"$(inherited)",
				);
				GCC_WARN_64_TO_32_BIT_CONVERSION = YES;
				GCC_WARN_ABOUT_RETURN_TYPE = YES_ERROR;
				GCC_WARN_UNDECLARED_SELECTOR = YES;
				GCC_WARN_UNINITIALIZED_AUTOS = YES_AGGRESSIVE;
				GCC_WARN_UNUSED_FUNCTION = YES;
				GCC_WARN_UNUSED_VARIABLE = YES;
				IPHONEOS_DEPLOYMENT_TARGET = 9.1;
				MTL_ENABLE_DEBUG_INFO = YES;
				ONLY_ACTIVE_ARCH = YES;
				SDKROOT = iphoneos;
			};
			name = Debug;
		};
		4C35E3D81BE1532300A603AF /* Release */ = {
			isa = XCBuildConfiguration;
			buildSettings = {
				ALWAYS_SEARCH_USER_PATHS = NO;
				CLANG_CXX_LANGUAGE_STANDARD = "gnu++0x";
				CLANG_CXX_LIBRARY = "libc++";
				CLANG_ENABLE_MODULES = YES;
				CLANG_ENABLE_OBJC_ARC = YES;
				CLANG_WARN_BOOL_CONVERSION = YES;
				CLANG_WARN_CONSTANT_CONVERSION = YES;
				CLANG_WARN_DIRECT_OBJC_ISA_USAGE = YES_ERROR;
				CLANG_WARN_EMPTY_BODY = YES;
				CLANG_WARN_ENUM_CONVERSION = YES;
				CLANG_WARN_INT_CONVERSION = YES;
				CLANG_WARN_OBJC_ROOT_CLASS = YES_ERROR;
				CLANG_WARN_UNREACHABLE_CODE = YES;
				CLANG_WARN__DUPLICATE_METHOD_MATCH = YES;
				"CODE_SIGN_IDENTITY[sdk=iphoneos*]" = "iPhone Developer";
				COPY_PHASE_STRIP = NO;
				DEBUG_INFORMATION_FORMAT = "dwarf-with-dsym";
				ENABLE_NS_ASSERTIONS = NO;
				ENABLE_STRICT_OBJC_MSGSEND = YES;
				GCC_C_LANGUAGE_STANDARD = gnu99;
				GCC_NO_COMMON_BLOCKS = YES;
				GCC_WARN_64_TO_32_BIT_CONVERSION = YES;
				GCC_WARN_ABOUT_RETURN_TYPE = YES_ERROR;
				GCC_WARN_UNDECLARED_SELECTOR = YES;
				GCC_WARN_UNINITIALIZED_AUTOS = YES_AGGRESSIVE;
				GCC_WARN_UNUSED_FUNCTION = YES;
				GCC_WARN_UNUSED_VARIABLE = YES;
				IPHONEOS_DEPLOYMENT_TARGET = 9.1;
				MTL_ENABLE_DEBUG_INFO = NO;
				SDKROOT = iphoneos;
				VALIDATE_PRODUCT = YES;
			};
			name = Release;
		};
		4C35E3DA1BE1532300A603AF /* Debug */ = {
			isa = XCBuildConfiguration;
			baseConfigurationReference = A12EFBCFFAFED486333FFE1A /* Pods.debug.xcconfig */;
			buildSettings = {
				ASSETCATALOG_COMPILER_APPICON_NAME = AppIcon;
				FRAMEWORK_SEARCH_PATHS = (
					"$(inherited)",
					"$(PROJECT_DIR)",
				);
				INFOPLIST_FILE = "Example Core Detection/Info.plist";
				LD_RUNPATH_SEARCH_PATHS = "$(inherited) @executable_path/Frameworks";
				PRODUCT_BUNDLE_IDENTIFIER = "com.sentegrity.Core-Detection";
				PRODUCT_NAME = "$(TARGET_NAME)";
			};
			name = Debug;
		};
		4C35E3DB1BE1532300A603AF /* Release */ = {
			isa = XCBuildConfiguration;
			baseConfigurationReference = 11B615EE97A818F7D2C13128 /* Pods.release.xcconfig */;
			buildSettings = {
				ASSETCATALOG_COMPILER_APPICON_NAME = AppIcon;
				FRAMEWORK_SEARCH_PATHS = (
					"$(inherited)",
					"$(PROJECT_DIR)",
				);
				INFOPLIST_FILE = "Example Core Detection/Info.plist";
				LD_RUNPATH_SEARCH_PATHS = "$(inherited) @executable_path/Frameworks";
				PRODUCT_BUNDLE_IDENTIFIER = "com.sentegrity.Core-Detection";
				PRODUCT_NAME = "$(TARGET_NAME)";
			};
			name = Release;
		};
		4C35E3DD1BE1532300A603AF /* Debug */ = {
			isa = XCBuildConfiguration;
			buildSettings = {
				BUNDLE_LOADER = "$(TEST_HOST)";
				FRAMEWORK_SEARCH_PATHS = (
					"$(inherited)",
					"$(PROJECT_DIR)",
				);
				INFOPLIST_FILE = "Core DetectionTests/Info.plist";
				LD_RUNPATH_SEARCH_PATHS = "$(inherited) @executable_path/Frameworks @loader_path/Frameworks";
				PRODUCT_BUNDLE_IDENTIFIER = "com.sentegrity.Core-DetectionTests";
				PRODUCT_NAME = "$(TARGET_NAME)";
				TEST_HOST = "$(BUILT_PRODUCTS_DIR)/Core Detection.app/Core Detection";
			};
			name = Debug;
		};
		4C35E3DE1BE1532300A603AF /* Release */ = {
			isa = XCBuildConfiguration;
			buildSettings = {
				BUNDLE_LOADER = "$(TEST_HOST)";
				FRAMEWORK_SEARCH_PATHS = (
					"$(inherited)",
					"$(PROJECT_DIR)",
				);
				INFOPLIST_FILE = "Core DetectionTests/Info.plist";
				LD_RUNPATH_SEARCH_PATHS = "$(inherited) @executable_path/Frameworks @loader_path/Frameworks";
				PRODUCT_BUNDLE_IDENTIFIER = "com.sentegrity.Core-DetectionTests";
				PRODUCT_NAME = "$(TARGET_NAME)";
				TEST_HOST = "$(BUILT_PRODUCTS_DIR)/Core Detection.app/Core Detection";
			};
			name = Release;
		};
/* End XCBuildConfiguration section */

/* Begin XCConfigurationList section */
		4C35E3B21BE1532300A603AF /* Build configuration list for PBXProject "Core Detection" */ = {
			isa = XCConfigurationList;
			buildConfigurations = (
				4C35E3D71BE1532300A603AF /* Debug */,
				4C35E3D81BE1532300A603AF /* Release */,
			);
			defaultConfigurationIsVisible = 0;
			defaultConfigurationName = Release;
		};
		4C35E3D91BE1532300A603AF /* Build configuration list for PBXNativeTarget "Core Detection" */ = {
			isa = XCConfigurationList;
			buildConfigurations = (
				4C35E3DA1BE1532300A603AF /* Debug */,
				4C35E3DB1BE1532300A603AF /* Release */,
			);
			defaultConfigurationIsVisible = 0;
			defaultConfigurationName = Release;
		};
		4C35E3DC1BE1532300A603AF /* Build configuration list for PBXNativeTarget "Core DetectionTests" */ = {
			isa = XCConfigurationList;
			buildConfigurations = (
				4C35E3DD1BE1532300A603AF /* Debug */,
				4C35E3DE1BE1532300A603AF /* Release */,
			);
			defaultConfigurationIsVisible = 0;
			defaultConfigurationName = Release;
		};
/* End XCConfigurationList section */
	};
	rootObject = 4C35E3AF1BE1532300A603AF /* Project object */;
}
