PODS:
  - ChameleonFramework (1.2.0)
  - CircleProgressBar (0.12)
  - DateTools (1.6.1)
  - DCKeyValueObjectMapping (1.4)
  - Facade (0.2)
  - IIDelayedAction (1.0.1)
  - JTHamburgerButton (1.0.5)
  - NSObject-ObjectMap (2.3.1)
  - NSString-Hashes (1.2.2)
  - RESideMenu (4.0.7)
  - SCLAlertView-Objective-C (0.7.3)

DEPENDENCIES:
  - ChameleonFramework (~> 1.2)
  - CircleProgressBar (~> 0.2)
  - DateTools (~> 1.6)
  - DCKeyValueObjectMapping (~> 1.4)
  - Facade (~> 0.2)
  - IIDelayedAction (~> 1.0)
  - JTHamburgerButton (~> 1.0)
  - NSObject-ObjectMap (~> 2.0)
  - NSString-Hashes (~> 1.2)
  - RESideMenu (~> 4.0)
  - SCLAlertView-Objective-C (~> 0.7)

SPEC CHECKSUMS:
  ChameleonFramework: 4d6bf87fcaee176f487176cdccc4229637ec97f0
  CircleProgressBar: 29a4261cf51502bbf5b40d08f21cf8751e1b704b
  DateTools: 9bcc89e4f2f9004d8a7a2bd1b49269cf78968e65
  DCKeyValueObjectMapping: 04cd5a338c03ce1c02488926cab6e1d1f704a093
  Facade: 7b95ffd1fcb12168787ed44640362ac6b4485323
  IIDelayedAction: bc1193338973d9fbe99c38da71f6d777a12a5a6e
  JTHamburgerButton: 9a41c7d051c72590a9d2c18416d84d1b912f12e3
  NSObject-ObjectMap: 3223c0c994a8e3de44ccb74ddf3e63c86821c015
  NSString-Hashes: c3848d809e92650e4fb17db5d8cc4bd2aa1eaddd
  RESideMenu: f24c508404b49c667344c54aba7e590883533958
  SCLAlertView-Objective-C: 4bf9a07c8a8d1840e5174e643e16bc032239914d

COCOAPODS: 0.37.2
