// !$*UTF8*$!
{
	archiveVersion = 1;
	classes = {
	};
	objectVersion = 46;
	objects = {

/* Begin PBXBuildFile section */
		04A248FF1B266AC2007D9460 /* main.m in Sources */ = {isa = PBXBuildFile; fileRef = 04A248FE1B266AC2007D9460 /* main.m */; };
		04A249021B266AC2007D9460 /* AppDelegate.m in Sources */ = {isa = PBXBuildFile; fileRef = 04A249011B266AC2007D9460 /* AppDelegate.m */; };
		04A249051B266AC2007D9460 /* MainViewController.m in Sources */ = {isa = PBXBuildFile; fileRef = 04A249041B266AC2007D9460 /* MainViewController.m */; };
		04A249081B266AC2007D9460 /* Main.storyboard in Resources */ = {isa = PBXBuildFile; fileRef = 04A249061B266AC2007D9460 /* Main.storyboard */; };
		04A2490A1B266AC2007D9460 /* Images.xcassets in Resources */ = {isa = PBXBuildFile; fileRef = 04A249091B266AC2007D9460 /* Images.xcassets */; };
		04A2490D1B266AC2007D9460 /* LaunchScreen.xib in Resources */ = {isa = PBXBuildFile; fileRef = 04A2490B1B266AC2007D9460 /* LaunchScreen.xib */; };
		04A249191B266AC2007D9460 /* SentegrityTests.m in Sources */ = {isa = PBXBuildFile; fileRef = 04A249181B266AC2007D9460 /* SentegrityTests.m */; };
		04E4031D1B307A1500A1705E /* DINPro-Black.otf in Resources */ = {isa = PBXBuildFile; fileRef = 04E4030F1B307A1500A1705E /* DINPro-Black.otf */; };
		04E4031E1B307A1500A1705E /* DINPro-CondBold.otf in Resources */ = {isa = PBXBuildFile; fileRef = 04E403101B307A1500A1705E /* DINPro-CondBold.otf */; };
		04E4031F1B307A1500A1705E /* DINPro-CondMedium.otf in Resources */ = {isa = PBXBuildFile; fileRef = 04E403111B307A1500A1705E /* DINPro-CondMedium.otf */; };
		04E403201B307A1500A1705E /* DINPro-Regular.otf in Resources */ = {isa = PBXBuildFile; fileRef = 04E403121B307A1500A1705E /* DINPro-Regular.otf */; };
		04E403211B307A1500A1705E /* OpenSans-Bold.ttf in Resources */ = {isa = PBXBuildFile; fileRef = 04E403131B307A1500A1705E /* OpenSans-Bold.ttf */; };
		04E403221B307A1500A1705E /* OpenSans-BoldItalic.ttf in Resources */ = {isa = PBXBuildFile; fileRef = 04E403141B307A1500A1705E /* OpenSans-BoldItalic.ttf */; };
		04E403231B307A1500A1705E /* OpenSans-ExtraBold.ttf in Resources */ = {isa = PBXBuildFile; fileRef = 04E403151B307A1500A1705E /* OpenSans-ExtraBold.ttf */; };
		04E403241B307A1500A1705E /* OpenSans-ExtraBoldItalic.ttf in Resources */ = {isa = PBXBuildFile; fileRef = 04E403161B307A1500A1705E /* OpenSans-ExtraBoldItalic.ttf */; };
		04E403251B307A1500A1705E /* OpenSans-Italic.ttf in Resources */ = {isa = PBXBuildFile; fileRef = 04E403171B307A1500A1705E /* OpenSans-Italic.ttf */; };
		04E403261B307A1500A1705E /* OpenSans-Light.ttf in Resources */ = {isa = PBXBuildFile; fileRef = 04E403181B307A1500A1705E /* OpenSans-Light.ttf */; };
		04E403271B307A1500A1705E /* OpenSans-LightItalic.ttf in Resources */ = {isa = PBXBuildFile; fileRef = 04E403191B307A1500A1705E /* OpenSans-LightItalic.ttf */; };
		04E403281B307A1500A1705E /* OpenSans-Regular.ttf in Resources */ = {isa = PBXBuildFile; fileRef = 04E4031A1B307A1500A1705E /* OpenSans-Regular.ttf */; };
		04E403291B307A1500A1705E /* OpenSans-Semibold.ttf in Resources */ = {isa = PBXBuildFile; fileRef = 04E4031B1B307A1500A1705E /* OpenSans-Semibold.ttf */; };
		04E4032A1B307A1500A1705E /* OpenSans-SemiboldItalic.ttf in Resources */ = {isa = PBXBuildFile; fileRef = 04E4031C1B307A1500A1705E /* OpenSans-SemiboldItalic.ttf */; };
		4AAF480942FD8A13AE2789F8 /* libPods.a in Frameworks */ = {isa = PBXBuildFile; fileRef = F48570A0D36F3F3E38C7B515 /* libPods.a */; };
		4C5393851B2F965D00EA4484 /* loading.gif in Resources */ = {isa = PBXBuildFile; fileRef = 4C5393841B2F965D00EA4484 /* loading.gif */; };
		4C5393871B2F966700EA4484 /* loadingWhite.gif in Resources */ = {isa = PBXBuildFile; fileRef = 4C5393861B2F966700EA4484 /* loadingWhite.gif */; };
		4C9EBE1B1B2B5B58003ED356 /* RightMenuViewController.m in Sources */ = {isa = PBXBuildFile; fileRef = 4C9EBE1A1B2B5B58003ED356 /* RightMenuViewController.m */; };
		4CE9D8071B2FA606006D43D8 /* DINPro-Bold.otf in Resources */ = {isa = PBXBuildFile; fileRef = 4CE9D8061B2FA606006D43D8 /* DINPro-Bold.otf */; };
		4CE9D80D1B323847006D43D8 /* 3rd Party Library Notes.rtf in Resources */ = {isa = PBXBuildFile; fileRef = 4CE9D80C1B323847006D43D8 /* 3rd Party Library Notes.rtf */; };
		4CE9D8681B323B05006D43D8 /* Sentegrity_Assertion_Store.m in Sources */ = {isa = PBXBuildFile; fileRef = 4CE9D8131B323B05006D43D8 /* Sentegrity_Assertion_Store.m */; };
		4CE9D8691B323B05006D43D8 /* Sentegrity_Stored_TrustFactor_Object.m in Sources */ = {isa = PBXBuildFile; fileRef = 4CE9D8151B323B05006D43D8 /* Sentegrity_Stored_TrustFactor_Object.m */; };
		4CE9D86A1B323B05006D43D8 /* Sentegrity_TrustFactor_Storage.m in Sources */ = {isa = PBXBuildFile; fileRef = 4CE9D8171B323B05006D43D8 /* Sentegrity_TrustFactor_Storage.m */; };
		4CE9D86B1B323B05006D43D8 /* Sentegrity_Baseline_Analysis.m in Sources */ = {isa = PBXBuildFile; fileRef = 4CE9D81A1B323B05006D43D8 /* Sentegrity_Baseline_Analysis.m */; };
		4CE9D86C1B323B05006D43D8 /* CoreDetection.m in Sources */ = {isa = PBXBuildFile; fileRef = 4CE9D81C1B323B05006D43D8 /* CoreDetection.m */; };
		4CE9D86D1B323B05006D43D8 /* Sentegrity_TrustFactor_Dispatcher.m in Sources */ = {isa = PBXBuildFile; fileRef = 4CE9D81F1B323B05006D43D8 /* Sentegrity_TrustFactor_Dispatcher.m */; };
		4CE9D86E1B323B05006D43D8 /* TrustFactor_Dispatch_Activity.m in Sources */ = {isa = PBXBuildFile; fileRef = 4CE9D8231B323B05006D43D8 /* TrustFactor_Dispatch_Activity.m */; };
		4CE9D86F1B323B05006D43D8 /* TrustFactor_Dispatch_Bluetooth.m in Sources */ = {isa = PBXBuildFile; fileRef = 4CE9D8251B323B05006D43D8 /* TrustFactor_Dispatch_Bluetooth.m */; };
		4CE9D8701B323B05006D43D8 /* TrustFactor_Dispatch_File.m in Sources */ = {isa = PBXBuildFile; fileRef = 4CE9D8271B323B05006D43D8 /* TrustFactor_Dispatch_File.m */; };
		4CE9D8711B323B05006D43D8 /* TrustFactor_Dispatch_Http.m in Sources */ = {isa = PBXBuildFile; fileRef = 4CE9D8291B323B05006D43D8 /* TrustFactor_Dispatch_Http.m */; };
		4CE9D8721B323B05006D43D8 /* TrustFactor_Dispatch_Location.m in Sources */ = {isa = PBXBuildFile; fileRef = 4CE9D82B1B323B05006D43D8 /* TrustFactor_Dispatch_Location.m */; };
		4CE9D8731B323B05006D43D8 /* TrustFactor_Dispatch_Netstat.m in Sources */ = {isa = PBXBuildFile; fileRef = 4CE9D82D1B323B05006D43D8 /* TrustFactor_Dispatch_Netstat.m */; };
		4CE9D8741B323B05006D43D8 /* TrustFactor_Dispatch_Platform.m in Sources */ = {isa = PBXBuildFile; fileRef = 4CE9D82F1B323B05006D43D8 /* TrustFactor_Dispatch_Platform.m */; };
		4CE9D8751B323B05006D43D8 /* TrustFactor_Dispatch_Process.m in Sources */ = {isa = PBXBuildFile; fileRef = 4CE9D8311B323B05006D43D8 /* TrustFactor_Dispatch_Process.m */; };
		4CE9D8761B323B05006D43D8 /* TrustFactor_Dispatch_Route.m in Sources */ = {isa = PBXBuildFile; fileRef = 4CE9D8331B323B05006D43D8 /* TrustFactor_Dispatch_Route.m */; };
		4CE9D8771B323B05006D43D8 /* TrustFactor_Dispatch_Sandbox.m in Sources */ = {isa = PBXBuildFile; fileRef = 4CE9D8351B323B05006D43D8 /* TrustFactor_Dispatch_Sandbox.m */; };
		4CE9D8781B323B05006D43D8 /* TrustFactor_Dispatch_Scan.m in Sources */ = {isa = PBXBuildFile; fileRef = 4CE9D8371B323B05006D43D8 /* TrustFactor_Dispatch_Scan.m */; };
		4CE9D8791B323B05006D43D8 /* TrustFactor_Dispatch_Sensor.m in Sources */ = {isa = PBXBuildFile; fileRef = 4CE9D8391B323B05006D43D8 /* TrustFactor_Dispatch_Sensor.m */; };
		4CE9D87A1B323B05006D43D8 /* TrustFactor_Dispatch_Sentegrity.m in Sources */ = {isa = PBXBuildFile; fileRef = 4CE9D83B1B323B05006D43D8 /* TrustFactor_Dispatch_Sentegrity.m */; };
		4CE9D87B1B323B05006D43D8 /* TrustFactor_Dispatch_Time.m in Sources */ = {isa = PBXBuildFile; fileRef = 4CE9D83D1B323B05006D43D8 /* TrustFactor_Dispatch_Time.m */; };
		4CE9D87C1B323B05006D43D8 /* TrustFactor_Dispatch_Wifi.m in Sources */ = {isa = PBXBuildFile; fileRef = 4CE9D83F1B323B05006D43D8 /* TrustFactor_Dispatch_Wifi.m */; };
		4CE9D87D1B323B05006D43D8 /* Sentegrity_TrustFactor_Output_Object.m in Sources */ = {isa = PBXBuildFile; fileRef = 4CE9D8411B323B05006D43D8 /* Sentegrity_TrustFactor_Output_Object.m */; };
		4CE9D87E1B323B05006D43D8 /* Sentegrity_TrustFactor_Rule.m in Sources */ = {isa = PBXBuildFile; fileRef = 4CE9D8431B323B05006D43D8 /* Sentegrity_TrustFactor_Rule.m */; };
		4CE9D87F1B323B05006D43D8 /* Sentegrity_History_Store.m in Sources */ = {isa = PBXBuildFile; fileRef = 4CE9D8461B323B05006D43D8 /* Sentegrity_History_Store.m */; };
		4CE9D8801B323B05006D43D8 /* Sentegrity_Parser.m in Sources */ = {isa = PBXBuildFile; fileRef = 4CE9D8491B323B05006D43D8 /* Sentegrity_Parser.m */; };
		4CE9D8811B323B05006D43D8 /* ProtectMode.m in Sources */ = {isa = PBXBuildFile; fileRef = 4CE9D84B1B323B05006D43D8 /* ProtectMode.m */; };
		4CE9D8821B323B05006D43D8 /* default.policy in Resources */ = {isa = PBXBuildFile; fileRef = 4CE9D84D1B323B05006D43D8 /* default.policy */; };
		4CE9D8831B323B05006D43D8 /* Default_Policy.plist in Resources */ = {isa = PBXBuildFile; fileRef = 4CE9D84F1B323B05006D43D8 /* Default_Policy.plist */; };
		4CE9D8841B323B05006D43D8 /* Sentegrity_Classification.m in Sources */ = {isa = PBXBuildFile; fileRef = 4CE9D8531B323B05006D43D8 /* Sentegrity_Classification.m */; };
		4CE9D8851B323B05006D43D8 /* Sentegrity_DNEModifiers.m in Sources */ = {isa = PBXBuildFile; fileRef = 4CE9D8561B323B05006D43D8 /* Sentegrity_DNEModifiers.m */; };
		4CE9D8861B323B05006D43D8 /* Sentegrity_Policy.m in Sources */ = {isa = PBXBuildFile; fileRef = 4CE9D8581B323B05006D43D8 /* Sentegrity_Policy.m */; };
		4CE9D8871B323B05006D43D8 /* Sentegrity_Subclassification.m in Sources */ = {isa = PBXBuildFile; fileRef = 4CE9D85B1B323B05006D43D8 /* Sentegrity_Subclassification.m */; };
		4CE9D8881B323B05006D43D8 /* Sentegrity_TrustFactor.m in Sources */ = {isa = PBXBuildFile; fileRef = 4CE9D85E1B323B05006D43D8 /* Sentegrity_TrustFactor.m */; };
		4CE9D8891B323B05006D43D8 /* Sentegrity_Classification+Computation.m in Sources */ = {isa = PBXBuildFile; fileRef = 4CE9D8631B323B05006D43D8 /* Sentegrity_Classification+Computation.m */; };
		4CE9D88A1B323B05006D43D8 /* Sentegrity_Subclassification+Computation.m in Sources */ = {isa = PBXBuildFile; fileRef = 4CE9D8651B323B05006D43D8 /* Sentegrity_Subclassification+Computation.m */; };
		4CE9D88B1B323B05006D43D8 /* Sentegrity_TrustScore_Computation.m in Sources */ = {isa = PBXBuildFile; fileRef = 4CE9D8671B323B05006D43D8 /* Sentegrity_TrustScore_Computation.m */; };
		967786281B6044D500715110 /* TrustFactor_Dispatch_Motion.m in Sources */ = {isa = PBXBuildFile; fileRef = 967786271B6044D500715110 /* TrustFactor_Dispatch_Motion.m */; };
		967786401B6269D900715110 /* oui_all.list in Resources */ = {isa = PBXBuildFile; fileRef = 9677863E1B6269D900715110 /* oui_all.list */; };
		967786411B6269D900715110 /* oui.list in Resources */ = {isa = PBXBuildFile; fileRef = 9677863F1B6269D900715110 /* oui.list */; };
		967786441B62B58100715110 /* Sentegrity_TrustFactor_Dataset_Wifi.m in Sources */ = {isa = PBXBuildFile; fileRef = 967786431B62B58100715110 /* Sentegrity_TrustFactor_Dataset_Wifi.m */; };
		96C0FF281B5BE7E2003F4213 /* Sentegrity_TrustFactor_Dataset_Netstat.m in Sources */ = {isa = PBXBuildFile; fileRef = 96C0FF231B5BE7E2003F4213 /* Sentegrity_TrustFactor_Dataset_Netstat.m */; };
		96C0FF291B5BE7E2003F4213 /* Sentegrity_TrustFactor_Dataset_Process.m in Sources */ = {isa = PBXBuildFile; fileRef = 96C0FF251B5BE7E2003F4213 /* Sentegrity_TrustFactor_Dataset_Process.m */; };
		96C0FF2A1B5BE7E2003F4213 /* Sentegrity_TrustFactor_Dataset_Routes.m in Sources */ = {isa = PBXBuildFile; fileRef = 96C0FF271B5BE7E2003F4213 /* Sentegrity_TrustFactor_Dataset_Routes.m */; };
		96C0FF2C1B5BEC25003F4213 /* Sentegrity_TrustFactor_Dataset_Location.m in Sources */ = {isa = PBXBuildFile; fileRef = 96C0FF2B1B5BEC25003F4213 /* Sentegrity_TrustFactor_Dataset_Location.m */; };
/* End PBXBuildFile section */

/* Begin PBXContainerItemProxy section */
		04A249131B266AC2007D9460 /* PBXContainerItemProxy */ = {
			isa = PBXContainerItemProxy;
			containerPortal = 04A248F11B266AC2007D9460 /* Project object */;
			proxyType = 1;
			remoteGlobalIDString = 04A248F81B266AC2007D9460;
			remoteInfo = Sentegrity;
		};
/* End PBXContainerItemProxy section */

/* Begin PBXFileReference section */
		04A248F91B266AC2007D9460 /* Sentegrity.app */ = {isa = PBXFileReference; explicitFileType = wrapper.application; includeInIndex = 0; path = Sentegrity.app; sourceTree = BUILT_PRODUCTS_DIR; };
		04A248FD1B266AC2007D9460 /* Info.plist */ = {isa = PBXFileReference; lastKnownFileType = text.plist.xml; path = Info.plist; sourceTree = "<group>"; };
		04A248FE1B266AC2007D9460 /* main.m */ = {isa = PBXFileReference; lastKnownFileType = sourcecode.c.objc; path = main.m; sourceTree = "<group>"; };
		04A249001B266AC2007D9460 /* AppDelegate.h */ = {isa = PBXFileReference; lastKnownFileType = sourcecode.c.h; path = AppDelegate.h; sourceTree = "<group>"; };
		04A249011B266AC2007D9460 /* AppDelegate.m */ = {isa = PBXFileReference; lastKnownFileType = sourcecode.c.objc; path = AppDelegate.m; sourceTree = "<group>"; };
		04A249031B266AC2007D9460 /* MainViewController.h */ = {isa = PBXFileReference; lastKnownFileType = sourcecode.c.h; path = MainViewController.h; sourceTree = "<group>"; };
		04A249041B266AC2007D9460 /* MainViewController.m */ = {isa = PBXFileReference; lastKnownFileType = sourcecode.c.objc; path = MainViewController.m; sourceTree = "<group>"; };
		04A249071B266AC2007D9460 /* Base */ = {isa = PBXFileReference; lastKnownFileType = file.storyboard; name = Base; path = Base.lproj/Main.storyboard; sourceTree = "<group>"; };
		04A249091B266AC2007D9460 /* Images.xcassets */ = {isa = PBXFileReference; lastKnownFileType = folder.assetcatalog; path = Images.xcassets; sourceTree = "<group>"; };
		04A2490C1B266AC2007D9460 /* Base */ = {isa = PBXFileReference; lastKnownFileType = file.xib; name = Base; path = Base.lproj/LaunchScreen.xib; sourceTree = "<group>"; };
		04A249121B266AC2007D9460 /* SentegrityTests.xctest */ = {isa = PBXFileReference; explicitFileType = wrapper.cfbundle; includeInIndex = 0; path = SentegrityTests.xctest; sourceTree = BUILT_PRODUCTS_DIR; };
		04A249171B266AC2007D9460 /* Info.plist */ = {isa = PBXFileReference; lastKnownFileType = text.plist.xml; path = Info.plist; sourceTree = "<group>"; };
		04A249181B266AC2007D9460 /* SentegrityTests.m */ = {isa = PBXFileReference; lastKnownFileType = sourcecode.c.objc; path = SentegrityTests.m; sourceTree = "<group>"; };
		04E4030F1B307A1500A1705E /* DINPro-Black.otf */ = {isa = PBXFileReference; lastKnownFileType = file; path = "DINPro-Black.otf"; sourceTree = "<group>"; };
		04E403101B307A1500A1705E /* DINPro-CondBold.otf */ = {isa = PBXFileReference; lastKnownFileType = file; path = "DINPro-CondBold.otf"; sourceTree = "<group>"; };
		04E403111B307A1500A1705E /* DINPro-CondMedium.otf */ = {isa = PBXFileReference; lastKnownFileType = file; path = "DINPro-CondMedium.otf"; sourceTree = "<group>"; };
		04E403121B307A1500A1705E /* DINPro-Regular.otf */ = {isa = PBXFileReference; lastKnownFileType = file; path = "DINPro-Regular.otf"; sourceTree = "<group>"; };
		04E403131B307A1500A1705E /* OpenSans-Bold.ttf */ = {isa = PBXFileReference; lastKnownFileType = file; path = "OpenSans-Bold.ttf"; sourceTree = "<group>"; };
		04E403141B307A1500A1705E /* OpenSans-BoldItalic.ttf */ = {isa = PBXFileReference; lastKnownFileType = file; path = "OpenSans-BoldItalic.ttf"; sourceTree = "<group>"; };
		04E403151B307A1500A1705E /* OpenSans-ExtraBold.ttf */ = {isa = PBXFileReference; lastKnownFileType = file; path = "OpenSans-ExtraBold.ttf"; sourceTree = "<group>"; };
		04E403161B307A1500A1705E /* OpenSans-ExtraBoldItalic.ttf */ = {isa = PBXFileReference; lastKnownFileType = file; path = "OpenSans-ExtraBoldItalic.ttf"; sourceTree = "<group>"; };
		04E403171B307A1500A1705E /* OpenSans-Italic.ttf */ = {isa = PBXFileReference; lastKnownFileType = file; path = "OpenSans-Italic.ttf"; sourceTree = "<group>"; };
		04E403181B307A1500A1705E /* OpenSans-Light.ttf */ = {isa = PBXFileReference; lastKnownFileType = file; path = "OpenSans-Light.ttf"; sourceTree = "<group>"; };
		04E403191B307A1500A1705E /* OpenSans-LightItalic.ttf */ = {isa = PBXFileReference; lastKnownFileType = file; path = "OpenSans-LightItalic.ttf"; sourceTree = "<group>"; };
		04E4031A1B307A1500A1705E /* OpenSans-Regular.ttf */ = {isa = PBXFileReference; lastKnownFileType = file; path = "OpenSans-Regular.ttf"; sourceTree = "<group>"; };
		04E4031B1B307A1500A1705E /* OpenSans-Semibold.ttf */ = {isa = PBXFileReference; lastKnownFileType = file; path = "OpenSans-Semibold.ttf"; sourceTree = "<group>"; };
		04E4031C1B307A1500A1705E /* OpenSans-SemiboldItalic.ttf */ = {isa = PBXFileReference; lastKnownFileType = file; path = "OpenSans-SemiboldItalic.ttf"; sourceTree = "<group>"; };
		42EFD5DFE715E4FE18052085 /* Pods.release.xcconfig */ = {isa = PBXFileReference; includeInIndex = 1; lastKnownFileType = text.xcconfig; name = Pods.release.xcconfig; path = "Pods/Target Support Files/Pods/Pods.release.xcconfig"; sourceTree = "<group>"; };
		4C5393841B2F965D00EA4484 /* loading.gif */ = {isa = PBXFileReference; lastKnownFileType = image.gif; path = loading.gif; sourceTree = "<group>"; };
		4C5393861B2F966700EA4484 /* loadingWhite.gif */ = {isa = PBXFileReference; lastKnownFileType = image.gif; path = loadingWhite.gif; sourceTree = "<group>"; };
		4C9EBE191B2B5B58003ED356 /* RightMenuViewController.h */ = {isa = PBXFileReference; fileEncoding = 4; lastKnownFileType = sourcecode.c.h; path = RightMenuViewController.h; sourceTree = "<group>"; };
		4C9EBE1A1B2B5B58003ED356 /* RightMenuViewController.m */ = {isa = PBXFileReference; fileEncoding = 4; lastKnownFileType = sourcecode.c.objc; path = RightMenuViewController.m; sourceTree = "<group>"; };
		4CE9D8061B2FA606006D43D8 /* DINPro-Bold.otf */ = {isa = PBXFileReference; lastKnownFileType = file; path = "DINPro-Bold.otf"; sourceTree = "<group>"; };
		4CE9D80C1B323847006D43D8 /* 3rd Party Library Notes.rtf */ = {isa = PBXFileReference; fileEncoding = 4; lastKnownFileType = text.rtf; path = "3rd Party Library Notes.rtf"; sourceTree = "<group>"; };
		4CE9D8121B323B05006D43D8 /* Sentegrity_Assertion_Store.h */ = {isa = PBXFileReference; fileEncoding = 4; lastKnownFileType = sourcecode.c.h; path = Sentegrity_Assertion_Store.h; sourceTree = "<group>"; };
		4CE9D8131B323B05006D43D8 /* Sentegrity_Assertion_Store.m */ = {isa = PBXFileReference; fileEncoding = 4; lastKnownFileType = sourcecode.c.objc; path = Sentegrity_Assertion_Store.m; sourceTree = "<group>"; };
		4CE9D8141B323B05006D43D8 /* Sentegrity_Stored_TrustFactor_Object.h */ = {isa = PBXFileReference; fileEncoding = 4; lastKnownFileType = sourcecode.c.h; path = Sentegrity_Stored_TrustFactor_Object.h; sourceTree = "<group>"; };
		4CE9D8151B323B05006D43D8 /* Sentegrity_Stored_TrustFactor_Object.m */ = {isa = PBXFileReference; fileEncoding = 4; lastKnownFileType = sourcecode.c.objc; path = Sentegrity_Stored_TrustFactor_Object.m; sourceTree = "<group>"; };
		4CE9D8161B323B05006D43D8 /* Sentegrity_TrustFactor_Storage.h */ = {isa = PBXFileReference; fileEncoding = 4; lastKnownFileType = sourcecode.c.h; path = Sentegrity_TrustFactor_Storage.h; sourceTree = "<group>"; };
		4CE9D8171B323B05006D43D8 /* Sentegrity_TrustFactor_Storage.m */ = {isa = PBXFileReference; fileEncoding = 4; lastKnownFileType = sourcecode.c.objc; path = Sentegrity_TrustFactor_Storage.m; sourceTree = "<group>"; };
		4CE9D8191B323B05006D43D8 /* Sentegrity_Baseline_Analysis.h */ = {isa = PBXFileReference; fileEncoding = 4; lastKnownFileType = sourcecode.c.h; path = Sentegrity_Baseline_Analysis.h; sourceTree = "<group>"; };
		4CE9D81A1B323B05006D43D8 /* Sentegrity_Baseline_Analysis.m */ = {isa = PBXFileReference; fileEncoding = 4; lastKnownFileType = sourcecode.c.objc; path = Sentegrity_Baseline_Analysis.m; sourceTree = "<group>"; };
		4CE9D81B1B323B05006D43D8 /* CoreDetection.h */ = {isa = PBXFileReference; fileEncoding = 4; lastKnownFileType = sourcecode.c.h; path = CoreDetection.h; sourceTree = "<group>"; };
		4CE9D81C1B323B05006D43D8 /* CoreDetection.m */ = {isa = PBXFileReference; fileEncoding = 4; lastKnownFileType = sourcecode.c.objc; path = CoreDetection.m; sourceTree = "<group>"; };
		4CE9D81E1B323B05006D43D8 /* Sentegrity_TrustFactor_Dispatcher.h */ = {isa = PBXFileReference; fileEncoding = 4; lastKnownFileType = sourcecode.c.h; path = Sentegrity_TrustFactor_Dispatcher.h; sourceTree = "<group>"; };
		4CE9D81F1B323B05006D43D8 /* Sentegrity_TrustFactor_Dispatcher.m */ = {isa = PBXFileReference; fileEncoding = 4; lastKnownFileType = sourcecode.c.objc; path = Sentegrity_TrustFactor_Dispatcher.m; sourceTree = "<group>"; };
		4CE9D8221B323B05006D43D8 /* TrustFactor_Dispatch_Activity.h */ = {isa = PBXFileReference; fileEncoding = 4; lastKnownFileType = sourcecode.c.h; path = TrustFactor_Dispatch_Activity.h; sourceTree = "<group>"; };
		4CE9D8231B323B05006D43D8 /* TrustFactor_Dispatch_Activity.m */ = {isa = PBXFileReference; fileEncoding = 4; lastKnownFileType = sourcecode.c.objc; path = TrustFactor_Dispatch_Activity.m; sourceTree = "<group>"; };
		4CE9D8241B323B05006D43D8 /* TrustFactor_Dispatch_Bluetooth.h */ = {isa = PBXFileReference; fileEncoding = 4; lastKnownFileType = sourcecode.c.h; path = TrustFactor_Dispatch_Bluetooth.h; sourceTree = "<group>"; };
		4CE9D8251B323B05006D43D8 /* TrustFactor_Dispatch_Bluetooth.m */ = {isa = PBXFileReference; fileEncoding = 4; lastKnownFileType = sourcecode.c.objc; path = TrustFactor_Dispatch_Bluetooth.m; sourceTree = "<group>"; };
		4CE9D8261B323B05006D43D8 /* TrustFactor_Dispatch_File.h */ = {isa = PBXFileReference; fileEncoding = 4; lastKnownFileType = sourcecode.c.h; path = TrustFactor_Dispatch_File.h; sourceTree = "<group>"; };
		4CE9D8271B323B05006D43D8 /* TrustFactor_Dispatch_File.m */ = {isa = PBXFileReference; fileEncoding = 4; lastKnownFileType = sourcecode.c.objc; path = TrustFactor_Dispatch_File.m; sourceTree = "<group>"; };
		4CE9D8281B323B05006D43D8 /* TrustFactor_Dispatch_Http.h */ = {isa = PBXFileReference; fileEncoding = 4; lastKnownFileType = sourcecode.c.h; path = TrustFactor_Dispatch_Http.h; sourceTree = "<group>"; };
		4CE9D8291B323B05006D43D8 /* TrustFactor_Dispatch_Http.m */ = {isa = PBXFileReference; fileEncoding = 4; lastKnownFileType = sourcecode.c.objc; path = TrustFactor_Dispatch_Http.m; sourceTree = "<group>"; };
		4CE9D82A1B323B05006D43D8 /* TrustFactor_Dispatch_Location.h */ = {isa = PBXFileReference; fileEncoding = 4; lastKnownFileType = sourcecode.c.h; path = TrustFactor_Dispatch_Location.h; sourceTree = "<group>"; };
		4CE9D82B1B323B05006D43D8 /* TrustFactor_Dispatch_Location.m */ = {isa = PBXFileReference; fileEncoding = 4; lastKnownFileType = sourcecode.c.objc; path = TrustFactor_Dispatch_Location.m; sourceTree = "<group>"; };
		4CE9D82C1B323B05006D43D8 /* TrustFactor_Dispatch_Netstat.h */ = {isa = PBXFileReference; fileEncoding = 4; lastKnownFileType = sourcecode.c.h; path = TrustFactor_Dispatch_Netstat.h; sourceTree = "<group>"; };
		4CE9D82D1B323B05006D43D8 /* TrustFactor_Dispatch_Netstat.m */ = {isa = PBXFileReference; fileEncoding = 4; lastKnownFileType = sourcecode.c.objc; path = TrustFactor_Dispatch_Netstat.m; sourceTree = "<group>"; };
		4CE9D82E1B323B05006D43D8 /* TrustFactor_Dispatch_Platform.h */ = {isa = PBXFileReference; fileEncoding = 4; lastKnownFileType = sourcecode.c.h; path = TrustFactor_Dispatch_Platform.h; sourceTree = "<group>"; };
		4CE9D82F1B323B05006D43D8 /* TrustFactor_Dispatch_Platform.m */ = {isa = PBXFileReference; fileEncoding = 4; lastKnownFileType = sourcecode.c.objc; path = TrustFactor_Dispatch_Platform.m; sourceTree = "<group>"; };
		4CE9D8301B323B05006D43D8 /* TrustFactor_Dispatch_Process.h */ = {isa = PBXFileReference; fileEncoding = 4; lastKnownFileType = sourcecode.c.h; path = TrustFactor_Dispatch_Process.h; sourceTree = "<group>"; };
		4CE9D8311B323B05006D43D8 /* TrustFactor_Dispatch_Process.m */ = {isa = PBXFileReference; fileEncoding = 4; lastKnownFileType = sourcecode.c.objc; path = TrustFactor_Dispatch_Process.m; sourceTree = "<group>"; };
		4CE9D8321B323B05006D43D8 /* TrustFactor_Dispatch_Route.h */ = {isa = PBXFileReference; fileEncoding = 4; lastKnownFileType = sourcecode.c.h; path = TrustFactor_Dispatch_Route.h; sourceTree = "<group>"; };
		4CE9D8331B323B05006D43D8 /* TrustFactor_Dispatch_Route.m */ = {isa = PBXFileReference; fileEncoding = 4; lastKnownFileType = sourcecode.c.objc; path = TrustFactor_Dispatch_Route.m; sourceTree = "<group>"; };
		4CE9D8341B323B05006D43D8 /* TrustFactor_Dispatch_Sandbox.h */ = {isa = PBXFileReference; fileEncoding = 4; lastKnownFileType = sourcecode.c.h; path = TrustFactor_Dispatch_Sandbox.h; sourceTree = "<group>"; };
		4CE9D8351B323B05006D43D8 /* TrustFactor_Dispatch_Sandbox.m */ = {isa = PBXFileReference; fileEncoding = 4; lastKnownFileType = sourcecode.c.objc; path = TrustFactor_Dispatch_Sandbox.m; sourceTree = "<group>"; };
		4CE9D8361B323B05006D43D8 /* TrustFactor_Dispatch_Scan.h */ = {isa = PBXFileReference; fileEncoding = 4; lastKnownFileType = sourcecode.c.h; path = TrustFactor_Dispatch_Scan.h; sourceTree = "<group>"; };
		4CE9D8371B323B05006D43D8 /* TrustFactor_Dispatch_Scan.m */ = {isa = PBXFileReference; fileEncoding = 4; lastKnownFileType = sourcecode.c.objc; path = TrustFactor_Dispatch_Scan.m; sourceTree = "<group>"; };
		4CE9D8381B323B05006D43D8 /* TrustFactor_Dispatch_Sensor.h */ = {isa = PBXFileReference; fileEncoding = 4; lastKnownFileType = sourcecode.c.h; path = TrustFactor_Dispatch_Sensor.h; sourceTree = "<group>"; };
		4CE9D8391B323B05006D43D8 /* TrustFactor_Dispatch_Sensor.m */ = {isa = PBXFileReference; fileEncoding = 4; lastKnownFileType = sourcecode.c.objc; path = TrustFactor_Dispatch_Sensor.m; sourceTree = "<group>"; };
		4CE9D83A1B323B05006D43D8 /* TrustFactor_Dispatch_Sentegrity.h */ = {isa = PBXFileReference; fileEncoding = 4; lastKnownFileType = sourcecode.c.h; path = TrustFactor_Dispatch_Sentegrity.h; sourceTree = "<group>"; };
		4CE9D83B1B323B05006D43D8 /* TrustFactor_Dispatch_Sentegrity.m */ = {isa = PBXFileReference; fileEncoding = 4; lastKnownFileType = sourcecode.c.objc; path = TrustFactor_Dispatch_Sentegrity.m; sourceTree = "<group>"; };
		4CE9D83C1B323B05006D43D8 /* TrustFactor_Dispatch_Time.h */ = {isa = PBXFileReference; fileEncoding = 4; lastKnownFileType = sourcecode.c.h; path = TrustFactor_Dispatch_Time.h; sourceTree = "<group>"; };
		4CE9D83D1B323B05006D43D8 /* TrustFactor_Dispatch_Time.m */ = {isa = PBXFileReference; fileEncoding = 4; lastKnownFileType = sourcecode.c.objc; path = TrustFactor_Dispatch_Time.m; sourceTree = "<group>"; };
		4CE9D83E1B323B05006D43D8 /* TrustFactor_Dispatch_Wifi.h */ = {isa = PBXFileReference; fileEncoding = 4; lastKnownFileType = sourcecode.c.h; path = TrustFactor_Dispatch_Wifi.h; sourceTree = "<group>"; };
		4CE9D83F1B323B05006D43D8 /* TrustFactor_Dispatch_Wifi.m */ = {isa = PBXFileReference; fileEncoding = 4; lastKnownFileType = sourcecode.c.objc; path = TrustFactor_Dispatch_Wifi.m; sourceTree = "<group>"; };
		4CE9D8401B323B05006D43D8 /* Sentegrity_TrustFactor_Output_Object.h */ = {isa = PBXFileReference; fileEncoding = 4; lastKnownFileType = sourcecode.c.h; path = Sentegrity_TrustFactor_Output_Object.h; sourceTree = "<group>"; };
		4CE9D8411B323B05006D43D8 /* Sentegrity_TrustFactor_Output_Object.m */ = {isa = PBXFileReference; fileEncoding = 4; lastKnownFileType = sourcecode.c.objc; path = Sentegrity_TrustFactor_Output_Object.m; sourceTree = "<group>"; };
		4CE9D8421B323B05006D43D8 /* Sentegrity_TrustFactor_Rule.h */ = {isa = PBXFileReference; fileEncoding = 4; lastKnownFileType = sourcecode.c.h; path = Sentegrity_TrustFactor_Rule.h; sourceTree = "<group>"; };
		4CE9D8431B323B05006D43D8 /* Sentegrity_TrustFactor_Rule.m */ = {isa = PBXFileReference; fileEncoding = 4; lastKnownFileType = sourcecode.c.objc; path = Sentegrity_TrustFactor_Rule.m; sourceTree = "<group>"; };
		4CE9D8451B323B05006D43D8 /* Sentegrity_History_Store.h */ = {isa = PBXFileReference; fileEncoding = 4; lastKnownFileType = sourcecode.c.h; path = Sentegrity_History_Store.h; sourceTree = "<group>"; };
		4CE9D8461B323B05006D43D8 /* Sentegrity_History_Store.m */ = {isa = PBXFileReference; fileEncoding = 4; lastKnownFileType = sourcecode.c.objc; path = Sentegrity_History_Store.m; sourceTree = "<group>"; };
		4CE9D8481B323B05006D43D8 /* Sentegrity_Parser.h */ = {isa = PBXFileReference; fileEncoding = 4; lastKnownFileType = sourcecode.c.h; path = Sentegrity_Parser.h; sourceTree = "<group>"; };
		4CE9D8491B323B05006D43D8 /* Sentegrity_Parser.m */ = {isa = PBXFileReference; fileEncoding = 4; lastKnownFileType = sourcecode.c.objc; path = Sentegrity_Parser.m; sourceTree = "<group>"; };
		4CE9D84A1B323B05006D43D8 /* ProtectMode.h */ = {isa = PBXFileReference; fileEncoding = 4; lastKnownFileType = sourcecode.c.h; path = ProtectMode.h; sourceTree = "<group>"; };
		4CE9D84B1B323B05006D43D8 /* ProtectMode.m */ = {isa = PBXFileReference; fileEncoding = 4; lastKnownFileType = sourcecode.c.objc; path = ProtectMode.m; sourceTree = "<group>"; };
		4CE9D84D1B323B05006D43D8 /* default.policy */ = {isa = PBXFileReference; fileEncoding = 4; lastKnownFileType = text; path = default.policy; sourceTree = "<group>"; };
		4CE9D84F1B323B05006D43D8 /* Default_Policy.plist */ = {isa = PBXFileReference; fileEncoding = 4; lastKnownFileType = text.plist.xml; path = Default_Policy.plist; sourceTree = "<group>"; };
		4CE9D8521B323B05006D43D8 /* Sentegrity_Classification.h */ = {isa = PBXFileReference; fileEncoding = 4; lastKnownFileType = sourcecode.c.h; path = Sentegrity_Classification.h; sourceTree = "<group>"; };
		4CE9D8531B323B05006D43D8 /* Sentegrity_Classification.m */ = {isa = PBXFileReference; fileEncoding = 4; lastKnownFileType = sourcecode.c.objc; path = Sentegrity_Classification.m; sourceTree = "<group>"; };
		4CE9D8551B323B05006D43D8 /* Sentegrity_DNEModifiers.h */ = {isa = PBXFileReference; fileEncoding = 4; lastKnownFileType = sourcecode.c.h; path = Sentegrity_DNEModifiers.h; sourceTree = "<group>"; };
		4CE9D8561B323B05006D43D8 /* Sentegrity_DNEModifiers.m */ = {isa = PBXFileReference; fileEncoding = 4; lastKnownFileType = sourcecode.c.objc; path = Sentegrity_DNEModifiers.m; sourceTree = "<group>"; };
		4CE9D8571B323B05006D43D8 /* Sentegrity_Policy.h */ = {isa = PBXFileReference; fileEncoding = 4; lastKnownFileType = sourcecode.c.h; path = Sentegrity_Policy.h; sourceTree = "<group>"; };
		4CE9D8581B323B05006D43D8 /* Sentegrity_Policy.m */ = {isa = PBXFileReference; fileEncoding = 4; lastKnownFileType = sourcecode.c.objc; path = Sentegrity_Policy.m; sourceTree = "<group>"; };
		4CE9D85A1B323B05006D43D8 /* Sentegrity_Subclassification.h */ = {isa = PBXFileReference; fileEncoding = 4; lastKnownFileType = sourcecode.c.h; path = Sentegrity_Subclassification.h; sourceTree = "<group>"; };
		4CE9D85B1B323B05006D43D8 /* Sentegrity_Subclassification.m */ = {isa = PBXFileReference; fileEncoding = 4; lastKnownFileType = sourcecode.c.objc; path = Sentegrity_Subclassification.m; sourceTree = "<group>"; };
		4CE9D85D1B323B05006D43D8 /* Sentegrity_TrustFactor.h */ = {isa = PBXFileReference; fileEncoding = 4; lastKnownFileType = sourcecode.c.h; path = Sentegrity_TrustFactor.h; sourceTree = "<group>"; };
		4CE9D85E1B323B05006D43D8 /* Sentegrity_TrustFactor.m */ = {isa = PBXFileReference; fileEncoding = 4; lastKnownFileType = sourcecode.c.objc; path = Sentegrity_TrustFactor.m; sourceTree = "<group>"; };
		4CE9D85F1B323B05006D43D8 /* Sentegrity.h */ = {isa = PBXFileReference; fileEncoding = 4; lastKnownFileType = sourcecode.c.h; path = Sentegrity.h; sourceTree = "<group>"; };
		4CE9D8601B323B05006D43D8 /* Sentegrity_Constants.h */ = {isa = PBXFileReference; fileEncoding = 4; lastKnownFileType = sourcecode.c.h; path = Sentegrity_Constants.h; sourceTree = "<group>"; };
		4CE9D8621B323B05006D43D8 /* Sentegrity_Classification+Computation.h */ = {isa = PBXFileReference; fileEncoding = 4; lastKnownFileType = sourcecode.c.h; path = "Sentegrity_Classification+Computation.h"; sourceTree = "<group>"; };
		4CE9D8631B323B05006D43D8 /* Sentegrity_Classification+Computation.m */ = {isa = PBXFileReference; fileEncoding = 4; lastKnownFileType = sourcecode.c.objc; path = "Sentegrity_Classification+Computation.m"; sourceTree = "<group>"; };
		4CE9D8641B323B05006D43D8 /* Sentegrity_Subclassification+Computation.h */ = {isa = PBXFileReference; fileEncoding = 4; lastKnownFileType = sourcecode.c.h; path = "Sentegrity_Subclassification+Computation.h"; sourceTree = "<group>"; };
		4CE9D8651B323B05006D43D8 /* Sentegrity_Subclassification+Computation.m */ = {isa = PBXFileReference; fileEncoding = 4; lastKnownFileType = sourcecode.c.objc; path = "Sentegrity_Subclassification+Computation.m"; sourceTree = "<group>"; };
		4CE9D8661B323B05006D43D8 /* Sentegrity_TrustScore_Computation.h */ = {isa = PBXFileReference; fileEncoding = 4; lastKnownFileType = sourcecode.c.h; path = Sentegrity_TrustScore_Computation.h; sourceTree = "<group>"; };
		4CE9D8671B323B05006D43D8 /* Sentegrity_TrustScore_Computation.m */ = {isa = PBXFileReference; fileEncoding = 4; lastKnownFileType = sourcecode.c.objc; path = Sentegrity_TrustScore_Computation.m; sourceTree = "<group>"; };
		967786271B6044D500715110 /* TrustFactor_Dispatch_Motion.m */ = {isa = PBXFileReference; fileEncoding = 4; lastKnownFileType = sourcecode.c.objc; path = TrustFactor_Dispatch_Motion.m; sourceTree = "<group>"; };
		967786291B6044EB00715110 /* TrustFactor_Dispatch_Motion.h */ = {isa = PBXFileReference; lastKnownFileType = sourcecode.c.h; path = TrustFactor_Dispatch_Motion.h; sourceTree = "<group>"; };
		9677863E1B6269D900715110 /* oui_all.list */ = {isa = PBXFileReference; fileEncoding = 4; lastKnownFileType = text; path = oui_all.list; sourceTree = "<group>"; };
		9677863F1B6269D900715110 /* oui.list */ = {isa = PBXFileReference; fileEncoding = 4; lastKnownFileType = text; path = oui.list; sourceTree = "<group>"; };
		967786421B62B56900715110 /* Sentegrity_TrustFactor_Dataset_Wifi.h */ = {isa = PBXFileReference; lastKnownFileType = sourcecode.c.h; path = Sentegrity_TrustFactor_Dataset_Wifi.h; sourceTree = "<group>"; };
		967786431B62B58100715110 /* Sentegrity_TrustFactor_Dataset_Wifi.m */ = {isa = PBXFileReference; fileEncoding = 4; lastKnownFileType = sourcecode.c.objc; path = Sentegrity_TrustFactor_Dataset_Wifi.m; sourceTree = "<group>"; };
		96C0FEFE1B5BE7D5003F4213 /* clock.h */ = {isa = PBXFileReference; fileEncoding = 4; lastKnownFileType = sourcecode.c.h; path = clock.h; sourceTree = "<group>"; };
		96C0FEFF1B5BE7D5003F4213 /* ev.h */ = {isa = PBXFileReference; fileEncoding = 4; lastKnownFileType = sourcecode.c.h; path = ev.h; sourceTree = "<group>"; };
		96C0FF001B5BE7D5003F4213 /* kern_types.h */ = {isa = PBXFileReference; fileEncoding = 4; lastKnownFileType = sourcecode.c.h; path = kern_types.h; sourceTree = "<group>"; };
		96C0FF011B5BE7D5003F4213 /* kext_net.h */ = {isa = PBXFileReference; fileEncoding = 4; lastKnownFileType = sourcecode.c.h; path = kext_net.h; sourceTree = "<group>"; };
		96C0FF031B5BE7D5003F4213 /* bootp.h */ = {isa = PBXFileReference; fileEncoding = 4; lastKnownFileType = sourcecode.c.h; path = bootp.h; sourceTree = "<group>"; };
		96C0FF041B5BE7D5003F4213 /* icmp6.h */ = {isa = PBXFileReference; fileEncoding = 4; lastKnownFileType = sourcecode.c.h; path = icmp6.h; sourceTree = "<group>"; };
		96C0FF051B5BE7D5003F4213 /* icmp_var.h */ = {isa = PBXFileReference; fileEncoding = 4; lastKnownFileType = sourcecode.c.h; path = icmp_var.h; sourceTree = "<group>"; };
		96C0FF061B5BE7D5003F4213 /* if_ether.h */ = {isa = PBXFileReference; fileEncoding = 4; lastKnownFileType = sourcecode.c.h; path = if_ether.h; sourceTree = "<group>"; };
		96C0FF071B5BE7D5003F4213 /* igmp.h */ = {isa = PBXFileReference; fileEncoding = 4; lastKnownFileType = sourcecode.c.h; path = igmp.h; sourceTree = "<group>"; };
		96C0FF081B5BE7D5003F4213 /* igmp_var.h */ = {isa = PBXFileReference; fileEncoding = 4; lastKnownFileType = sourcecode.c.h; path = igmp_var.h; sourceTree = "<group>"; };
		96C0FF091B5BE7D5003F4213 /* in.h */ = {isa = PBXFileReference; fileEncoding = 4; lastKnownFileType = sourcecode.c.h; path = in.h; sourceTree = "<group>"; };
		96C0FF0A1B5BE7D5003F4213 /* in_arp.h */ = {isa = PBXFileReference; fileEncoding = 4; lastKnownFileType = sourcecode.c.h; path = in_arp.h; sourceTree = "<group>"; };
		96C0FF0B1B5BE7D5003F4213 /* in_pcb.h */ = {isa = PBXFileReference; fileEncoding = 4; lastKnownFileType = sourcecode.c.h; path = in_pcb.h; sourceTree = "<group>"; };
		96C0FF0C1B5BE7D5003F4213 /* in_systm.h */ = {isa = PBXFileReference; fileEncoding = 4; lastKnownFileType = sourcecode.c.h; path = in_systm.h; sourceTree = "<group>"; };
		96C0FF0D1B5BE7D5003F4213 /* in_var.h */ = {isa = PBXFileReference; fileEncoding = 4; lastKnownFileType = sourcecode.c.h; path = in_var.h; sourceTree = "<group>"; };
		96C0FF0E1B5BE7D5003F4213 /* ip.h */ = {isa = PBXFileReference; fileEncoding = 4; lastKnownFileType = sourcecode.c.h; path = ip.h; sourceTree = "<group>"; };
		96C0FF0F1B5BE7D5003F4213 /* ip6.h */ = {isa = PBXFileReference; fileEncoding = 4; lastKnownFileType = sourcecode.c.h; path = ip6.h; sourceTree = "<group>"; };
		96C0FF101B5BE7D5003F4213 /* ip_icmp.h */ = {isa = PBXFileReference; fileEncoding = 4; lastKnownFileType = sourcecode.c.h; path = ip_icmp.h; sourceTree = "<group>"; };
		96C0FF111B5BE7D5003F4213 /* ip_mroute.h */ = {isa = PBXFileReference; fileEncoding = 4; lastKnownFileType = sourcecode.c.h; path = ip_mroute.h; sourceTree = "<group>"; };
		96C0FF121B5BE7D5003F4213 /* ip_var.h */ = {isa = PBXFileReference; fileEncoding = 4; lastKnownFileType = sourcecode.c.h; path = ip_var.h; sourceTree = "<group>"; };
		96C0FF131B5BE7D5003F4213 /* kpi_ipfilter.h */ = {isa = PBXFileReference; fileEncoding = 4; lastKnownFileType = sourcecode.c.h; path = kpi_ipfilter.h; sourceTree = "<group>"; };
		96C0FF141B5BE7D5003F4213 /* tcp.h */ = {isa = PBXFileReference; fileEncoding = 4; lastKnownFileType = sourcecode.c.h; path = tcp.h; sourceTree = "<group>"; };
		96C0FF151B5BE7D5003F4213 /* tcp_fsm.h */ = {isa = PBXFileReference; fileEncoding = 4; lastKnownFileType = sourcecode.c.h; path = tcp_fsm.h; sourceTree = "<group>"; };
		96C0FF161B5BE7D5003F4213 /* tcp_seq.h */ = {isa = PBXFileReference; fileEncoding = 4; lastKnownFileType = sourcecode.c.h; path = tcp_seq.h; sourceTree = "<group>"; };
		96C0FF171B5BE7D5003F4213 /* tcp_timer.h */ = {isa = PBXFileReference; fileEncoding = 4; lastKnownFileType = sourcecode.c.h; path = tcp_timer.h; sourceTree = "<group>"; };
		96C0FF181B5BE7D5003F4213 /* tcp_var.h */ = {isa = PBXFileReference; fileEncoding = 4; lastKnownFileType = sourcecode.c.h; path = tcp_var.h; sourceTree = "<group>"; };
		96C0FF191B5BE7D5003F4213 /* tcpip.h */ = {isa = PBXFileReference; fileEncoding = 4; lastKnownFileType = sourcecode.c.h; path = tcpip.h; sourceTree = "<group>"; };
		96C0FF1A1B5BE7D5003F4213 /* udp.h */ = {isa = PBXFileReference; fileEncoding = 4; lastKnownFileType = sourcecode.c.h; path = udp.h; sourceTree = "<group>"; };
		96C0FF1B1B5BE7D5003F4213 /* udp_var.h */ = {isa = PBXFileReference; fileEncoding = 4; lastKnownFileType = sourcecode.c.h; path = udp_var.h; sourceTree = "<group>"; };
		96C0FF1C1B5BE7D5003F4213 /* netstat.h */ = {isa = PBXFileReference; fileEncoding = 4; lastKnownFileType = sourcecode.c.h; path = netstat.h; sourceTree = "<group>"; };
		96C0FF1D1B5BE7D5003F4213 /* route.h */ = {isa = PBXFileReference; fileEncoding = 4; lastKnownFileType = sourcecode.c.h; path = route.h; sourceTree = "<group>"; };
		96C0FF1E1B5BE7D5003F4213 /* socketvar.h */ = {isa = PBXFileReference; fileEncoding = 4; lastKnownFileType = sourcecode.c.h; path = socketvar.h; sourceTree = "<group>"; };
		96C0FF1F1B5BE7D5003F4213 /* thread_call.h */ = {isa = PBXFileReference; fileEncoding = 4; lastKnownFileType = sourcecode.c.h; path = thread_call.h; sourceTree = "<group>"; };
		96C0FF201B5BE7D5003F4213 /* otherConnectionHeaders.h */ = {isa = PBXFileReference; fileEncoding = 4; lastKnownFileType = sourcecode.c.h; path = otherConnectionHeaders.h; sourceTree = "<group>"; };
		96C0FF221B5BE7E2003F4213 /* Sentegrity_TrustFactor_Dataset_Netstat.h */ = {isa = PBXFileReference; fileEncoding = 4; lastKnownFileType = sourcecode.c.h; path = Sentegrity_TrustFactor_Dataset_Netstat.h; sourceTree = "<group>"; };
		96C0FF231B5BE7E2003F4213 /* Sentegrity_TrustFactor_Dataset_Netstat.m */ = {isa = PBXFileReference; fileEncoding = 4; lastKnownFileType = sourcecode.c.objc; path = Sentegrity_TrustFactor_Dataset_Netstat.m; sourceTree = "<group>"; };
		96C0FF241B5BE7E2003F4213 /* Sentegrity_TrustFactor_Dataset_Process.h */ = {isa = PBXFileReference; fileEncoding = 4; lastKnownFileType = sourcecode.c.h; path = Sentegrity_TrustFactor_Dataset_Process.h; sourceTree = "<group>"; };
		96C0FF251B5BE7E2003F4213 /* Sentegrity_TrustFactor_Dataset_Process.m */ = {isa = PBXFileReference; fileEncoding = 4; lastKnownFileType = sourcecode.c.objc; path = Sentegrity_TrustFactor_Dataset_Process.m; sourceTree = "<group>"; };
		96C0FF261B5BE7E2003F4213 /* Sentegrity_TrustFactor_Dataset_Routes.h */ = {isa = PBXFileReference; fileEncoding = 4; lastKnownFileType = sourcecode.c.h; path = Sentegrity_TrustFactor_Dataset_Routes.h; sourceTree = "<group>"; };
		96C0FF271B5BE7E2003F4213 /* Sentegrity_TrustFactor_Dataset_Routes.m */ = {isa = PBXFileReference; fileEncoding = 4; lastKnownFileType = sourcecode.c.objc; path = Sentegrity_TrustFactor_Dataset_Routes.m; sourceTree = "<group>"; };
		96C0FF2B1B5BEC25003F4213 /* Sentegrity_TrustFactor_Dataset_Location.m */ = {isa = PBXFileReference; fileEncoding = 4; lastKnownFileType = sourcecode.c.objc; path = Sentegrity_TrustFactor_Dataset_Location.m; sourceTree = "<group>"; };
		96C0FF2D1B5BEC3C003F4213 /* Sentegrity_TrustFactor_Dataset_Location.h */ = {isa = PBXFileReference; lastKnownFileType = sourcecode.c.h; path = Sentegrity_TrustFactor_Dataset_Location.h; sourceTree = "<group>"; };
		A861559935991A5C1535CE5A /* Pods.debug.xcconfig */ = {isa = PBXFileReference; includeInIndex = 1; lastKnownFileType = text.xcconfig; name = Pods.debug.xcconfig; path = "Pods/Target Support Files/Pods/Pods.debug.xcconfig"; sourceTree = "<group>"; };
		F48570A0D36F3F3E38C7B515 /* libPods.a */ = {isa = PBXFileReference; explicitFileType = archive.ar; includeInIndex = 0; path = libPods.a; sourceTree = BUILT_PRODUCTS_DIR; };
/* End PBXFileReference section */

/* Begin PBXFrameworksBuildPhase section */
		04A248F61B266AC2007D9460 /* Frameworks */ = {
			isa = PBXFrameworksBuildPhase;
			buildActionMask = 2147483647;
			files = (
				4AAF480942FD8A13AE2789F8 /* libPods.a in Frameworks */,
			);
			runOnlyForDeploymentPostprocessing = 0;
		};
		04A2490F1B266AC2007D9460 /* Frameworks */ = {
			isa = PBXFrameworksBuildPhase;
			buildActionMask = 2147483647;
			files = (
			);
			runOnlyForDeploymentPostprocessing = 0;
		};
/* End PBXFrameworksBuildPhase section */

/* Begin PBXGroup section */
		04A248F01B266AC2007D9460 = {
			isa = PBXGroup;
			children = (
				4CE9D8101B323B05006D43D8 /* Core Detection */,
				04A248FB1B266AC2007D9460 /* Sentegrity */,
				04A249151B266AC2007D9460 /* SentegrityTests */,
				04A248FA1B266AC2007D9460 /* Products */,
				BCE0E0550A85C5B5C27375E3 /* Pods */,
				4A3429CBBD5FF34D6202962E /* Frameworks */,
			);
			sourceTree = "<group>";
		};
		04A248FA1B266AC2007D9460 /* Products */ = {
			isa = PBXGroup;
			children = (
				04A248F91B266AC2007D9460 /* Sentegrity.app */,
				04A249121B266AC2007D9460 /* SentegrityTests.xctest */,
			);
			name = Products;
			sourceTree = "<group>";
		};
		04A248FB1B266AC2007D9460 /* Sentegrity */ = {
			isa = PBXGroup;
			children = (
				4CE9D80A1B3233D2006D43D8 /* AppDelegate */,
				4CE9D8081B3233B2006D43D8 /* MainViewController */,
				4CE9D8091B3233C1006D43D8 /* RightMenuViewController */,
				4CE9D80B1B3233DC006D43D8 /* StoryBoards */,
				04A248FC1B266AC2007D9460 /* Supporting Files */,
			);
			path = Sentegrity;
			sourceTree = "<group>";
		};
		04A248FC1B266AC2007D9460 /* Supporting Files */ = {
			isa = PBXGroup;
			children = (
				4CE9D8051B2FA5E5006D43D8 /* Fonts */,
				4C5393831B2F965200EA4484 /* Gifs */,
				04A248FD1B266AC2007D9460 /* Info.plist */,
				04A248FE1B266AC2007D9460 /* main.m */,
				4CE9D80C1B323847006D43D8 /* 3rd Party Library Notes.rtf */,
				04A249091B266AC2007D9460 /* Images.xcassets */,
			);
			path = "Supporting Files";
			sourceTree = "<group>";
		};
		04A249151B266AC2007D9460 /* SentegrityTests */ = {
			isa = PBXGroup;
			children = (
				04A249181B266AC2007D9460 /* SentegrityTests.m */,
				04A249161B266AC2007D9460 /* Supporting Files */,
			);
			path = SentegrityTests;
			sourceTree = "<group>";
		};
		04A249161B266AC2007D9460 /* Supporting Files */ = {
			isa = PBXGroup;
			children = (
				04A249171B266AC2007D9460 /* Info.plist */,
			);
			path = "Supporting Files";
			sourceTree = "<group>";
		};
		4A3429CBBD5FF34D6202962E /* Frameworks */ = {
			isa = PBXGroup;
			children = (
				F48570A0D36F3F3E38C7B515 /* libPods.a */,
			);
			name = Frameworks;
			sourceTree = "<group>";
		};
		4C5393831B2F965200EA4484 /* Gifs */ = {
			isa = PBXGroup;
			children = (
				4C5393841B2F965D00EA4484 /* loading.gif */,
				4C5393861B2F966700EA4484 /* loadingWhite.gif */,
			);
			path = Gifs;
			sourceTree = "<group>";
		};
		4CE9D8051B2FA5E5006D43D8 /* Fonts */ = {
			isa = PBXGroup;
			children = (
				04E4030F1B307A1500A1705E /* DINPro-Black.otf */,
				4CE9D8061B2FA606006D43D8 /* DINPro-Bold.otf */,
				04E403101B307A1500A1705E /* DINPro-CondBold.otf */,
				04E403111B307A1500A1705E /* DINPro-CondMedium.otf */,
				04E403121B307A1500A1705E /* DINPro-Regular.otf */,
				04E403131B307A1500A1705E /* OpenSans-Bold.ttf */,
				04E403141B307A1500A1705E /* OpenSans-BoldItalic.ttf */,
				04E403151B307A1500A1705E /* OpenSans-ExtraBold.ttf */,
				04E403161B307A1500A1705E /* OpenSans-ExtraBoldItalic.ttf */,
				04E403171B307A1500A1705E /* OpenSans-Italic.ttf */,
				04E403181B307A1500A1705E /* OpenSans-Light.ttf */,
				04E403191B307A1500A1705E /* OpenSans-LightItalic.ttf */,
				04E4031A1B307A1500A1705E /* OpenSans-Regular.ttf */,
				04E4031B1B307A1500A1705E /* OpenSans-Semibold.ttf */,
				04E4031C1B307A1500A1705E /* OpenSans-SemiboldItalic.ttf */,
			);
			path = Fonts;
			sourceTree = "<group>";
		};
		4CE9D8081B3233B2006D43D8 /* MainViewController */ = {
			isa = PBXGroup;
			children = (
				04A249031B266AC2007D9460 /* MainViewController.h */,
				04A249041B266AC2007D9460 /* MainViewController.m */,
			);
			path = MainViewController;
			sourceTree = "<group>";
		};
		4CE9D8091B3233C1006D43D8 /* RightMenuViewController */ = {
			isa = PBXGroup;
			children = (
				4C9EBE191B2B5B58003ED356 /* RightMenuViewController.h */,
				4C9EBE1A1B2B5B58003ED356 /* RightMenuViewController.m */,
			);
			path = RightMenuViewController;
			sourceTree = "<group>";
		};
		4CE9D80A1B3233D2006D43D8 /* AppDelegate */ = {
			isa = PBXGroup;
			children = (
				04A249001B266AC2007D9460 /* AppDelegate.h */,
				04A249011B266AC2007D9460 /* AppDelegate.m */,
			);
			path = AppDelegate;
			sourceTree = "<group>";
		};
		4CE9D80B1B3233DC006D43D8 /* StoryBoards */ = {
			isa = PBXGroup;
			children = (
				04A249061B266AC2007D9460 /* Main.storyboard */,
				04A2490B1B266AC2007D9460 /* LaunchScreen.xib */,
			);
			path = StoryBoards;
			sourceTree = "<group>";
		};
		4CE9D8101B323B05006D43D8 /* Core Detection */ = {
			isa = PBXGroup;
			children = (
				4CE9D85F1B323B05006D43D8 /* Sentegrity.h */,
				4CE9D8601B323B05006D43D8 /* Sentegrity_Constants.h */,
				4CE9D81B1B323B05006D43D8 /* CoreDetection.h */,
				4CE9D81C1B323B05006D43D8 /* CoreDetection.m */,
				4CE9D88C1B323B2E006D43D8 /* Protect Mode */,
				4CE9D8111B323B05006D43D8 /* Assertion Storage */,
				4CE9D8181B323B05006D43D8 /* Baseline Analysis */,
				4CE9D81D1B323B05006D43D8 /* Dispatch */,
				4CE9D8441B323B05006D43D8 /* History */,
				4CE9D8471B323B05006D43D8 /* Parser */,
				4CE9D84C1B323B05006D43D8 /* Sample Policies */,
				4CE9D8501B323B05006D43D8 /* Sentegrity Policy */,
				4CE9D8611B323B05006D43D8 /* TrustScore Computation */,
			);
			path = "Core Detection";
			sourceTree = "<group>";
		};
		4CE9D8111B323B05006D43D8 /* Assertion Storage */ = {
			isa = PBXGroup;
			children = (
				4CE9D8121B323B05006D43D8 /* Sentegrity_Assertion_Store.h */,
				4CE9D8131B323B05006D43D8 /* Sentegrity_Assertion_Store.m */,
				4CE9D8141B323B05006D43D8 /* Sentegrity_Stored_TrustFactor_Object.h */,
				4CE9D8151B323B05006D43D8 /* Sentegrity_Stored_TrustFactor_Object.m */,
				4CE9D8161B323B05006D43D8 /* Sentegrity_TrustFactor_Storage.h */,
				4CE9D8171B323B05006D43D8 /* Sentegrity_TrustFactor_Storage.m */,
			);
			path = "Assertion Storage";
			sourceTree = "<group>";
		};
		4CE9D8181B323B05006D43D8 /* Baseline Analysis */ = {
			isa = PBXGroup;
			children = (
				4CE9D8191B323B05006D43D8 /* Sentegrity_Baseline_Analysis.h */,
				4CE9D81A1B323B05006D43D8 /* Sentegrity_Baseline_Analysis.m */,
			);
			path = "Baseline Analysis";
			sourceTree = "<group>";
		};
		4CE9D81D1B323B05006D43D8 /* Dispatch */ = {
			isa = PBXGroup;
			children = (
				4CE9D81E1B323B05006D43D8 /* Sentegrity_TrustFactor_Dispatcher.h */,
				4CE9D81F1B323B05006D43D8 /* Sentegrity_TrustFactor_Dispatcher.m */,
				4CE9D8201B323B05006D43D8 /* TrustFactors */,
			);
			path = Dispatch;
			sourceTree = "<group>";
		};
		4CE9D8201B323B05006D43D8 /* TrustFactors */ = {
			isa = PBXGroup;
			children = (
				96C0FF211B5BE7E2003F4213 /* Helpers */,
				96C0FEFC1B5BE7D5003F4213 /* Headers */,
				4CE9D8211B323B05006D43D8 /* Rules */,
				4CE9D8401B323B05006D43D8 /* Sentegrity_TrustFactor_Output_Object.h */,
				4CE9D8411B323B05006D43D8 /* Sentegrity_TrustFactor_Output_Object.m */,
				4CE9D8421B323B05006D43D8 /* Sentegrity_TrustFactor_Rule.h */,
				4CE9D8431B323B05006D43D8 /* Sentegrity_TrustFactor_Rule.m */,
			);
			path = TrustFactors;
			sourceTree = "<group>";
		};
		4CE9D8211B323B05006D43D8 /* Rules */ = {
			isa = PBXGroup;
			children = (
				4CE9D8221B323B05006D43D8 /* TrustFactor_Dispatch_Activity.h */,
				4CE9D8231B323B05006D43D8 /* TrustFactor_Dispatch_Activity.m */,
				4CE9D8241B323B05006D43D8 /* TrustFactor_Dispatch_Bluetooth.h */,
				4CE9D8251B323B05006D43D8 /* TrustFactor_Dispatch_Bluetooth.m */,
				4CE9D8261B323B05006D43D8 /* TrustFactor_Dispatch_File.h */,
				4CE9D8271B323B05006D43D8 /* TrustFactor_Dispatch_File.m */,
				4CE9D8281B323B05006D43D8 /* TrustFactor_Dispatch_Http.h */,
				4CE9D8291B323B05006D43D8 /* TrustFactor_Dispatch_Http.m */,
				4CE9D82A1B323B05006D43D8 /* TrustFactor_Dispatch_Location.h */,
				4CE9D82B1B323B05006D43D8 /* TrustFactor_Dispatch_Location.m */,
				4CE9D82C1B323B05006D43D8 /* TrustFactor_Dispatch_Netstat.h */,
				4CE9D82D1B323B05006D43D8 /* TrustFactor_Dispatch_Netstat.m */,
				4CE9D82E1B323B05006D43D8 /* TrustFactor_Dispatch_Platform.h */,
				4CE9D82F1B323B05006D43D8 /* TrustFactor_Dispatch_Platform.m */,
				4CE9D8301B323B05006D43D8 /* TrustFactor_Dispatch_Process.h */,
				4CE9D8311B323B05006D43D8 /* TrustFactor_Dispatch_Process.m */,
				4CE9D8321B323B05006D43D8 /* TrustFactor_Dispatch_Route.h */,
				4CE9D8331B323B05006D43D8 /* TrustFactor_Dispatch_Route.m */,
				4CE9D8341B323B05006D43D8 /* TrustFactor_Dispatch_Sandbox.h */,
				4CE9D8351B323B05006D43D8 /* TrustFactor_Dispatch_Sandbox.m */,
				4CE9D8361B323B05006D43D8 /* TrustFactor_Dispatch_Scan.h */,
				4CE9D8371B323B05006D43D8 /* TrustFactor_Dispatch_Scan.m */,
				4CE9D8381B323B05006D43D8 /* TrustFactor_Dispatch_Sensor.h */,
				4CE9D8391B323B05006D43D8 /* TrustFactor_Dispatch_Sensor.m */,
				4CE9D83A1B323B05006D43D8 /* TrustFactor_Dispatch_Sentegrity.h */,
				4CE9D83B1B323B05006D43D8 /* TrustFactor_Dispatch_Sentegrity.m */,
				4CE9D83C1B323B05006D43D8 /* TrustFactor_Dispatch_Time.h */,
				4CE9D83D1B323B05006D43D8 /* TrustFactor_Dispatch_Time.m */,
				4CE9D83E1B323B05006D43D8 /* TrustFactor_Dispatch_Wifi.h */,
				4CE9D83F1B323B05006D43D8 /* TrustFactor_Dispatch_Wifi.m */,
				967786271B6044D500715110 /* TrustFactor_Dispatch_Motion.m */,
				967786291B6044EB00715110 /* TrustFactor_Dispatch_Motion.h */,
			);
			path = Rules;
			sourceTree = "<group>";
		};
		4CE9D8441B323B05006D43D8 /* History */ = {
			isa = PBXGroup;
			children = (
				4CE9D8451B323B05006D43D8 /* Sentegrity_History_Store.h */,
				4CE9D8461B323B05006D43D8 /* Sentegrity_History_Store.m */,
			);
			path = History;
			sourceTree = "<group>";
		};
		4CE9D8471B323B05006D43D8 /* Parser */ = {
			isa = PBXGroup;
			children = (
				4CE9D8481B323B05006D43D8 /* Sentegrity_Parser.h */,
				4CE9D8491B323B05006D43D8 /* Sentegrity_Parser.m */,
			);
			path = Parser;
			sourceTree = "<group>";
		};
		4CE9D84C1B323B05006D43D8 /* Sample Policies */ = {
			isa = PBXGroup;
			children = (
				9677863E1B6269D900715110 /* oui_all.list */,
				9677863F1B6269D900715110 /* oui.list */,
				4CE9D84D1B323B05006D43D8 /* default.policy */,
				4CE9D84E1B323B05006D43D8 /* Old */,
			);
			path = "Sample Policies";
			sourceTree = "<group>";
		};
		4CE9D84E1B323B05006D43D8 /* Old */ = {
			isa = PBXGroup;
			children = (
				4CE9D84F1B323B05006D43D8 /* Default_Policy.plist */,
			);
			path = Old;
			sourceTree = "<group>";
		};
		4CE9D8501B323B05006D43D8 /* Sentegrity Policy */ = {
			isa = PBXGroup;
			children = (
				4CE9D8511B323B05006D43D8 /* Classification */,
				4CE9D8541B323B05006D43D8 /* DNE Modifiers */,
				4CE9D8571B323B05006D43D8 /* Sentegrity_Policy.h */,
				4CE9D8581B323B05006D43D8 /* Sentegrity_Policy.m */,
				4CE9D8591B323B05006D43D8 /* Subclassification */,
				4CE9D85C1B323B05006D43D8 /* TrustFactor */,
			);
			path = "Sentegrity Policy";
			sourceTree = "<group>";
		};
		4CE9D8511B323B05006D43D8 /* Classification */ = {
			isa = PBXGroup;
			children = (
				4CE9D8521B323B05006D43D8 /* Sentegrity_Classification.h */,
				4CE9D8531B323B05006D43D8 /* Sentegrity_Classification.m */,
			);
			path = Classification;
			sourceTree = "<group>";
		};
		4CE9D8541B323B05006D43D8 /* DNE Modifiers */ = {
			isa = PBXGroup;
			children = (
				4CE9D8551B323B05006D43D8 /* Sentegrity_DNEModifiers.h */,
				4CE9D8561B323B05006D43D8 /* Sentegrity_DNEModifiers.m */,
			);
			path = "DNE Modifiers";
			sourceTree = "<group>";
		};
		4CE9D8591B323B05006D43D8 /* Subclassification */ = {
			isa = PBXGroup;
			children = (
				4CE9D85A1B323B05006D43D8 /* Sentegrity_Subclassification.h */,
				4CE9D85B1B323B05006D43D8 /* Sentegrity_Subclassification.m */,
			);
			path = Subclassification;
			sourceTree = "<group>";
		};
		4CE9D85C1B323B05006D43D8 /* TrustFactor */ = {
			isa = PBXGroup;
			children = (
				4CE9D85D1B323B05006D43D8 /* Sentegrity_TrustFactor.h */,
				4CE9D85E1B323B05006D43D8 /* Sentegrity_TrustFactor.m */,
			);
			path = TrustFactor;
			sourceTree = "<group>";
		};
		4CE9D8611B323B05006D43D8 /* TrustScore Computation */ = {
			isa = PBXGroup;
			children = (
				4CE9D8621B323B05006D43D8 /* Sentegrity_Classification+Computation.h */,
				4CE9D8631B323B05006D43D8 /* Sentegrity_Classification+Computation.m */,
				4CE9D8641B323B05006D43D8 /* Sentegrity_Subclassification+Computation.h */,
				4CE9D8651B323B05006D43D8 /* Sentegrity_Subclassification+Computation.m */,
				4CE9D8661B323B05006D43D8 /* Sentegrity_TrustScore_Computation.h */,
				4CE9D8671B323B05006D43D8 /* Sentegrity_TrustScore_Computation.m */,
			);
			path = "TrustScore Computation";
			sourceTree = "<group>";
		};
		4CE9D88C1B323B2E006D43D8 /* Protect Mode */ = {
			isa = PBXGroup;
			children = (
				4CE9D84A1B323B05006D43D8 /* ProtectMode.h */,
				4CE9D84B1B323B05006D43D8 /* ProtectMode.m */,
			);
			path = "Protect Mode";
			sourceTree = "<group>";
		};
		96C0FEFC1B5BE7D5003F4213 /* Headers */ = {
			isa = PBXGroup;
			children = (
				96C0FEFD1B5BE7D5003F4213 /* kernel includes */,
				96C0FF201B5BE7D5003F4213 /* otherConnectionHeaders.h */,
			);
			path = Headers;
			sourceTree = "<group>";
		};
		96C0FEFD1B5BE7D5003F4213 /* kernel includes */ = {
			isa = PBXGroup;
			children = (
				96C0FEFE1B5BE7D5003F4213 /* clock.h */,
				96C0FEFF1B5BE7D5003F4213 /* ev.h */,
				96C0FF001B5BE7D5003F4213 /* kern_types.h */,
				96C0FF011B5BE7D5003F4213 /* kext_net.h */,
				96C0FF021B5BE7D5003F4213 /* netinet */,
				96C0FF1C1B5BE7D5003F4213 /* netstat.h */,
				96C0FF1D1B5BE7D5003F4213 /* route.h */,
				96C0FF1E1B5BE7D5003F4213 /* socketvar.h */,
				96C0FF1F1B5BE7D5003F4213 /* thread_call.h */,
			);
			path = "kernel includes";
			sourceTree = "<group>";
		};
		96C0FF021B5BE7D5003F4213 /* netinet */ = {
			isa = PBXGroup;
			children = (
				96C0FF031B5BE7D5003F4213 /* bootp.h */,
				96C0FF041B5BE7D5003F4213 /* icmp6.h */,
				96C0FF051B5BE7D5003F4213 /* icmp_var.h */,
				96C0FF061B5BE7D5003F4213 /* if_ether.h */,
				96C0FF071B5BE7D5003F4213 /* igmp.h */,
				96C0FF081B5BE7D5003F4213 /* igmp_var.h */,
				96C0FF091B5BE7D5003F4213 /* in.h */,
				96C0FF0A1B5BE7D5003F4213 /* in_arp.h */,
				96C0FF0B1B5BE7D5003F4213 /* in_pcb.h */,
				96C0FF0C1B5BE7D5003F4213 /* in_systm.h */,
				96C0FF0D1B5BE7D5003F4213 /* in_var.h */,
				96C0FF0E1B5BE7D5003F4213 /* ip.h */,
				96C0FF0F1B5BE7D5003F4213 /* ip6.h */,
				96C0FF101B5BE7D5003F4213 /* ip_icmp.h */,
				96C0FF111B5BE7D5003F4213 /* ip_mroute.h */,
				96C0FF121B5BE7D5003F4213 /* ip_var.h */,
				96C0FF131B5BE7D5003F4213 /* kpi_ipfilter.h */,
				96C0FF141B5BE7D5003F4213 /* tcp.h */,
				96C0FF151B5BE7D5003F4213 /* tcp_fsm.h */,
				96C0FF161B5BE7D5003F4213 /* tcp_seq.h */,
				96C0FF171B5BE7D5003F4213 /* tcp_timer.h */,
				96C0FF181B5BE7D5003F4213 /* tcp_var.h */,
				96C0FF191B5BE7D5003F4213 /* tcpip.h */,
				96C0FF1A1B5BE7D5003F4213 /* udp.h */,
				96C0FF1B1B5BE7D5003F4213 /* udp_var.h */,
			);
			path = netinet;
			sourceTree = "<group>";
		};
		96C0FF211B5BE7E2003F4213 /* Helpers */ = {
			isa = PBXGroup;
			children = (
				96C0FF221B5BE7E2003F4213 /* Sentegrity_TrustFactor_Dataset_Netstat.h */,
				96C0FF231B5BE7E2003F4213 /* Sentegrity_TrustFactor_Dataset_Netstat.m */,
				96C0FF241B5BE7E2003F4213 /* Sentegrity_TrustFactor_Dataset_Process.h */,
				96C0FF251B5BE7E2003F4213 /* Sentegrity_TrustFactor_Dataset_Process.m */,
				96C0FF261B5BE7E2003F4213 /* Sentegrity_TrustFactor_Dataset_Routes.h */,
				96C0FF271B5BE7E2003F4213 /* Sentegrity_TrustFactor_Dataset_Routes.m */,
				96C0FF2B1B5BEC25003F4213 /* Sentegrity_TrustFactor_Dataset_Location.m */,
				96C0FF2D1B5BEC3C003F4213 /* Sentegrity_TrustFactor_Dataset_Location.h */,
				967786421B62B56900715110 /* Sentegrity_TrustFactor_Dataset_Wifi.h */,
				967786431B62B58100715110 /* Sentegrity_TrustFactor_Dataset_Wifi.m */,
			);
			path = Helpers;
			sourceTree = "<group>";
		};
		BCE0E0550A85C5B5C27375E3 /* Pods */ = {
			isa = PBXGroup;
			children = (
				A861559935991A5C1535CE5A /* Pods.debug.xcconfig */,
				42EFD5DFE715E4FE18052085 /* Pods.release.xcconfig */,
			);
			name = Pods;
			sourceTree = "<group>";
		};
/* End PBXGroup section */

/* Begin PBXNativeTarget section */
		04A248F81B266AC2007D9460 /* Sentegrity */ = {
			isa = PBXNativeTarget;
			buildConfigurationList = 04A2491C1B266AC2007D9460 /* Build configuration list for PBXNativeTarget "Sentegrity" */;
			buildPhases = (
				64B3E1D964723394681DAD11 /* Check Pods Manifest.lock */,
				04A248F51B266AC2007D9460 /* Sources */,
				04A248F61B266AC2007D9460 /* Frameworks */,
				04A248F71B266AC2007D9460 /* Resources */,
				3FABE24ACD9AD39980BDA839 /* Copy Pods Resources */,
			);
			buildRules = (
			);
			dependencies = (
			);
			name = Sentegrity;
			productName = Sentegrity;
			productReference = 04A248F91B266AC2007D9460 /* Sentegrity.app */;
			productType = "com.apple.product-type.application";
		};
		04A249111B266AC2007D9460 /* SentegrityTests */ = {
			isa = PBXNativeTarget;
			buildConfigurationList = 04A2491F1B266AC2007D9460 /* Build configuration list for PBXNativeTarget "SentegrityTests" */;
			buildPhases = (
				04A2490E1B266AC2007D9460 /* Sources */,
				04A2490F1B266AC2007D9460 /* Frameworks */,
				04A249101B266AC2007D9460 /* Resources */,
			);
			buildRules = (
			);
			dependencies = (
				04A249141B266AC2007D9460 /* PBXTargetDependency */,
			);
			name = SentegrityTests;
			productName = SentegrityTests;
			productReference = 04A249121B266AC2007D9460 /* SentegrityTests.xctest */;
			productType = "com.apple.product-type.bundle.unit-test";
		};
/* End PBXNativeTarget section */

/* Begin PBXProject section */
		04A248F11B266AC2007D9460 /* Project object */ = {
			isa = PBXProject;
			attributes = {
				LastUpgradeCheck = 0630;
				ORGANIZATIONNAME = Sentegrity;
				TargetAttributes = {
					04A248F81B266AC2007D9460 = {
						CreatedOnToolsVersion = 6.3.2;
						DevelopmentTeam = 86G3K7BVQY;
					};
					04A249111B266AC2007D9460 = {
						CreatedOnToolsVersion = 6.3.2;
						TestTargetID = 04A248F81B266AC2007D9460;
					};
				};
			};
			buildConfigurationList = 04A248F41B266AC2007D9460 /* Build configuration list for PBXProject "Sentegrity" */;
			compatibilityVersion = "Xcode 3.2";
			developmentRegion = English;
			hasScannedForEncodings = 0;
			knownRegions = (
				en,
				Base,
			);
			mainGroup = 04A248F01B266AC2007D9460;
			productRefGroup = 04A248FA1B266AC2007D9460 /* Products */;
			projectDirPath = "";
			projectRoot = "";
			targets = (
				04A248F81B266AC2007D9460 /* Sentegrity */,
				04A249111B266AC2007D9460 /* SentegrityTests */,
			);
		};
/* End PBXProject section */

/* Begin PBXResourcesBuildPhase section */
		04A248F71B266AC2007D9460 /* Resources */ = {
			isa = PBXResourcesBuildPhase;
			buildActionMask = 2147483647;
			files = (
				04A249081B266AC2007D9460 /* Main.storyboard in Resources */,
				4C5393851B2F965D00EA4484 /* loading.gif in Resources */,
				04A2490D1B266AC2007D9460 /* LaunchScreen.xib in Resources */,
				4CE9D8071B2FA606006D43D8 /* DINPro-Bold.otf in Resources */,
				4CE9D8831B323B05006D43D8 /* Default_Policy.plist in Resources */,
				04E4031D1B307A1500A1705E /* DINPro-Black.otf in Resources */,
				04E4031E1B307A1500A1705E /* DINPro-CondBold.otf in Resources */,
				04E4031F1B307A1500A1705E /* DINPro-CondMedium.otf in Resources */,
				967786411B6269D900715110 /* oui.list in Resources */,
				04E403201B307A1500A1705E /* DINPro-Regular.otf in Resources */,
				04E403211B307A1500A1705E /* OpenSans-Bold.ttf in Resources */,
				04E403221B307A1500A1705E /* OpenSans-BoldItalic.ttf in Resources */,
				04E403231B307A1500A1705E /* OpenSans-ExtraBold.ttf in Resources */,
				4CE9D80D1B323847006D43D8 /* 3rd Party Library Notes.rtf in Resources */,
				04E403241B307A1500A1705E /* OpenSans-ExtraBoldItalic.ttf in Resources */,
				04E403251B307A1500A1705E /* OpenSans-Italic.ttf in Resources */,
				04E403261B307A1500A1705E /* OpenSans-Light.ttf in Resources */,
				04E403271B307A1500A1705E /* OpenSans-LightItalic.ttf in Resources */,
				04E403281B307A1500A1705E /* OpenSans-Regular.ttf in Resources */,
				04E403291B307A1500A1705E /* OpenSans-Semibold.ttf in Resources */,
				967786401B6269D900715110 /* oui_all.list in Resources */,
				04E4032A1B307A1500A1705E /* OpenSans-SemiboldItalic.ttf in Resources */,
				4C5393871B2F966700EA4484 /* loadingWhite.gif in Resources */,
				04A2490A1B266AC2007D9460 /* Images.xcassets in Resources */,
				4CE9D8821B323B05006D43D8 /* default.policy in Resources */,
			);
			runOnlyForDeploymentPostprocessing = 0;
		};
		04A249101B266AC2007D9460 /* Resources */ = {
			isa = PBXResourcesBuildPhase;
			buildActionMask = 2147483647;
			files = (
			);
			runOnlyForDeploymentPostprocessing = 0;
		};
/* End PBXResourcesBuildPhase section */

/* Begin PBXShellScriptBuildPhase section */
		3FABE24ACD9AD39980BDA839 /* Copy Pods Resources */ = {
			isa = PBXShellScriptBuildPhase;
			buildActionMask = 2147483647;
			files = (
			);
			inputPaths = (
			);
			name = "Copy Pods Resources";
			outputPaths = (
			);
			runOnlyForDeploymentPostprocessing = 0;
			shellPath = /bin/sh;
			shellScript = "\"${SRCROOT}/Pods/Target Support Files/Pods/Pods-resources.sh\"\n";
			showEnvVarsInLog = 0;
		};
		64B3E1D964723394681DAD11 /* Check Pods Manifest.lock */ = {
			isa = PBXShellScriptBuildPhase;
			buildActionMask = 2147483647;
			files = (
			);
			inputPaths = (
			);
			name = "Check Pods Manifest.lock";
			outputPaths = (
			);
			runOnlyForDeploymentPostprocessing = 0;
			shellPath = /bin/sh;
			shellScript = "diff \"${PODS_ROOT}/../Podfile.lock\" \"${PODS_ROOT}/Manifest.lock\" > /dev/null\nif [[ $? != 0 ]] ; then\n    cat << EOM\nerror: The sandbox is not in sync with the Podfile.lock. Run 'pod install' or update your CocoaPods installation.\nEOM\n    exit 1\nfi\n";
			showEnvVarsInLog = 0;
		};
/* End PBXShellScriptBuildPhase section */

/* Begin PBXSourcesBuildPhase section */
		04A248F51B266AC2007D9460 /* Sources */ = {
			isa = PBXSourcesBuildPhase;
			buildActionMask = 2147483647;
			files = (
				96C0FF2A1B5BE7E2003F4213 /* Sentegrity_TrustFactor_Dataset_Routes.m in Sources */,
				4CE9D86C1B323B05006D43D8 /* CoreDetection.m in Sources */,
				4CE9D8881B323B05006D43D8 /* Sentegrity_TrustFactor.m in Sources */,
				4CE9D8711B323B05006D43D8 /* TrustFactor_Dispatch_Http.m in Sources */,
				4CE9D87C1B323B05006D43D8 /* TrustFactor_Dispatch_Wifi.m in Sources */,
				4CE9D8801B323B05006D43D8 /* Sentegrity_Parser.m in Sources */,
				4CE9D8891B323B05006D43D8 /* Sentegrity_Classification+Computation.m in Sources */,
				04A249051B266AC2007D9460 /* MainViewController.m in Sources */,
				4CE9D87F1B323B05006D43D8 /* Sentegrity_History_Store.m in Sources */,
				4CE9D8771B323B05006D43D8 /* TrustFactor_Dispatch_Sandbox.m in Sources */,
				4CE9D87B1B323B05006D43D8 /* TrustFactor_Dispatch_Time.m in Sources */,
				4CE9D8741B323B05006D43D8 /* TrustFactor_Dispatch_Platform.m in Sources */,
				4CE9D8691B323B05006D43D8 /* Sentegrity_Stored_TrustFactor_Object.m in Sources */,
				4CE9D8751B323B05006D43D8 /* TrustFactor_Dispatch_Process.m in Sources */,
				4CE9D8721B323B05006D43D8 /* TrustFactor_Dispatch_Location.m in Sources */,
				4CE9D8871B323B05006D43D8 /* Sentegrity_Subclassification.m in Sources */,
				04A249021B266AC2007D9460 /* AppDelegate.m in Sources */,
				4CE9D86F1B323B05006D43D8 /* TrustFactor_Dispatch_Bluetooth.m in Sources */,
				4CE9D88B1B323B05006D43D8 /* Sentegrity_TrustScore_Computation.m in Sources */,
				4CE9D8841B323B05006D43D8 /* Sentegrity_Classification.m in Sources */,
				4CE9D86E1B323B05006D43D8 /* TrustFactor_Dispatch_Activity.m in Sources */,
				96C0FF281B5BE7E2003F4213 /* Sentegrity_TrustFactor_Dataset_Netstat.m in Sources */,
				4CE9D8861B323B05006D43D8 /* Sentegrity_Policy.m in Sources */,
				4CE9D8791B323B05006D43D8 /* TrustFactor_Dispatch_Sensor.m in Sources */,
				4CE9D86D1B323B05006D43D8 /* Sentegrity_TrustFactor_Dispatcher.m in Sources */,
				967786441B62B58100715110 /* Sentegrity_TrustFactor_Dataset_Wifi.m in Sources */,
				4CE9D87D1B323B05006D43D8 /* Sentegrity_TrustFactor_Output_Object.m in Sources */,
				4CE9D8701B323B05006D43D8 /* TrustFactor_Dispatch_File.m in Sources */,
				4CE9D8681B323B05006D43D8 /* Sentegrity_Assertion_Store.m in Sources */,
				4CE9D87E1B323B05006D43D8 /* Sentegrity_TrustFactor_Rule.m in Sources */,
				96C0FF2C1B5BEC25003F4213 /* Sentegrity_TrustFactor_Dataset_Location.m in Sources */,
				96C0FF291B5BE7E2003F4213 /* Sentegrity_TrustFactor_Dataset_Process.m in Sources */,
				4CE9D8731B323B05006D43D8 /* TrustFactor_Dispatch_Netstat.m in Sources */,
				4CE9D8761B323B05006D43D8 /* TrustFactor_Dispatch_Route.m in Sources */,
				4CE9D86B1B323B05006D43D8 /* Sentegrity_Baseline_Analysis.m in Sources */,
				4CE9D8811B323B05006D43D8 /* ProtectMode.m in Sources */,
				4CE9D8851B323B05006D43D8 /* Sentegrity_DNEModifiers.m in Sources */,
				4C9EBE1B1B2B5B58003ED356 /* RightMenuViewController.m in Sources */,
				967786281B6044D500715110 /* TrustFactor_Dispatch_Motion.m in Sources */,
				4CE9D8781B323B05006D43D8 /* TrustFactor_Dispatch_Scan.m in Sources */,
				04A248FF1B266AC2007D9460 /* main.m in Sources */,
				4CE9D88A1B323B05006D43D8 /* Sentegrity_Subclassification+Computation.m in Sources */,
				4CE9D86A1B323B05006D43D8 /* Sentegrity_TrustFactor_Storage.m in Sources */,
				4CE9D87A1B323B05006D43D8 /* TrustFactor_Dispatch_Sentegrity.m in Sources */,
			);
			runOnlyForDeploymentPostprocessing = 0;
		};
		04A2490E1B266AC2007D9460 /* Sources */ = {
			isa = PBXSourcesBuildPhase;
			buildActionMask = 2147483647;
			files = (
				04A249191B266AC2007D9460 /* SentegrityTests.m in Sources */,
			);
			runOnlyForDeploymentPostprocessing = 0;
		};
/* End PBXSourcesBuildPhase section */

/* Begin PBXTargetDependency section */
		04A249141B266AC2007D9460 /* PBXTargetDependency */ = {
			isa = PBXTargetDependency;
			target = 04A248F81B266AC2007D9460 /* Sentegrity */;
			targetProxy = 04A249131B266AC2007D9460 /* PBXContainerItemProxy */;
		};
/* End PBXTargetDependency section */

/* Begin PBXVariantGroup section */
		04A249061B266AC2007D9460 /* Main.storyboard */ = {
			isa = PBXVariantGroup;
			children = (
				04A249071B266AC2007D9460 /* Base */,
			);
			name = Main.storyboard;
			path = .;
			sourceTree = "<group>";
		};
		04A2490B1B266AC2007D9460 /* LaunchScreen.xib */ = {
			isa = PBXVariantGroup;
			children = (
				04A2490C1B266AC2007D9460 /* Base */,
			);
			name = LaunchScreen.xib;
			path = .;
			sourceTree = "<group>";
		};
/* End PBXVariantGroup section */

/* Begin XCBuildConfiguration section */
		04A2491A1B266AC2007D9460 /* Debug */ = {
			isa = XCBuildConfiguration;
			buildSettings = {
				ALWAYS_SEARCH_USER_PATHS = NO;
				CLANG_CXX_LANGUAGE_STANDARD = "gnu++0x";
				CLANG_CXX_LIBRARY = "libc++";
				CLANG_ENABLE_MODULES = YES;
				CLANG_ENABLE_OBJC_ARC = YES;
				CLANG_WARN_BOOL_CONVERSION = YES;
				CLANG_WARN_CONSTANT_CONVERSION = YES;
				CLANG_WARN_DIRECT_OBJC_ISA_USAGE = YES_ERROR;
				CLANG_WARN_EMPTY_BODY = YES;
				CLANG_WARN_ENUM_CONVERSION = YES;
				CLANG_WARN_INT_CONVERSION = YES;
				CLANG_WARN_OBJC_ROOT_CLASS = YES_ERROR;
				CLANG_WARN_UNREACHABLE_CODE = YES;
				CLANG_WARN__DUPLICATE_METHOD_MATCH = YES;
				"CODE_SIGN_IDENTITY[sdk=iphoneos*]" = "iPhone Developer";
				COPY_PHASE_STRIP = NO;
				DEBUG_INFORMATION_FORMAT = "dwarf-with-dsym";
				ENABLE_STRICT_OBJC_MSGSEND = YES;
				GCC_C_LANGUAGE_STANDARD = gnu99;
				GCC_DYNAMIC_NO_PIC = NO;
				GCC_NO_COMMON_BLOCKS = YES;
				GCC_OPTIMIZATION_LEVEL = 0;
				GCC_PREPROCESSOR_DEFINITIONS = (
					"DEBUG=1",
					"$(inherited)",
				);
				GCC_SYMBOLS_PRIVATE_EXTERN = NO;
				GCC_WARN_64_TO_32_BIT_CONVERSION = YES;
				GCC_WARN_ABOUT_RETURN_TYPE = YES_ERROR;
				GCC_WARN_UNDECLARED_SELECTOR = YES;
				GCC_WARN_UNINITIALIZED_AUTOS = YES_AGGRESSIVE;
				GCC_WARN_UNUSED_FUNCTION = YES;
				GCC_WARN_UNUSED_VARIABLE = YES;
				IPHONEOS_DEPLOYMENT_TARGET = 8.3;
				MTL_ENABLE_DEBUG_INFO = YES;
				ONLY_ACTIVE_ARCH = YES;
				SDKROOT = iphoneos;
				TARGETED_DEVICE_FAMILY = "1,2";
			};
			name = Debug;
		};
		04A2491B1B266AC2007D9460 /* Release */ = {
			isa = XCBuildConfiguration;
			buildSettings = {
				ALWAYS_SEARCH_USER_PATHS = NO;
				CLANG_CXX_LANGUAGE_STANDARD = "gnu++0x";
				CLANG_CXX_LIBRARY = "libc++";
				CLANG_ENABLE_MODULES = YES;
				CLANG_ENABLE_OBJC_ARC = YES;
				CLANG_WARN_BOOL_CONVERSION = YES;
				CLANG_WARN_CONSTANT_CONVERSION = YES;
				CLANG_WARN_DIRECT_OBJC_ISA_USAGE = YES_ERROR;
				CLANG_WARN_EMPTY_BODY = YES;
				CLANG_WARN_ENUM_CONVERSION = YES;
				CLANG_WARN_INT_CONVERSION = YES;
				CLANG_WARN_OBJC_ROOT_CLASS = YES_ERROR;
				CLANG_WARN_UNREACHABLE_CODE = YES;
				CLANG_WARN__DUPLICATE_METHOD_MATCH = YES;
				"CODE_SIGN_IDENTITY[sdk=iphoneos*]" = "iPhone Developer";
				COPY_PHASE_STRIP = NO;
				DEBUG_INFORMATION_FORMAT = "dwarf-with-dsym";
				ENABLE_NS_ASSERTIONS = NO;
				ENABLE_STRICT_OBJC_MSGSEND = YES;
				GCC_C_LANGUAGE_STANDARD = gnu99;
				GCC_NO_COMMON_BLOCKS = YES;
				GCC_WARN_64_TO_32_BIT_CONVERSION = YES;
				GCC_WARN_ABOUT_RETURN_TYPE = YES_ERROR;
				GCC_WARN_UNDECLARED_SELECTOR = YES;
				GCC_WARN_UNINITIALIZED_AUTOS = YES_AGGRESSIVE;
				GCC_WARN_UNUSED_FUNCTION = YES;
				GCC_WARN_UNUSED_VARIABLE = YES;
				IPHONEOS_DEPLOYMENT_TARGET = 8.3;
				MTL_ENABLE_DEBUG_INFO = NO;
				SDKROOT = iphoneos;
				TARGETED_DEVICE_FAMILY = "1,2";
				VALIDATE_PRODUCT = YES;
			};
			name = Release;
		};
		04A2491D1B266AC2007D9460 /* Debug */ = {
			isa = XCBuildConfiguration;
			baseConfigurationReference = A861559935991A5C1535CE5A /* Pods.debug.xcconfig */;
			buildSettings = {
				ASSETCATALOG_COMPILER_APPICON_NAME = AppIcon;
				CODE_SIGN_IDENTITY = "iPhone Developer";
				"CODE_SIGN_IDENTITY[sdk=iphoneos*]" = "iPhone Developer";
				INFOPLIST_FILE = "Sentegrity/Supporting Files/Info.plist";
				LD_RUNPATH_SEARCH_PATHS = "$(inherited) @executable_path/Frameworks";
				PRODUCT_NAME = "$(TARGET_NAME)";
				PROVISIONING_PROFILE = "";
			};
			name = Debug;
		};
		04A2491E1B266AC2007D9460 /* Release */ = {
			isa = XCBuildConfiguration;
			baseConfigurationReference = 42EFD5DFE715E4FE18052085 /* Pods.release.xcconfig */;
			buildSettings = {
				ASSETCATALOG_COMPILER_APPICON_NAME = AppIcon;
				CODE_SIGN_IDENTITY = "iPhone Developer";
				"CODE_SIGN_IDENTITY[sdk=iphoneos*]" = "iPhone Developer";
				INFOPLIST_FILE = "Sentegrity/Supporting Files/Info.plist";
				LD_RUNPATH_SEARCH_PATHS = "$(inherited) @executable_path/Frameworks";
				PRODUCT_NAME = "$(TARGET_NAME)";
				PROVISIONING_PROFILE = "";
			};
			name = Release;
		};
		04A249201B266AC2007D9460 /* Debug */ = {
			isa = XCBuildConfiguration;
			buildSettings = {
				BUNDLE_LOADER = "$(TEST_HOST)";
				FRAMEWORK_SEARCH_PATHS = (
					"$(SDKROOT)/Developer/Library/Frameworks",
					"$(inherited)",
				);
				GCC_PREPROCESSOR_DEFINITIONS = (
					"DEBUG=1",
					"$(inherited)",
				);
				INFOPLIST_FILE = "SentegrityTests/Supporting Files/Info.plist";
				LD_RUNPATH_SEARCH_PATHS = "$(inherited) @executable_path/Frameworks @loader_path/Frameworks";
				PRODUCT_NAME = "$(TARGET_NAME)";
				TEST_HOST = "$(BUILT_PRODUCTS_DIR)/Sentegrity.app/Sentegrity";
			};
			name = Debug;
		};
		04A249211B266AC2007D9460 /* Release */ = {
			isa = XCBuildConfiguration;
			buildSettings = {
				BUNDLE_LOADER = "$(TEST_HOST)";
				FRAMEWORK_SEARCH_PATHS = (
					"$(SDKROOT)/Developer/Library/Frameworks",
					"$(inherited)",
				);
				INFOPLIST_FILE = "SentegrityTests/Supporting Files/Info.plist";
				LD_RUNPATH_SEARCH_PATHS = "$(inherited) @executable_path/Frameworks @loader_path/Frameworks";
				PRODUCT_NAME = "$(TARGET_NAME)";
				TEST_HOST = "$(BUILT_PRODUCTS_DIR)/Sentegrity.app/Sentegrity";
			};
			name = Release;
		};
/* End XCBuildConfiguration section */

/* Begin XCConfigurationList section */
		04A248F41B266AC2007D9460 /* Build configuration list for PBXProject "Sentegrity" */ = {
			isa = XCConfigurationList;
			buildConfigurations = (
				04A2491A1B266AC2007D9460 /* Debug */,
				04A2491B1B266AC2007D9460 /* Release */,
			);
			defaultConfigurationIsVisible = 0;
			defaultConfigurationName = Release;
		};
		04A2491C1B266AC2007D9460 /* Build configuration list for PBXNativeTarget "Sentegrity" */ = {
			isa = XCConfigurationList;
			buildConfigurations = (
				04A2491D1B266AC2007D9460 /* Debug */,
				04A2491E1B266AC2007D9460 /* Release */,
			);
			defaultConfigurationIsVisible = 0;
			defaultConfigurationName = Release;
		};
		04A2491F1B266AC2007D9460 /* Build configuration list for PBXNativeTarget "SentegrityTests" */ = {
			isa = XCConfigurationList;
			buildConfigurations = (
				04A249201B266AC2007D9460 /* Debug */,
				04A249211B266AC2007D9460 /* Release */,
			);
			defaultConfigurationIsVisible = 0;
			defaultConfigurationName = Release;
		};
/* End XCConfigurationList section */
	};
	rootObject = 04A248F11B266AC2007D9460 /* Project object */;
}
