// !$*UTF8*$!
{
	archiveVersion = 1;
	classes = {
	};
	objectVersion = 46;
	objects = {

/* Begin PBXBuildFile section */
		0176313C1A869081007BCB05 /* Sentegrity_TrustFactor_Rule.m in Sources */ = {isa = PBXBuildFile; fileRef = 0176313B1A869081007BCB05 /* Sentegrity_TrustFactor_Rule.m */; };
		0185812F1A7D5A3400ED2D88 /* Sentegrity_Parser.m in Sources */ = {isa = PBXBuildFile; fileRef = 0185812E1A7D5A3400ED2D88 /* Sentegrity_Parser.m */; };
		018581321A7D5BBF00ED2D88 /* CoreDetection.m in Sources */ = {isa = PBXBuildFile; fileRef = 018581311A7D5BBF00ED2D88 /* CoreDetection.m */; };
		018581361A7D7D2000ED2D88 /* Sentegrity_Policy.m in Sources */ = {isa = PBXBuildFile; fileRef = 018581351A7D7D2000ED2D88 /* Sentegrity_Policy.m */; };
		0185813C1A7D849C00ED2D88 /* Sentegrity_DNEModifiers.m in Sources */ = {isa = PBXBuildFile; fileRef = 0185813B1A7D849C00ED2D88 /* Sentegrity_DNEModifiers.m */; };
		0185813F1A7D9EF500ED2D88 /* Sentegrity_Classification.m in Sources */ = {isa = PBXBuildFile; fileRef = 0185813E1A7D9EF500ED2D88 /* Sentegrity_Classification.m */; };
		01C787831A86A4E9009E7FEE /* Sentegrity_TrustFactor_Dispatcher.m in Sources */ = {isa = PBXBuildFile; fileRef = 01C787821A86A4E9009E7FEE /* Sentegrity_TrustFactor_Dispatcher.m */; settings = {COMPILER_FLAGS = "-Warc-performSelector-leaks"; }; };
		01F0CCFB1A86803F00F3D62E /* default.policy in Resources */ = {isa = PBXBuildFile; fileRef = 01F0CCFA1A86803F00F3D62E /* default.policy */; };
		1250C4CCF062387C9D87EEA9 /* libPods.a in Frameworks */ = {isa = PBXBuildFile; fileRef = 161D0E47DCF4C6E84D9DB454 /* libPods.a */; };
		4C06B9B41ADED16600D17CB9 /* Sentegrity_Classification+Computation.m in Sources */ = {isa = PBXBuildFile; fileRef = 4C06B9B31ADED16600D17CB9 /* Sentegrity_Classification+Computation.m */; };
		4C06B9B71ADED28D00D17CB9 /* Sentegrity_Subclassification+Computation.m in Sources */ = {isa = PBXBuildFile; fileRef = 4C06B9B61ADED28D00D17CB9 /* Sentegrity_Subclassification+Computation.m */; };
		4C1C5A471A9E805100257BDF /* Sentegrity_TrustFactor_Storage.m in Sources */ = {isa = PBXBuildFile; fileRef = 4C1C5A461A9E805100257BDF /* Sentegrity_TrustFactor_Storage.m */; };
		4C35F80A1A9CE0B800FC6A43 /* Sentegrity_TrustFactor_Output_Object.m in Sources */ = {isa = PBXBuildFile; fileRef = 4C35F8091A9CE0B800FC6A43 /* Sentegrity_TrustFactor_Output_Object.m */; };
		4C3AC0E61AD59888009EF3B9 /* Sentegrity_TrustScore_Computation.m in Sources */ = {isa = PBXBuildFile; fileRef = 4C3AC0E51AD59888009EF3B9 /* Sentegrity_TrustScore_Computation.m */; };
		4CBED8501A9E5301000A7B42 /* Sentegrity_Assertion_Store.m in Sources */ = {isa = PBXBuildFile; fileRef = 4CBED84F1A9E5301000A7B42 /* Sentegrity_Assertion_Store.m */; };
		4CF091151AA3758100018685 /* Sentegrity_Stored_TrustFactor_Object.m in Sources */ = {isa = PBXBuildFile; fileRef = 4CF091141AA3758100018685 /* Sentegrity_Stored_TrustFactor_Object.m */; };
		964104A61B0CE1380078EE53 /* Sentegrity_Baseline_Analysis.m in Sources */ = {isa = PBXBuildFile; fileRef = 964104A51B0CE1380078EE53 /* Sentegrity_Baseline_Analysis.m */; };
		96CF13E01B0FE43F00700062 /* Sentegrity_History_Store.m in Sources */ = {isa = PBXBuildFile; fileRef = 96CF13DF1B0FE43F00700062 /* Sentegrity_History_Store.m */; };
		96CF13E41B10BD6600700062 /* ProtectMode.m in Sources */ = {isa = PBXBuildFile; fileRef = 96CF13E31B10BD6600700062 /* ProtectMode.m */; };
		D001745C1A698F930036742D /* main.m in Sources */ = {isa = PBXBuildFile; fileRef = D001745B1A698F930036742D /* main.m */; };
		D001745F1A698F930036742D /* AppDelegate.m in Sources */ = {isa = PBXBuildFile; fileRef = D001745E1A698F930036742D /* AppDelegate.m */; };
		D00174621A698F930036742D /* ViewController.m in Sources */ = {isa = PBXBuildFile; fileRef = D00174611A698F930036742D /* ViewController.m */; };
		D00174651A698F930036742D /* Main.storyboard in Resources */ = {isa = PBXBuildFile; fileRef = D00174631A698F930036742D /* Main.storyboard */; };
		D00174671A698F930036742D /* Images.xcassets in Resources */ = {isa = PBXBuildFile; fileRef = D00174661A698F930036742D /* Images.xcassets */; };
		D001746A1A698F930036742D /* LaunchScreen.xib in Resources */ = {isa = PBXBuildFile; fileRef = D00174681A698F930036742D /* LaunchScreen.xib */; };
		D04216B31A79ADD6001C2F2E /* TrustFactor_Dispatch_File.m in Sources */ = {isa = PBXBuildFile; fileRef = D04216B21A79ADD6001C2F2E /* TrustFactor_Dispatch_File.m */; };
		D04216B61A79AE07001C2F2E /* TrustFactor_Dispatch_Process.m in Sources */ = {isa = PBXBuildFile; fileRef = D04216B51A79AE07001C2F2E /* TrustFactor_Dispatch_Process.m */; };
		D04216B91A79AE1D001C2F2E /* TrustFactor_Dispatch_Netstat.m in Sources */ = {isa = PBXBuildFile; fileRef = D04216B81A79AE1D001C2F2E /* TrustFactor_Dispatch_Netstat.m */; };
		D04216BC1A79AE38001C2F2E /* TrustFactor_Dispatch_Http.m in Sources */ = {isa = PBXBuildFile; fileRef = D04216BB1A79AE38001C2F2E /* TrustFactor_Dispatch_Http.m */; };
		D04216C21A79AE63001C2F2E /* TrustFactor_Dispatch_Sentegrity.m in Sources */ = {isa = PBXBuildFile; fileRef = D04216C11A79AE63001C2F2E /* TrustFactor_Dispatch_Sentegrity.m */; };
		D04216C81A79AEA2001C2F2E /* TrustFactor_Dispatch_Sandbox.m in Sources */ = {isa = PBXBuildFile; fileRef = D04216C71A79AEA2001C2F2E /* TrustFactor_Dispatch_Sandbox.m */; };
		D04216CB1A79AECE001C2F2E /* TrustFactor_Dispatch_Route.m in Sources */ = {isa = PBXBuildFile; fileRef = D04216CA1A79AECE001C2F2E /* TrustFactor_Dispatch_Route.m */; };
		D04216CE1A79AEDC001C2F2E /* TrustFactor_Dispatch_Wifi.m in Sources */ = {isa = PBXBuildFile; fileRef = D04216CD1A79AEDC001C2F2E /* TrustFactor_Dispatch_Wifi.m */; };
		D04216D11A79AEF3001C2F2E /* TrustFactor_Dispatch_Platform.m in Sources */ = {isa = PBXBuildFile; fileRef = D04216D01A79AEF3001C2F2E /* TrustFactor_Dispatch_Platform.m */; };
		D04216D41A79AF0F001C2F2E /* TrustFactor_Dispatch_Time.m in Sources */ = {isa = PBXBuildFile; fileRef = D04216D31A79AF0F001C2F2E /* TrustFactor_Dispatch_Time.m */; };
		D04216D71A79AF19001C2F2E /* TrustFactor_Dispatch_Location.m in Sources */ = {isa = PBXBuildFile; fileRef = D04216D61A79AF19001C2F2E /* TrustFactor_Dispatch_Location.m */; };
		D04216DA1A79AF2F001C2F2E /* TrustFactor_Dispatch_Sensor.m in Sources */ = {isa = PBXBuildFile; fileRef = D04216D91A79AF2F001C2F2E /* TrustFactor_Dispatch_Sensor.m */; };
		D04216DD1A79AF3B001C2F2E /* TrustFactor_Dispatch_Bluetooth.m in Sources */ = {isa = PBXBuildFile; fileRef = D04216DC1A79AF3B001C2F2E /* TrustFactor_Dispatch_Bluetooth.m */; };
		D04216E01A79AF54001C2F2E /* TrustFactor_Dispatch_Scan.m in Sources */ = {isa = PBXBuildFile; fileRef = D04216DF1A79AF54001C2F2E /* TrustFactor_Dispatch_Scan.m */; };
		D04216E31A79AF61001C2F2E /* TrustFactor_Dispatch_Activity.m in Sources */ = {isa = PBXBuildFile; fileRef = D04216E21A79AF61001C2F2E /* TrustFactor_Dispatch_Activity.m */; };
		D05CB92E1A82EE5800F7EC75 /* Sentegrity_TrustFactor.m in Sources */ = {isa = PBXBuildFile; fileRef = D05CB92D1A82EE5800F7EC75 /* Sentegrity_TrustFactor.m */; };
		D05CB9311A82EE7200F7EC75 /* Sentegrity_Subclassification.m in Sources */ = {isa = PBXBuildFile; fileRef = D05CB9301A82EE7200F7EC75 /* Sentegrity_Subclassification.m */; };
/* End PBXBuildFile section */

/* Begin PBXFileReference section */
		0176313A1A869081007BCB05 /* Sentegrity_TrustFactor_Rule.h */ = {isa = PBXFileReference; fileEncoding = 4; lastKnownFileType = sourcecode.c.h; path = Sentegrity_TrustFactor_Rule.h; sourceTree = "<group>"; };
		0176313B1A869081007BCB05 /* Sentegrity_TrustFactor_Rule.m */ = {isa = PBXFileReference; fileEncoding = 4; lastKnownFileType = sourcecode.c.objc; path = Sentegrity_TrustFactor_Rule.m; sourceTree = "<group>"; };
		018581201A7D4D6A00ED2D88 /* Sentegrity_Constants.h */ = {isa = PBXFileReference; lastKnownFileType = sourcecode.c.h; path = Sentegrity_Constants.h; sourceTree = "<group>"; };
		0185812D1A7D5A3400ED2D88 /* Sentegrity_Parser.h */ = {isa = PBXFileReference; fileEncoding = 4; lastKnownFileType = sourcecode.c.h; path = Sentegrity_Parser.h; sourceTree = "<group>"; };
		0185812E1A7D5A3400ED2D88 /* Sentegrity_Parser.m */ = {isa = PBXFileReference; fileEncoding = 4; lastKnownFileType = sourcecode.c.objc; path = Sentegrity_Parser.m; sourceTree = "<group>"; };
		018581301A7D5BBF00ED2D88 /* CoreDetection.h */ = {isa = PBXFileReference; fileEncoding = 4; lastKnownFileType = sourcecode.c.h; path = CoreDetection.h; sourceTree = "<group>"; };
		018581311A7D5BBF00ED2D88 /* CoreDetection.m */ = {isa = PBXFileReference; fileEncoding = 4; lastKnownFileType = sourcecode.c.objc; path = CoreDetection.m; sourceTree = "<group>"; };
		018581341A7D7D2000ED2D88 /* Sentegrity_Policy.h */ = {isa = PBXFileReference; fileEncoding = 4; lastKnownFileType = sourcecode.c.h; path = Sentegrity_Policy.h; sourceTree = "<group>"; };
		018581351A7D7D2000ED2D88 /* Sentegrity_Policy.m */ = {isa = PBXFileReference; fileEncoding = 4; lastKnownFileType = sourcecode.c.objc; path = Sentegrity_Policy.m; sourceTree = "<group>"; };
		018581371A7D808400ED2D88 /* Default_Policy.plist */ = {isa = PBXFileReference; fileEncoding = 4; lastKnownFileType = text.plist.xml; path = Default_Policy.plist; sourceTree = "<group>"; };
		018581391A7D80B500ED2D88 /* Sentegrity.h */ = {isa = PBXFileReference; lastKnownFileType = sourcecode.c.h; path = Sentegrity.h; sourceTree = "<group>"; };
		0185813A1A7D849C00ED2D88 /* Sentegrity_DNEModifiers.h */ = {isa = PBXFileReference; fileEncoding = 4; lastKnownFileType = sourcecode.c.h; path = Sentegrity_DNEModifiers.h; sourceTree = "<group>"; };
		0185813B1A7D849C00ED2D88 /* Sentegrity_DNEModifiers.m */ = {isa = PBXFileReference; fileEncoding = 4; lastKnownFileType = sourcecode.c.objc; path = Sentegrity_DNEModifiers.m; sourceTree = "<group>"; };
		0185813D1A7D9EF500ED2D88 /* Sentegrity_Classification.h */ = {isa = PBXFileReference; fileEncoding = 4; lastKnownFileType = sourcecode.c.h; path = Sentegrity_Classification.h; sourceTree = "<group>"; };
		0185813E1A7D9EF500ED2D88 /* Sentegrity_Classification.m */ = {isa = PBXFileReference; fileEncoding = 4; lastKnownFileType = sourcecode.c.objc; path = Sentegrity_Classification.m; sourceTree = "<group>"; };
		01C787811A86A4E9009E7FEE /* Sentegrity_TrustFactor_Dispatcher.h */ = {isa = PBXFileReference; fileEncoding = 4; lastKnownFileType = sourcecode.c.h; path = Sentegrity_TrustFactor_Dispatcher.h; sourceTree = "<group>"; };
		01C787821A86A4E9009E7FEE /* Sentegrity_TrustFactor_Dispatcher.m */ = {isa = PBXFileReference; fileEncoding = 4; lastKnownFileType = sourcecode.c.objc; path = Sentegrity_TrustFactor_Dispatcher.m; sourceTree = "<group>"; };
		01F0CCFA1A86803F00F3D62E /* default.policy */ = {isa = PBXFileReference; fileEncoding = 4; lastKnownFileType = text; path = default.policy; sourceTree = "<group>"; };
		161D0E47DCF4C6E84D9DB454 /* libPods.a */ = {isa = PBXFileReference; explicitFileType = archive.ar; includeInIndex = 0; path = libPods.a; sourceTree = BUILT_PRODUCTS_DIR; };
		42D4528693679061FEF780A9 /* Pods.debug.xcconfig */ = {isa = PBXFileReference; includeInIndex = 1; lastKnownFileType = text.xcconfig; name = Pods.debug.xcconfig; path = "Pods/Target Support Files/Pods/Pods.debug.xcconfig"; sourceTree = "<group>"; };
		4C06B9B21ADED16600D17CB9 /* Sentegrity_Classification+Computation.h */ = {isa = PBXFileReference; fileEncoding = 4; lastKnownFileType = sourcecode.c.h; path = "Sentegrity_Classification+Computation.h"; sourceTree = "<group>"; };
		4C06B9B31ADED16600D17CB9 /* Sentegrity_Classification+Computation.m */ = {isa = PBXFileReference; fileEncoding = 4; lastKnownFileType = sourcecode.c.objc; path = "Sentegrity_Classification+Computation.m"; sourceTree = "<group>"; };
		4C06B9B51ADED28D00D17CB9 /* Sentegrity_Subclassification+Computation.h */ = {isa = PBXFileReference; fileEncoding = 4; lastKnownFileType = sourcecode.c.h; path = "Sentegrity_Subclassification+Computation.h"; sourceTree = "<group>"; };
		4C06B9B61ADED28D00D17CB9 /* Sentegrity_Subclassification+Computation.m */ = {isa = PBXFileReference; fileEncoding = 4; lastKnownFileType = sourcecode.c.objc; path = "Sentegrity_Subclassification+Computation.m"; sourceTree = "<group>"; };
		4C1C5A451A9E805100257BDF /* Sentegrity_TrustFactor_Storage.h */ = {isa = PBXFileReference; fileEncoding = 4; lastKnownFileType = sourcecode.c.h; path = Sentegrity_TrustFactor_Storage.h; sourceTree = "<group>"; };
		4C1C5A461A9E805100257BDF /* Sentegrity_TrustFactor_Storage.m */ = {isa = PBXFileReference; fileEncoding = 4; lastKnownFileType = sourcecode.c.objc; path = Sentegrity_TrustFactor_Storage.m; sourceTree = "<group>"; };
		4C35F8081A9CE0B800FC6A43 /* Sentegrity_TrustFactor_Output_Object.h */ = {isa = PBXFileReference; fileEncoding = 4; lastKnownFileType = sourcecode.c.h; name = Sentegrity_TrustFactor_Output_Object.h; path = ../../Assertions/Sentegrity_TrustFactor_Output_Object.h; sourceTree = "<group>"; };
		4C35F8091A9CE0B800FC6A43 /* Sentegrity_TrustFactor_Output_Object.m */ = {isa = PBXFileReference; fileEncoding = 4; lastKnownFileType = sourcecode.c.objc; name = Sentegrity_TrustFactor_Output_Object.m; path = ../../Assertions/Sentegrity_TrustFactor_Output_Object.m; sourceTree = "<group>"; };
		4C3AC0E41AD59888009EF3B9 /* Sentegrity_TrustScore_Computation.h */ = {isa = PBXFileReference; fileEncoding = 4; lastKnownFileType = sourcecode.c.h; path = Sentegrity_TrustScore_Computation.h; sourceTree = "<group>"; };
		4C3AC0E51AD59888009EF3B9 /* Sentegrity_TrustScore_Computation.m */ = {isa = PBXFileReference; fileEncoding = 4; lastKnownFileType = sourcecode.c.objc; path = Sentegrity_TrustScore_Computation.m; sourceTree = "<group>"; };
		4CBED84E1A9E5301000A7B42 /* Sentegrity_Assertion_Store.h */ = {isa = PBXFileReference; fileEncoding = 4; lastKnownFileType = sourcecode.c.h; path = Sentegrity_Assertion_Store.h; sourceTree = "<group>"; };
		4CBED84F1A9E5301000A7B42 /* Sentegrity_Assertion_Store.m */ = {isa = PBXFileReference; fileEncoding = 4; lastKnownFileType = sourcecode.c.objc; path = Sentegrity_Assertion_Store.m; sourceTree = "<group>"; };
		4CF091131AA3758100018685 /* Sentegrity_Stored_TrustFactor_Object.h */ = {isa = PBXFileReference; fileEncoding = 4; lastKnownFileType = sourcecode.c.h; path = Sentegrity_Stored_TrustFactor_Object.h; sourceTree = "<group>"; };
		4CF091141AA3758100018685 /* Sentegrity_Stored_TrustFactor_Object.m */ = {isa = PBXFileReference; fileEncoding = 4; lastKnownFileType = sourcecode.c.objc; path = Sentegrity_Stored_TrustFactor_Object.m; sourceTree = "<group>"; };
		83D8080AD7FB8599513DD3B2 /* Pods.release.xcconfig */ = {isa = PBXFileReference; includeInIndex = 1; lastKnownFileType = text.xcconfig; name = Pods.release.xcconfig; path = "Pods/Target Support Files/Pods/Pods.release.xcconfig"; sourceTree = "<group>"; };
		964104A21B0CE0DF0078EE53 /* Sentegrity_Baseline_Analysis.h */ = {isa = PBXFileReference; lastKnownFileType = sourcecode.c.h; name = Sentegrity_Baseline_Analysis.h; path = "Baseline Analysis/Sentegrity_Baseline_Analysis.h"; sourceTree = "<group>"; };
		964104A51B0CE1380078EE53 /* Sentegrity_Baseline_Analysis.m */ = {isa = PBXFileReference; fileEncoding = 4; lastKnownFileType = sourcecode.c.objc; name = Sentegrity_Baseline_Analysis.m; path = "Baseline Analysis/Sentegrity_Baseline_Analysis.m"; sourceTree = "<group>"; };
		96CF13DF1B0FE43F00700062 /* Sentegrity_History_Store.m */ = {isa = PBXFileReference; fileEncoding = 4; lastKnownFileType = sourcecode.c.objc; path = Sentegrity_History_Store.m; sourceTree = "<group>"; };
		96CF13E11B0FE47400700062 /* Sentegrity_History_Store.h */ = {isa = PBXFileReference; lastKnownFileType = sourcecode.c.h; path = Sentegrity_History_Store.h; sourceTree = "<group>"; };
		96CF13E21B10BD1400700062 /* ProtectMode.h */ = {isa = PBXFileReference; lastKnownFileType = sourcecode.c.h; path = ProtectMode.h; sourceTree = "<group>"; };
		96CF13E31B10BD6600700062 /* ProtectMode.m */ = {isa = PBXFileReference; fileEncoding = 4; lastKnownFileType = sourcecode.c.objc; name = ProtectMode.m; path = ../ProtectMode.m; sourceTree = "<group>"; };
		D00174561A698F930036742D /* SenTest.app */ = {isa = PBXFileReference; explicitFileType = wrapper.application; includeInIndex = 0; path = SenTest.app; sourceTree = BUILT_PRODUCTS_DIR; };
		D001745A1A698F930036742D /* Info.plist */ = {isa = PBXFileReference; lastKnownFileType = text.plist.xml; path = Info.plist; sourceTree = "<group>"; };
		D001745B1A698F930036742D /* main.m */ = {isa = PBXFileReference; lastKnownFileType = sourcecode.c.objc; path = main.m; sourceTree = "<group>"; };
		D001745D1A698F930036742D /* AppDelegate.h */ = {isa = PBXFileReference; lastKnownFileType = sourcecode.c.h; path = AppDelegate.h; sourceTree = "<group>"; };
		D001745E1A698F930036742D /* AppDelegate.m */ = {isa = PBXFileReference; lastKnownFileType = sourcecode.c.objc; path = AppDelegate.m; sourceTree = "<group>"; };
		D00174601A698F930036742D /* ViewController.h */ = {isa = PBXFileReference; lastKnownFileType = sourcecode.c.h; path = ViewController.h; sourceTree = "<group>"; };
		D00174611A698F930036742D /* ViewController.m */ = {isa = PBXFileReference; lastKnownFileType = sourcecode.c.objc; path = ViewController.m; sourceTree = "<group>"; };
		D00174641A698F930036742D /* Base */ = {isa = PBXFileReference; lastKnownFileType = file.storyboard; name = Base; path = Base.lproj/Main.storyboard; sourceTree = "<group>"; };
		D00174661A698F930036742D /* Images.xcassets */ = {isa = PBXFileReference; lastKnownFileType = folder.assetcatalog; path = Images.xcassets; sourceTree = "<group>"; };
		D00174691A698F930036742D /* Base */ = {isa = PBXFileReference; lastKnownFileType = file.xib; name = Base; path = Base.lproj/LaunchScreen.xib; sourceTree = "<group>"; };
		D04216B11A79ADD6001C2F2E /* TrustFactor_Dispatch_File.h */ = {isa = PBXFileReference; fileEncoding = 4; lastKnownFileType = sourcecode.c.h; path = TrustFactor_Dispatch_File.h; sourceTree = "<group>"; };
		D04216B21A79ADD6001C2F2E /* TrustFactor_Dispatch_File.m */ = {isa = PBXFileReference; fileEncoding = 4; lastKnownFileType = sourcecode.c.objc; path = TrustFactor_Dispatch_File.m; sourceTree = "<group>"; };
		D04216B41A79AE07001C2F2E /* TrustFactor_Dispatch_Process.h */ = {isa = PBXFileReference; fileEncoding = 4; lastKnownFileType = sourcecode.c.h; path = TrustFactor_Dispatch_Process.h; sourceTree = "<group>"; };
		D04216B51A79AE07001C2F2E /* TrustFactor_Dispatch_Process.m */ = {isa = PBXFileReference; fileEncoding = 4; lastKnownFileType = sourcecode.c.objc; path = TrustFactor_Dispatch_Process.m; sourceTree = "<group>"; };
		D04216B71A79AE1D001C2F2E /* TrustFactor_Dispatch_Netstat.h */ = {isa = PBXFileReference; fileEncoding = 4; lastKnownFileType = sourcecode.c.h; path = TrustFactor_Dispatch_Netstat.h; sourceTree = "<group>"; };
		D04216B81A79AE1D001C2F2E /* TrustFactor_Dispatch_Netstat.m */ = {isa = PBXFileReference; fileEncoding = 4; lastKnownFileType = sourcecode.c.objc; path = TrustFactor_Dispatch_Netstat.m; sourceTree = "<group>"; };
		D04216BA1A79AE38001C2F2E /* TrustFactor_Dispatch_Http.h */ = {isa = PBXFileReference; fileEncoding = 4; lastKnownFileType = sourcecode.c.h; path = TrustFactor_Dispatch_Http.h; sourceTree = "<group>"; };
		D04216BB1A79AE38001C2F2E /* TrustFactor_Dispatch_Http.m */ = {isa = PBXFileReference; fileEncoding = 4; lastKnownFileType = sourcecode.c.objc; path = TrustFactor_Dispatch_Http.m; sourceTree = "<group>"; };
		D04216C01A79AE63001C2F2E /* TrustFactor_Dispatch_Sentegrity.h */ = {isa = PBXFileReference; fileEncoding = 4; lastKnownFileType = sourcecode.c.h; path = TrustFactor_Dispatch_Sentegrity.h; sourceTree = "<group>"; };
		D04216C11A79AE63001C2F2E /* TrustFactor_Dispatch_Sentegrity.m */ = {isa = PBXFileReference; fileEncoding = 4; lastKnownFileType = sourcecode.c.objc; path = TrustFactor_Dispatch_Sentegrity.m; sourceTree = "<group>"; };
		D04216C61A79AEA2001C2F2E /* TrustFactor_Dispatch_Sandbox.h */ = {isa = PBXFileReference; fileEncoding = 4; lastKnownFileType = sourcecode.c.h; path = TrustFactor_Dispatch_Sandbox.h; sourceTree = "<group>"; };
		D04216C71A79AEA2001C2F2E /* TrustFactor_Dispatch_Sandbox.m */ = {isa = PBXFileReference; fileEncoding = 4; lastKnownFileType = sourcecode.c.objc; path = TrustFactor_Dispatch_Sandbox.m; sourceTree = "<group>"; };
		D04216C91A79AECE001C2F2E /* TrustFactor_Dispatch_Route.h */ = {isa = PBXFileReference; fileEncoding = 4; lastKnownFileType = sourcecode.c.h; path = TrustFactor_Dispatch_Route.h; sourceTree = "<group>"; };
		D04216CA1A79AECE001C2F2E /* TrustFactor_Dispatch_Route.m */ = {isa = PBXFileReference; fileEncoding = 4; lastKnownFileType = sourcecode.c.objc; path = TrustFactor_Dispatch_Route.m; sourceTree = "<group>"; };
		D04216CC1A79AEDC001C2F2E /* TrustFactor_Dispatch_Wifi.h */ = {isa = PBXFileReference; fileEncoding = 4; lastKnownFileType = sourcecode.c.h; path = TrustFactor_Dispatch_Wifi.h; sourceTree = "<group>"; };
		D04216CD1A79AEDC001C2F2E /* TrustFactor_Dispatch_Wifi.m */ = {isa = PBXFileReference; fileEncoding = 4; lastKnownFileType = sourcecode.c.objc; path = TrustFactor_Dispatch_Wifi.m; sourceTree = "<group>"; };
		D04216CF1A79AEF3001C2F2E /* TrustFactor_Dispatch_Platform.h */ = {isa = PBXFileReference; fileEncoding = 4; lastKnownFileType = sourcecode.c.h; path = TrustFactor_Dispatch_Platform.h; sourceTree = "<group>"; };
		D04216D01A79AEF3001C2F2E /* TrustFactor_Dispatch_Platform.m */ = {isa = PBXFileReference; fileEncoding = 4; lastKnownFileType = sourcecode.c.objc; path = TrustFactor_Dispatch_Platform.m; sourceTree = "<group>"; };
		D04216D21A79AF0F001C2F2E /* TrustFactor_Dispatch_Time.h */ = {isa = PBXFileReference; fileEncoding = 4; lastKnownFileType = sourcecode.c.h; path = TrustFactor_Dispatch_Time.h; sourceTree = "<group>"; };
		D04216D31A79AF0F001C2F2E /* TrustFactor_Dispatch_Time.m */ = {isa = PBXFileReference; fileEncoding = 4; lastKnownFileType = sourcecode.c.objc; path = TrustFactor_Dispatch_Time.m; sourceTree = "<group>"; };
		D04216D51A79AF19001C2F2E /* TrustFactor_Dispatch_Location.h */ = {isa = PBXFileReference; fileEncoding = 4; lastKnownFileType = sourcecode.c.h; path = TrustFactor_Dispatch_Location.h; sourceTree = "<group>"; };
		D04216D61A79AF19001C2F2E /* TrustFactor_Dispatch_Location.m */ = {isa = PBXFileReference; fileEncoding = 4; lastKnownFileType = sourcecode.c.objc; path = TrustFactor_Dispatch_Location.m; sourceTree = "<group>"; };
		D04216D81A79AF2F001C2F2E /* TrustFactor_Dispatch_Sensor.h */ = {isa = PBXFileReference; fileEncoding = 4; lastKnownFileType = sourcecode.c.h; path = TrustFactor_Dispatch_Sensor.h; sourceTree = "<group>"; };
		D04216D91A79AF2F001C2F2E /* TrustFactor_Dispatch_Sensor.m */ = {isa = PBXFileReference; fileEncoding = 4; lastKnownFileType = sourcecode.c.objc; path = TrustFactor_Dispatch_Sensor.m; sourceTree = "<group>"; };
		D04216DB1A79AF3B001C2F2E /* TrustFactor_Dispatch_Bluetooth.h */ = {isa = PBXFileReference; fileEncoding = 4; lastKnownFileType = sourcecode.c.h; path = TrustFactor_Dispatch_Bluetooth.h; sourceTree = "<group>"; };
		D04216DC1A79AF3B001C2F2E /* TrustFactor_Dispatch_Bluetooth.m */ = {isa = PBXFileReference; fileEncoding = 4; lastKnownFileType = sourcecode.c.objc; path = TrustFactor_Dispatch_Bluetooth.m; sourceTree = "<group>"; };
		D04216DE1A79AF54001C2F2E /* TrustFactor_Dispatch_Scan.h */ = {isa = PBXFileReference; fileEncoding = 4; lastKnownFileType = sourcecode.c.h; path = TrustFactor_Dispatch_Scan.h; sourceTree = "<group>"; };
		D04216DF1A79AF54001C2F2E /* TrustFactor_Dispatch_Scan.m */ = {isa = PBXFileReference; fileEncoding = 4; lastKnownFileType = sourcecode.c.objc; path = TrustFactor_Dispatch_Scan.m; sourceTree = "<group>"; };
		D04216E11A79AF61001C2F2E /* TrustFactor_Dispatch_Activity.h */ = {isa = PBXFileReference; fileEncoding = 4; lastKnownFileType = sourcecode.c.h; path = TrustFactor_Dispatch_Activity.h; sourceTree = "<group>"; };
		D04216E21A79AF61001C2F2E /* TrustFactor_Dispatch_Activity.m */ = {isa = PBXFileReference; fileEncoding = 4; lastKnownFileType = sourcecode.c.objc; path = TrustFactor_Dispatch_Activity.m; sourceTree = "<group>"; };
		D05CB92C1A82EE5800F7EC75 /* Sentegrity_TrustFactor.h */ = {isa = PBXFileReference; fileEncoding = 4; lastKnownFileType = sourcecode.c.h; path = Sentegrity_TrustFactor.h; sourceTree = "<group>"; };
		D05CB92D1A82EE5800F7EC75 /* Sentegrity_TrustFactor.m */ = {isa = PBXFileReference; fileEncoding = 4; lastKnownFileType = sourcecode.c.objc; path = Sentegrity_TrustFactor.m; sourceTree = "<group>"; };
		D05CB92F1A82EE7200F7EC75 /* Sentegrity_Subclassification.h */ = {isa = PBXFileReference; fileEncoding = 4; lastKnownFileType = sourcecode.c.h; path = Sentegrity_Subclassification.h; sourceTree = "<group>"; };
		D05CB9301A82EE7200F7EC75 /* Sentegrity_Subclassification.m */ = {isa = PBXFileReference; fileEncoding = 4; lastKnownFileType = sourcecode.c.objc; path = Sentegrity_Subclassification.m; sourceTree = "<group>"; };
/* End PBXFileReference section */

/* Begin PBXFrameworksBuildPhase section */
		D00174531A698F930036742D /* Frameworks */ = {
			isa = PBXFrameworksBuildPhase;
			buildActionMask = 2147483647;
			files = (
				1250C4CCF062387C9D87EEA9 /* libPods.a in Frameworks */,
			);
			runOnlyForDeploymentPostprocessing = 0;
		};
/* End PBXFrameworksBuildPhase section */

/* Begin PBXGroup section */
		01485BEF7462F3B49BC6E1C2 /* Frameworks */ = {
			isa = PBXGroup;
			children = (
				161D0E47DCF4C6E84D9DB454 /* libPods.a */,
			);
			name = Frameworks;
			sourceTree = "<group>";
		};
		017631331A868F94007BCB05 /* Sentegrity Policy */ = {
			isa = PBXGroup;
			children = (
				018581341A7D7D2000ED2D88 /* Sentegrity_Policy.h */,
				018581351A7D7D2000ED2D88 /* Sentegrity_Policy.m */,
				017631351A868FB8007BCB05 /* DNE Modifiers */,
				017631361A868FC7007BCB05 /* Classification */,
				017631371A868FD0007BCB05 /* Subclassification */,
				017631381A868FD8007BCB05 /* TrustFactor */,
			);
			path = "Sentegrity Policy";
			sourceTree = "<group>";
		};
		017631341A868FAA007BCB05 /* Parser */ = {
			isa = PBXGroup;
			children = (
				0185812D1A7D5A3400ED2D88 /* Sentegrity_Parser.h */,
				0185812E1A7D5A3400ED2D88 /* Sentegrity_Parser.m */,
			);
			path = Parser;
			sourceTree = "<group>";
		};
		017631351A868FB8007BCB05 /* DNE Modifiers */ = {
			isa = PBXGroup;
			children = (
				0185813A1A7D849C00ED2D88 /* Sentegrity_DNEModifiers.h */,
				0185813B1A7D849C00ED2D88 /* Sentegrity_DNEModifiers.m */,
			);
			path = "DNE Modifiers";
			sourceTree = "<group>";
		};
		017631361A868FC7007BCB05 /* Classification */ = {
			isa = PBXGroup;
			children = (
				0185813D1A7D9EF500ED2D88 /* Sentegrity_Classification.h */,
				0185813E1A7D9EF500ED2D88 /* Sentegrity_Classification.m */,
			);
			path = Classification;
			sourceTree = "<group>";
		};
		017631371A868FD0007BCB05 /* Subclassification */ = {
			isa = PBXGroup;
			children = (
				D05CB92F1A82EE7200F7EC75 /* Sentegrity_Subclassification.h */,
				D05CB9301A82EE7200F7EC75 /* Sentegrity_Subclassification.m */,
			);
			path = Subclassification;
			sourceTree = "<group>";
		};
		017631381A868FD8007BCB05 /* TrustFactor */ = {
			isa = PBXGroup;
			children = (
				D05CB92C1A82EE5800F7EC75 /* Sentegrity_TrustFactor.h */,
				D05CB92D1A82EE5800F7EC75 /* Sentegrity_TrustFactor.m */,
			);
			path = TrustFactor;
			sourceTree = "<group>";
		};
		017631391A868FE3007BCB05 /* Sample Policies */ = {
			isa = PBXGroup;
			children = (
				961EBF621B17A6F0005770FD /* Old */,
				01F0CCFA1A86803F00F3D62E /* default.policy */,
			);
			path = "Sample Policies";
			sourceTree = "<group>";
		};
		0176313D1A86909B007BCB05 /* Rules */ = {
			isa = PBXGroup;
			children = (
				D04216B11A79ADD6001C2F2E /* TrustFactor_Dispatch_File.h */,
				D04216B21A79ADD6001C2F2E /* TrustFactor_Dispatch_File.m */,
				D04216B41A79AE07001C2F2E /* TrustFactor_Dispatch_Process.h */,
				D04216B51A79AE07001C2F2E /* TrustFactor_Dispatch_Process.m */,
				D04216B71A79AE1D001C2F2E /* TrustFactor_Dispatch_Netstat.h */,
				D04216B81A79AE1D001C2F2E /* TrustFactor_Dispatch_Netstat.m */,
				D04216C61A79AEA2001C2F2E /* TrustFactor_Dispatch_Sandbox.h */,
				D04216C71A79AEA2001C2F2E /* TrustFactor_Dispatch_Sandbox.m */,
				D04216BA1A79AE38001C2F2E /* TrustFactor_Dispatch_Http.h */,
				D04216BB1A79AE38001C2F2E /* TrustFactor_Dispatch_Http.m */,
				D04216C01A79AE63001C2F2E /* TrustFactor_Dispatch_Sentegrity.h */,
				D04216C11A79AE63001C2F2E /* TrustFactor_Dispatch_Sentegrity.m */,
				D04216CC1A79AEDC001C2F2E /* TrustFactor_Dispatch_Wifi.h */,
				D04216CD1A79AEDC001C2F2E /* TrustFactor_Dispatch_Wifi.m */,
				D04216CF1A79AEF3001C2F2E /* TrustFactor_Dispatch_Platform.h */,
				D04216D01A79AEF3001C2F2E /* TrustFactor_Dispatch_Platform.m */,
				D04216D21A79AF0F001C2F2E /* TrustFactor_Dispatch_Time.h */,
				D04216D31A79AF0F001C2F2E /* TrustFactor_Dispatch_Time.m */,
				D04216D51A79AF19001C2F2E /* TrustFactor_Dispatch_Location.h */,
				D04216D61A79AF19001C2F2E /* TrustFactor_Dispatch_Location.m */,
				D04216D81A79AF2F001C2F2E /* TrustFactor_Dispatch_Sensor.h */,
				D04216D91A79AF2F001C2F2E /* TrustFactor_Dispatch_Sensor.m */,
				D04216DB1A79AF3B001C2F2E /* TrustFactor_Dispatch_Bluetooth.h */,
				D04216DC1A79AF3B001C2F2E /* TrustFactor_Dispatch_Bluetooth.m */,
				D04216DE1A79AF54001C2F2E /* TrustFactor_Dispatch_Scan.h */,
				D04216DF1A79AF54001C2F2E /* TrustFactor_Dispatch_Scan.m */,
				D04216E11A79AF61001C2F2E /* TrustFactor_Dispatch_Activity.h */,
				D04216E21A79AF61001C2F2E /* TrustFactor_Dispatch_Activity.m */,
				D04216C91A79AECE001C2F2E /* TrustFactor_Dispatch_Route.h */,
				D04216CA1A79AECE001C2F2E /* TrustFactor_Dispatch_Route.m */,
			);
			path = Rules;
			sourceTree = "<group>";
		};
		0185811F1A7D4CA900ED2D88 /* Dispatch */ = {
			isa = PBXGroup;
			children = (
				01C787811A86A4E9009E7FEE /* Sentegrity_TrustFactor_Dispatcher.h */,
				01C787821A86A4E9009E7FEE /* Sentegrity_TrustFactor_Dispatcher.m */,
				4C09607D1A9BBBE2008AFF4F /* TrustFactors */,
			);
			path = Dispatch;
			sourceTree = "<group>";
		};
		018581331A7D5CC500ED2D88 /* Sentegrity */ = {
			isa = PBXGroup;
			children = (
				96CF13DE1B0FE3C100700062 /* History */,
				018581391A7D80B500ED2D88 /* Sentegrity.h */,
				96CF13E21B10BD1400700062 /* ProtectMode.h */,
				96CF13E31B10BD6600700062 /* ProtectMode.m */,
				018581201A7D4D6A00ED2D88 /* Sentegrity_Constants.h */,
				018581301A7D5BBF00ED2D88 /* CoreDetection.h */,
				018581311A7D5BBF00ED2D88 /* CoreDetection.m */,
				964104A41B0CE10A0078EE53 /* Baseline Analysis */,
				4C3AC0E31AD59872009EF3B9 /* TrustScore Computation */,
				4CBED8511A9E5305000A7B42 /* Assertion Storage */,
				0185811F1A7D4CA900ED2D88 /* Dispatch */,
				017631341A868FAA007BCB05 /* Parser */,
				017631331A868F94007BCB05 /* Sentegrity Policy */,
				017631391A868FE3007BCB05 /* Sample Policies */,
			);
			path = Sentegrity;
			sourceTree = "<group>";
		};
		455A9CB911A6988D9D20C481 /* Pods */ = {
			isa = PBXGroup;
			children = (
				42D4528693679061FEF780A9 /* Pods.debug.xcconfig */,
				83D8080AD7FB8599513DD3B2 /* Pods.release.xcconfig */,
			);
			name = Pods;
			sourceTree = "<group>";
		};
		4C09607D1A9BBBE2008AFF4F /* TrustFactors */ = {
			isa = PBXGroup;
			children = (
				4C35F8081A9CE0B800FC6A43 /* Sentegrity_TrustFactor_Output_Object.h */,
				4C35F8091A9CE0B800FC6A43 /* Sentegrity_TrustFactor_Output_Object.m */,
				0176313A1A869081007BCB05 /* Sentegrity_TrustFactor_Rule.h */,
				0176313B1A869081007BCB05 /* Sentegrity_TrustFactor_Rule.m */,
				0176313D1A86909B007BCB05 /* Rules */,
			);
			path = TrustFactors;
			sourceTree = "<group>";
		};
		4C3AC0E31AD59872009EF3B9 /* TrustScore Computation */ = {
			isa = PBXGroup;
			children = (
				4C3AC0E41AD59888009EF3B9 /* Sentegrity_TrustScore_Computation.h */,
				4C3AC0E51AD59888009EF3B9 /* Sentegrity_TrustScore_Computation.m */,
				4C06B9B21ADED16600D17CB9 /* Sentegrity_Classification+Computation.h */,
				4C06B9B31ADED16600D17CB9 /* Sentegrity_Classification+Computation.m */,
				4C06B9B51ADED28D00D17CB9 /* Sentegrity_Subclassification+Computation.h */,
				4C06B9B61ADED28D00D17CB9 /* Sentegrity_Subclassification+Computation.m */,
			);
			path = "TrustScore Computation";
			sourceTree = "<group>";
		};
		4CBED8511A9E5305000A7B42 /* Assertion Storage */ = {
			isa = PBXGroup;
			children = (
				4C1C5A451A9E805100257BDF /* Sentegrity_TrustFactor_Storage.h */,
				4C1C5A461A9E805100257BDF /* Sentegrity_TrustFactor_Storage.m */,
				4CBED84E1A9E5301000A7B42 /* Sentegrity_Assertion_Store.h */,
				4CBED84F1A9E5301000A7B42 /* Sentegrity_Assertion_Store.m */,
				4CF091131AA3758100018685 /* Sentegrity_Stored_TrustFactor_Object.h */,
				4CF091141AA3758100018685 /* Sentegrity_Stored_TrustFactor_Object.m */,
			);
			path = "Assertion Storage";
			sourceTree = "<group>";
		};
		961EBF621B17A6F0005770FD /* Old */ = {
			isa = PBXGroup;
			children = (
				018581371A7D808400ED2D88 /* Default_Policy.plist */,
			);
			name = Old;
			sourceTree = "<group>";
		};
		964104A41B0CE10A0078EE53 /* Baseline Analysis */ = {
			isa = PBXGroup;
			children = (
				964104A21B0CE0DF0078EE53 /* Sentegrity_Baseline_Analysis.h */,
				964104A51B0CE1380078EE53 /* Sentegrity_Baseline_Analysis.m */,
			);
			name = "Baseline Analysis";
			sourceTree = "<group>";
		};
		96CF13DE1B0FE3C100700062 /* History */ = {
			isa = PBXGroup;
			children = (
				96CF13DF1B0FE43F00700062 /* Sentegrity_History_Store.m */,
				96CF13E11B0FE47400700062 /* Sentegrity_History_Store.h */,
			);
			name = History;
			sourceTree = "<group>";
		};
		D001744D1A698F930036742D = {
			isa = PBXGroup;
			children = (
				D00174581A698F930036742D /* SenTest */,
				455A9CB911A6988D9D20C481 /* Pods */,
				01485BEF7462F3B49BC6E1C2 /* Frameworks */,
				D00174571A698F930036742D /* Products */,
			);
			sourceTree = "<group>";
		};
		D00174571A698F930036742D /* Products */ = {
			isa = PBXGroup;
			children = (
				D00174561A698F930036742D /* SenTest.app */,
			);
			name = Products;
			sourceTree = "<group>";
		};
		D00174581A698F930036742D /* SenTest */ = {
			isa = PBXGroup;
			children = (
				D001745D1A698F930036742D /* AppDelegate.h */,
				D001745E1A698F930036742D /* AppDelegate.m */,
				D00174601A698F930036742D /* ViewController.h */,
				D00174611A698F930036742D /* ViewController.m */,
				018581331A7D5CC500ED2D88 /* Sentegrity */,
				D00174591A698F930036742D /* Supporting Files */,
			);
			path = SenTest;
			sourceTree = "<group>";
		};
		D00174591A698F930036742D /* Supporting Files */ = {
			isa = PBXGroup;
			children = (
				D00174631A698F930036742D /* Main.storyboard */,
				D00174661A698F930036742D /* Images.xcassets */,
				D00174681A698F930036742D /* LaunchScreen.xib */,
				D001745A1A698F930036742D /* Info.plist */,
				D001745B1A698F930036742D /* main.m */,
			);
			path = "Supporting Files";
			sourceTree = "<group>";
		};
/* End PBXGroup section */

/* Begin PBXNativeTarget section */
		D00174551A698F930036742D /* SenTest */ = {
			isa = PBXNativeTarget;
			buildConfigurationList = D00174791A698F930036742D /* Build configuration list for PBXNativeTarget "SenTest" */;
			buildPhases = (
				4CEE2421224E42EB707986B7 /* Check Pods Manifest.lock */,
				D00174521A698F930036742D /* Sources */,
				D00174531A698F930036742D /* Frameworks */,
				D00174541A698F930036742D /* Resources */,
				B699D3943777DC101DA962CA /* Copy Pods Resources */,
			);
			buildRules = (
			);
			dependencies = (
			);
			name = SenTest;
			productName = SenTest;
			productReference = D00174561A698F930036742D /* SenTest.app */;
			productType = "com.apple.product-type.application";
		};
/* End PBXNativeTarget section */

/* Begin PBXProject section */
		D001744E1A698F930036742D /* Project object */ = {
			isa = PBXProject;
			attributes = {
				LastUpgradeCheck = 0610;
				ORGANIZATIONNAME = "Walid Javed";
				TargetAttributes = {
					D00174551A698F930036742D = {
						CreatedOnToolsVersion = 6.1.1;
					};
				};
			};
			buildConfigurationList = D00174511A698F930036742D /* Build configuration list for PBXProject "SenTest" */;
			compatibilityVersion = "Xcode 3.2";
			developmentRegion = English;
			hasScannedForEncodings = 0;
			knownRegions = (
				en,
				Base,
			);
			mainGroup = D001744D1A698F930036742D;
			productRefGroup = D00174571A698F930036742D /* Products */;
			projectDirPath = "";
			projectRoot = "";
			targets = (
				D00174551A698F930036742D /* SenTest */,
			);
		};
/* End PBXProject section */

/* Begin PBXResourcesBuildPhase section */
		D00174541A698F930036742D /* Resources */ = {
			isa = PBXResourcesBuildPhase;
			buildActionMask = 2147483647;
			files = (
				D00174651A698F930036742D /* Main.storyboard in Resources */,
				D001746A1A698F930036742D /* LaunchScreen.xib in Resources */,
				01F0CCFB1A86803F00F3D62E /* default.policy in Resources */,
				D00174671A698F930036742D /* Images.xcassets in Resources */,
			);
			runOnlyForDeploymentPostprocessing = 0;
		};
/* End PBXResourcesBuildPhase section */

/* Begin PBXShellScriptBuildPhase section */
		4CEE2421224E42EB707986B7 /* Check Pods Manifest.lock */ = {
			isa = PBXShellScriptBuildPhase;
			buildActionMask = 2147483647;
			files = (
			);
			inputPaths = (
			);
			name = "Check Pods Manifest.lock";
			outputPaths = (
			);
			runOnlyForDeploymentPostprocessing = 0;
			shellPath = /bin/sh;
			shellScript = "diff \"${PODS_ROOT}/../Podfile.lock\" \"${PODS_ROOT}/Manifest.lock\" > /dev/null\nif [[ $? != 0 ]] ; then\n    cat << EOM\nerror: The sandbox is not in sync with the Podfile.lock. Run 'pod install' or update your CocoaPods installation.\nEOM\n    exit 1\nfi\n";
			showEnvVarsInLog = 0;
		};
		B699D3943777DC101DA962CA /* Copy Pods Resources */ = {
			isa = PBXShellScriptBuildPhase;
			buildActionMask = 2147483647;
			files = (
			);
			inputPaths = (
			);
			name = "Copy Pods Resources";
			outputPaths = (
			);
			runOnlyForDeploymentPostprocessing = 0;
			shellPath = /bin/sh;
			shellScript = "\"${SRCROOT}/Pods/Target Support Files/Pods/Pods-resources.sh\"\n";
			showEnvVarsInLog = 0;
		};
/* End PBXShellScriptBuildPhase section */

/* Begin PBXSourcesBuildPhase section */
		D00174521A698F930036742D /* Sources */ = {
			isa = PBXSourcesBuildPhase;
			buildActionMask = 2147483647;
			files = (
				D04216E01A79AF54001C2F2E /* TrustFactor_Dispatch_Scan.m in Sources */,
				01C787831A86A4E9009E7FEE /* Sentegrity_TrustFactor_Dispatcher.m in Sources */,
				964104A61B0CE1380078EE53 /* Sentegrity_Baseline_Analysis.m in Sources */,
				0176313C1A869081007BCB05 /* Sentegrity_TrustFactor_Rule.m in Sources */,
				D04216D11A79AEF3001C2F2E /* TrustFactor_Dispatch_Platform.m in Sources */,
				4CF091151AA3758100018685 /* Sentegrity_Stored_TrustFactor_Object.m in Sources */,
				4C06B9B41ADED16600D17CB9 /* Sentegrity_Classification+Computation.m in Sources */,
				D04216D71A79AF19001C2F2E /* TrustFactor_Dispatch_Location.m in Sources */,
				D00174621A698F930036742D /* ViewController.m in Sources */,
				96CF13E41B10BD6600700062 /* ProtectMode.m in Sources */,
				D04216BC1A79AE38001C2F2E /* TrustFactor_Dispatch_Http.m in Sources */,
				D04216B91A79AE1D001C2F2E /* TrustFactor_Dispatch_Netstat.m in Sources */,
				018581361A7D7D2000ED2D88 /* Sentegrity_Policy.m in Sources */,
				D04216B31A79ADD6001C2F2E /* TrustFactor_Dispatch_File.m in Sources */,
				D04216CB1A79AECE001C2F2E /* TrustFactor_Dispatch_Route.m in Sources */,
				4C35F80A1A9CE0B800FC6A43 /* Sentegrity_TrustFactor_Output_Object.m in Sources */,
				D04216C21A79AE63001C2F2E /* TrustFactor_Dispatch_Sentegrity.m in Sources */,
				96CF13E01B0FE43F00700062 /* Sentegrity_History_Store.m in Sources */,
				D04216E31A79AF61001C2F2E /* TrustFactor_Dispatch_Activity.m in Sources */,
				D001745F1A698F930036742D /* AppDelegate.m in Sources */,
				D04216DD1A79AF3B001C2F2E /* TrustFactor_Dispatch_Bluetooth.m in Sources */,
				D04216CE1A79AEDC001C2F2E /* TrustFactor_Dispatch_Wifi.m in Sources */,
				4C1C5A471A9E805100257BDF /* Sentegrity_TrustFactor_Storage.m in Sources */,
				0185813C1A7D849C00ED2D88 /* Sentegrity_DNEModifiers.m in Sources */,
				D001745C1A698F930036742D /* main.m in Sources */,
				D05CB92E1A82EE5800F7EC75 /* Sentegrity_TrustFactor.m in Sources */,
				4C3AC0E61AD59888009EF3B9 /* Sentegrity_TrustScore_Computation.m in Sources */,
				4CBED8501A9E5301000A7B42 /* Sentegrity_Assertion_Store.m in Sources */,
				D05CB9311A82EE7200F7EC75 /* Sentegrity_Subclassification.m in Sources */,
				018581321A7D5BBF00ED2D88 /* CoreDetection.m in Sources */,
				D04216DA1A79AF2F001C2F2E /* TrustFactor_Dispatch_Sensor.m in Sources */,
				D04216C81A79AEA2001C2F2E /* TrustFactor_Dispatch_Sandbox.m in Sources */,
				D04216D41A79AF0F001C2F2E /* TrustFactor_Dispatch_Time.m in Sources */,
				0185812F1A7D5A3400ED2D88 /* Sentegrity_Parser.m in Sources */,
				4C06B9B71ADED28D00D17CB9 /* Sentegrity_Subclassification+Computation.m in Sources */,
				D04216B61A79AE07001C2F2E /* TrustFactor_Dispatch_Process.m in Sources */,
				0185813F1A7D9EF500ED2D88 /* Sentegrity_Classification.m in Sources */,
			);
			runOnlyForDeploymentPostprocessing = 0;
		};
/* End PBXSourcesBuildPhase section */

/* Begin PBXVariantGroup section */
		D00174631A698F930036742D /* Main.storyboard */ = {
			isa = PBXVariantGroup;
			children = (
				D00174641A698F930036742D /* Base */,
			);
			name = Main.storyboard;
			path = .;
			sourceTree = "<group>";
		};
		D00174681A698F930036742D /* LaunchScreen.xib */ = {
			isa = PBXVariantGroup;
			children = (
				D00174691A698F930036742D /* Base */,
			);
			name = LaunchScreen.xib;
			path = .;
			sourceTree = "<group>";
		};
/* End PBXVariantGroup section */

/* Begin XCBuildConfiguration section */
		D00174771A698F930036742D /* Debug */ = {
			isa = XCBuildConfiguration;
			buildSettings = {
				ALWAYS_SEARCH_USER_PATHS = NO;
				CLANG_CXX_LANGUAGE_STANDARD = "gnu++0x";
				CLANG_CXX_LIBRARY = "libc++";
				CLANG_ENABLE_MODULES = YES;
				CLANG_ENABLE_OBJC_ARC = YES;
				CLANG_WARN_BOOL_CONVERSION = YES;
				CLANG_WARN_CONSTANT_CONVERSION = YES;
				CLANG_WARN_DIRECT_OBJC_ISA_USAGE = YES_ERROR;
				CLANG_WARN_EMPTY_BODY = YES;
				CLANG_WARN_ENUM_CONVERSION = YES;
				CLANG_WARN_INT_CONVERSION = YES;
				CLANG_WARN_OBJC_ROOT_CLASS = YES_ERROR;
				CLANG_WARN_UNREACHABLE_CODE = YES;
				CLANG_WARN__DUPLICATE_METHOD_MATCH = YES;
				"CODE_SIGN_IDENTITY[sdk=iphoneos*]" = "iPhone Developer";
				COPY_PHASE_STRIP = NO;
				ENABLE_STRICT_OBJC_MSGSEND = YES;
				GCC_C_LANGUAGE_STANDARD = gnu99;
				GCC_DYNAMIC_NO_PIC = NO;
				GCC_OPTIMIZATION_LEVEL = 0;
				GCC_PRECOMPILE_PREFIX_HEADER = NO;
				GCC_PREFIX_HEADER = "";
				GCC_PREPROCESSOR_DEFINITIONS = (
					"DEBUG=1",
					"$(inherited)",
				);
				GCC_SYMBOLS_PRIVATE_EXTERN = NO;
				GCC_WARN_64_TO_32_BIT_CONVERSION = YES;
				GCC_WARN_ABOUT_RETURN_TYPE = YES_ERROR;
				GCC_WARN_UNDECLARED_SELECTOR = YES;
				GCC_WARN_UNINITIALIZED_AUTOS = YES_AGGRESSIVE;
				GCC_WARN_UNUSED_FUNCTION = YES;
				GCC_WARN_UNUSED_VARIABLE = YES;
				IPHONEOS_DEPLOYMENT_TARGET = 8.0;
				MTL_ENABLE_DEBUG_INFO = YES;
				ONLY_ACTIVE_ARCH = YES;
				SDKROOT = iphoneos;
				TARGETED_DEVICE_FAMILY = "1,2";
			};
			name = Debug;
		};
		D00174781A698F930036742D /* Release */ = {
			isa = XCBuildConfiguration;
			buildSettings = {
				ALWAYS_SEARCH_USER_PATHS = NO;
				CLANG_CXX_LANGUAGE_STANDARD = "gnu++0x";
				CLANG_CXX_LIBRARY = "libc++";
				CLANG_ENABLE_MODULES = YES;
				CLANG_ENABLE_OBJC_ARC = YES;
				CLANG_WARN_BOOL_CONVERSION = YES;
				CLANG_WARN_CONSTANT_CONVERSION = YES;
				CLANG_WARN_DIRECT_OBJC_ISA_USAGE = YES_ERROR;
				CLANG_WARN_EMPTY_BODY = YES;
				CLANG_WARN_ENUM_CONVERSION = YES;
				CLANG_WARN_INT_CONVERSION = YES;
				CLANG_WARN_OBJC_ROOT_CLASS = YES_ERROR;
				CLANG_WARN_UNREACHABLE_CODE = YES;
				CLANG_WARN__DUPLICATE_METHOD_MATCH = YES;
				"CODE_SIGN_IDENTITY[sdk=iphoneos*]" = "iPhone Developer";
				COPY_PHASE_STRIP = YES;
				ENABLE_NS_ASSERTIONS = NO;
				ENABLE_STRICT_OBJC_MSGSEND = YES;
				GCC_C_LANGUAGE_STANDARD = gnu99;
				GCC_PRECOMPILE_PREFIX_HEADER = NO;
				GCC_PREFIX_HEADER = "";
				GCC_WARN_64_TO_32_BIT_CONVERSION = YES;
				GCC_WARN_ABOUT_RETURN_TYPE = YES_ERROR;
				GCC_WARN_UNDECLARED_SELECTOR = YES;
				GCC_WARN_UNINITIALIZED_AUTOS = YES_AGGRESSIVE;
				GCC_WARN_UNUSED_FUNCTION = YES;
				GCC_WARN_UNUSED_VARIABLE = YES;
				IPHONEOS_DEPLOYMENT_TARGET = 8.0;
				MTL_ENABLE_DEBUG_INFO = NO;
				SDKROOT = iphoneos;
				TARGETED_DEVICE_FAMILY = "1,2";
				VALIDATE_PRODUCT = YES;
			};
			name = Release;
		};
		D001747A1A698F930036742D /* Debug */ = {
			isa = XCBuildConfiguration;
			baseConfigurationReference = 42D4528693679061FEF780A9 /* Pods.debug.xcconfig */;
			buildSettings = {
				ASSETCATALOG_COMPILER_APPICON_NAME = AppIcon;
				GCC_PRECOMPILE_PREFIX_HEADER = NO;
				GCC_PREFIX_HEADER = "";
				GCC_WARN_INHIBIT_ALL_WARNINGS = NO;
				INFOPLIST_FILE = "SenTest/Supporting Files/Info.plist";
				IPHONEOS_DEPLOYMENT_TARGET = 6.0;
				LD_RUNPATH_SEARCH_PATHS = "$(inherited) @executable_path/Frameworks";
				PRODUCT_NAME = "$(TARGET_NAME)";
			};
			name = Debug;
		};
		D001747B1A698F930036742D /* Release */ = {
			isa = XCBuildConfiguration;
			baseConfigurationReference = 83D8080AD7FB8599513DD3B2 /* Pods.release.xcconfig */;
			buildSettings = {
				ASSETCATALOG_COMPILER_APPICON_NAME = AppIcon;
				GCC_PRECOMPILE_PREFIX_HEADER = NO;
				GCC_PREFIX_HEADER = "";
				GCC_WARN_INHIBIT_ALL_WARNINGS = NO;
				INFOPLIST_FILE = "SenTest/Supporting Files/Info.plist";
				IPHONEOS_DEPLOYMENT_TARGET = 6.0;
				LD_RUNPATH_SEARCH_PATHS = "$(inherited) @executable_path/Frameworks";
				PRODUCT_NAME = "$(TARGET_NAME)";
			};
			name = Release;
		};
/* End XCBuildConfiguration section */

/* Begin XCConfigurationList section */
		D00174511A698F930036742D /* Build configuration list for PBXProject "SenTest" */ = {
			isa = XCConfigurationList;
			buildConfigurations = (
				D00174771A698F930036742D /* Debug */,
				D00174781A698F930036742D /* Release */,
			);
			defaultConfigurationIsVisible = 0;
			defaultConfigurationName = Release;
		};
		D00174791A698F930036742D /* Build configuration list for PBXNativeTarget "SenTest" */ = {
			isa = XCConfigurationList;
			buildConfigurations = (
				D001747A1A698F930036742D /* Debug */,
				D001747B1A698F930036742D /* Release */,
			);
			defaultConfigurationIsVisible = 0;
			defaultConfigurationName = Release;
		};
/* End XCConfigurationList section */
	};
	rootObject = D001744E1A698F930036742D /* Project object */;
}
